PODS:
  - Alamofire (4.6.0)
  - FreakingSimpleRoundImageView (1.0.0)
  - Swinject (2.1.1)
  - SwinjectStoryboard (1.1.2):
    - Swinject (~> 2.1)

DEPENDENCIES:
  - Alamofire
  - FreakingSimpleRoundImageView
  - Swinject
  - SwinjectStoryboard

SPEC CHECKSUMS:
  Alamofire: f41a599bd63041760b26d393ec1069d9d7b917f4
  FreakingSimpleRoundImageView: aa7879307e21922d4a25923ef858539ec6ec8c05
  Swinject: afea49fd95f392b41171669f165842879c48fad6
  SwinjectStoryboard: 92e75763c3299cdf627bef98a5180dc894864336

PODFILE CHECKSUM: 9c5f942957a7a454171915dbb79a108a011d6d1b

COCOAPODS: 1.3.1
