// !$*UTF8*$!
{
	archiveVersion = 1;
	classes = {
	};
	objectVersion = 48;
	objects = {

/* Begin PBXBuildFile section */
		277464D6A8CD29063957345F /* Pods_Adamant_ios.framework in Frameworks */ = {isa = PBXBuildFile; fileRef = D1311CE46EB635FFC95BFEF4 /* Pods_Adamant_ios.framework */; };
		E913C8F21FFFA51D001A83F7 /* AppDelegate.swift in Sources */ = {isa = PBXBuildFile; fileRef = E913C8F11FFFA51D001A83F7 /* AppDelegate.swift */; };
		E913C8F41FFFA51D001A83F7 /* ViewController.swift in Sources */ = {isa = PBXBuildFile; fileRef = E913C8F31FFFA51D001A83F7 /* ViewController.swift */; };
		E913C8F71FFFA51D001A83F7 /* Main.storyboard in Resources */ = {isa = PBXBuildFile; fileRef = E913C8F51FFFA51D001A83F7 /* Main.storyboard */; };
		E913C8F91FFFA51D001A83F7 /* Assets.xcassets in Resources */ = {isa = PBXBuildFile; fileRef = E913C8F81FFFA51D001A83F7 /* Assets.xcassets */; };
		E913C8FC1FFFA51D001A83F7 /* LaunchScreen.storyboard in Resources */ = {isa = PBXBuildFile; fileRef = E913C8FA1FFFA51D001A83F7 /* LaunchScreen.storyboard */; };
/* End PBXBuildFile section */

/* Begin PBXFileReference section */
		871009461457F6B7B47D99C5 /* Pods-Adamant-ios.debug.xcconfig */ = {isa = PBXFileReference; includeInIndex = 1; lastKnownFileType = text.xcconfig; name = "Pods-Adamant-ios.debug.xcconfig"; path = "Pods/Target Support Files/Pods-Adamant-ios/Pods-Adamant-ios.debug.xcconfig"; sourceTree = "<group>"; };
		D1311CE46EB635FFC95BFEF4 /* Pods_Adamant_ios.framework */ = {isa = PBXFileReference; explicitFileType = wrapper.framework; includeInIndex = 0; path = Pods_Adamant_ios.framework; sourceTree = BUILT_PRODUCTS_DIR; };
		D283570A539D864115735AAA /* Pods-Adamant-ios.release.xcconfig */ = {isa = PBXFileReference; includeInIndex = 1; lastKnownFileType = text.xcconfig; name = "Pods-Adamant-ios.release.xcconfig"; path = "Pods/Target Support Files/Pods-Adamant-ios/Pods-Adamant-ios.release.xcconfig"; sourceTree = "<group>"; };
		E913C8EE1FFFA51D001A83F7 /* Adamant-ios.app */ = {isa = PBXFileReference; explicitFileType = wrapper.application; includeInIndex = 0; path = "Adamant-ios.app"; sourceTree = BUILT_PRODUCTS_DIR; };
		E913C8F11FFFA51D001A83F7 /* AppDelegate.swift */ = {isa = PBXFileReference; lastKnownFileType = sourcecode.swift; path = AppDelegate.swift; sourceTree = "<group>"; };
		E913C8F31FFFA51D001A83F7 /* ViewController.swift */ = {isa = PBXFileReference; lastKnownFileType = sourcecode.swift; path = ViewController.swift; sourceTree = "<group>"; };
		E913C8F61FFFA51D001A83F7 /* Base */ = {isa = PBXFileReference; lastKnownFileType = file.storyboard; name = Base; path = Base.lproj/Main.storyboard; sourceTree = "<group>"; };
		E913C8F81FFFA51D001A83F7 /* Assets.xcassets */ = {isa = PBXFileReference; lastKnownFileType = folder.assetcatalog; path = Assets.xcassets; sourceTree = "<group>"; };
		E913C8FB1FFFA51D001A83F7 /* Base */ = {isa = PBXFileReference; lastKnownFileType = file.storyboard; name = Base; path = Base.lproj/LaunchScreen.storyboard; sourceTree = "<group>"; };
		E913C8FD1FFFA51E001A83F7 /* Info.plist */ = {isa = PBXFileReference; lastKnownFileType = text.plist.xml; path = Info.plist; sourceTree = "<group>"; };
/* End PBXFileReference section */

/* Begin PBXFrameworksBuildPhase section */
		E913C8EB1FFFA51D001A83F7 /* Frameworks */ = {
			isa = PBXFrameworksBuildPhase;
			buildActionMask = 2147483647;
			files = (
				277464D6A8CD29063957345F /* Pods_Adamant_ios.framework in Frameworks */,
			);
			runOnlyForDeploymentPostprocessing = 0;
		};
/* End PBXFrameworksBuildPhase section */

/* Begin PBXGroup section */
		54F4E3CDA748B7F48C085503 /* Frameworks */ = {
			isa = PBXGroup;
			children = (
				D1311CE46EB635FFC95BFEF4 /* Pods_Adamant_ios.framework */,
			);
			name = Frameworks;
			sourceTree = "<group>";
		};
		E59396A8E0053F21F768E69B /* Pods */ = {
			isa = PBXGroup;
			children = (
				871009461457F6B7B47D99C5 /* Pods-Adamant-ios.debug.xcconfig */,
				D283570A539D864115735AAA /* Pods-Adamant-ios.release.xcconfig */,
			);
			name = Pods;
			sourceTree = "<group>";
		};
		E913C8E51FFFA51D001A83F7 = {
			isa = PBXGroup;
			children = (
				E913C8F01FFFA51D001A83F7 /* Adamant-ios */,
				E913C8EF1FFFA51D001A83F7 /* Products */,
				E59396A8E0053F21F768E69B /* Pods */,
				54F4E3CDA748B7F48C085503 /* Frameworks */,
			);
			sourceTree = "<group>";
		};
		E913C8EF1FFFA51D001A83F7 /* Products */ = {
			isa = PBXGroup;
			children = (
				E913C8EE1FFFA51D001A83F7 /* Adamant-ios.app */,
			);
			name = Products;
			sourceTree = "<group>";
		};
		E913C8F01FFFA51D001A83F7 /* Adamant-ios */ = {
			isa = PBXGroup;
			children = (
				E913C8F11FFFA51D001A83F7 /* AppDelegate.swift */,
				E913C8F31FFFA51D001A83F7 /* ViewController.swift */,
				E913C8F51FFFA51D001A83F7 /* Main.storyboard */,
				E913C8F81FFFA51D001A83F7 /* Assets.xcassets */,
				E913C8FA1FFFA51D001A83F7 /* LaunchScreen.storyboard */,
				E913C8FD1FFFA51E001A83F7 /* Info.plist */,
			);
			path = "Adamant-ios";
			sourceTree = "<group>";
		};
/* End PBXGroup section */

/* Begin PBXNativeTarget section */
		E913C8ED1FFFA51D001A83F7 /* Adamant-ios */ = {
			isa = PBXNativeTarget;
			buildConfigurationList = E913C9001FFFA51E001A83F7 /* Build configuration list for PBXNativeTarget "Adamant-ios" */;
			buildPhases = (
				E40A2E5936758D20792675C8 /* [CP] Check Pods Manifest.lock */,
				E913C8EA1FFFA51D001A83F7 /* Sources */,
				E913C8EB1FFFA51D001A83F7 /* Frameworks */,
				E913C8EC1FFFA51D001A83F7 /* Resources */,
				1C93FABD2FEB3E73F76872C8 /* [CP] Embed Pods Frameworks */,
				9103110972E84A36FC64A689 /* [CP] Copy Pods Resources */,
			);
			buildRules = (
			);
			dependencies = (
			);
			name = "Adamant-ios";
			productName = "Adamant-ios";
			productReference = E913C8EE1FFFA51D001A83F7 /* Adamant-ios.app */;
			productType = "com.apple.product-type.application";
		};
/* End PBXNativeTarget section */

/* Begin PBXProject section */
		E913C8E61FFFA51D001A83F7 /* Project object */ = {
			isa = PBXProject;
			attributes = {
				LastSwiftUpdateCheck = 0920;
				LastUpgradeCheck = 0920;
				ORGANIZATIONNAME = adamant;
				TargetAttributes = {
					E913C8ED1FFFA51D001A83F7 = {
						CreatedOnToolsVersion = 9.2;
						ProvisioningStyle = Automatic;
					};
				};
			};
			buildConfigurationList = E913C8E91FFFA51D001A83F7 /* Build configuration list for PBXProject "Adamant-ios" */;
			compatibilityVersion = "Xcode 8.0";
			developmentRegion = en;
			hasScannedForEncodings = 0;
			knownRegions = (
				en,
				Base,
			);
			mainGroup = E913C8E51FFFA51D001A83F7;
			productRefGroup = E913C8EF1FFFA51D001A83F7 /* Products */;
			projectDirPath = "";
			projectRoot = "";
			targets = (
				E913C8ED1FFFA51D001A83F7 /* Adamant-ios */,
			);
		};
/* End PBXProject section */

/* Begin PBXResourcesBuildPhase section */
		E913C8EC1FFFA51D001A83F7 /* Resources */ = {
			isa = PBXResourcesBuildPhase;
			buildActionMask = 2147483647;
			files = (
				E913C8FC1FFFA51D001A83F7 /* LaunchScreen.storyboard in Resources */,
				E913C8F91FFFA51D001A83F7 /* Assets.xcassets in Resources */,
				E913C8F71FFFA51D001A83F7 /* Main.storyboard in Resources */,
			);
			runOnlyForDeploymentPostprocessing = 0;
		};
/* End PBXResourcesBuildPhase section */

/* Begin PBXShellScriptBuildPhase section */
		1C93FABD2FEB3E73F76872C8 /* [CP] Embed Pods Frameworks */ = {
			isa = PBXShellScriptBuildPhase;
			buildActionMask = 2147483647;
			files = (
			);
			inputPaths = (
			);
			name = "[CP] Embed Pods Frameworks";
			outputPaths = (
			);
			runOnlyForDeploymentPostprocessing = 0;
			shellPath = /bin/sh;
			shellScript = "\"${SRCROOT}/Pods/Target Support Files/Pods-Adamant-ios/Pods-Adamant-ios-frameworks.sh\"\n";
			showEnvVarsInLog = 0;
		};
		9103110972E84A36FC64A689 /* [CP] Copy Pods Resources */ = {
			isa = PBXShellScriptBuildPhase;
			buildActionMask = 2147483647;
			files = (
			);
			inputPaths = (
			);
			name = "[CP] Copy Pods Resources";
			outputPaths = (
			);
			runOnlyForDeploymentPostprocessing = 0;
			shellPath = /bin/sh;
			shellScript = "\"${SRCROOT}/Pods/Target Support Files/Pods-Adamant-ios/Pods-Adamant-ios-resources.sh\"\n";
			showEnvVarsInLog = 0;
		};
		E40A2E5936758D20792675C8 /* [CP] Check Pods Manifest.lock */ = {
			isa = PBXShellScriptBuildPhase;
			buildActionMask = 2147483647;
			files = (
			);
			inputPaths = (
				"${PODS_PODFILE_DIR_PATH}/Podfile.lock",
				"${PODS_ROOT}/Manifest.lock",
			);
			name = "[CP] Check Pods Manifest.lock";
			outputPaths = (
				"$(DERIVED_FILE_DIR)/Pods-Adamant-ios-checkManifestLockResult.txt",
			);
			runOnlyForDeploymentPostprocessing = 0;
			shellPath = /bin/sh;
			shellScript = "diff \"${PODS_PODFILE_DIR_PATH}/Podfile.lock\" \"${PODS_ROOT}/Manifest.lock\" > /dev/null\nif [ $? != 0 ] ; then\n    # print error to STDERR\n    echo \"error: The sandbox is not in sync with the Podfile.lock. Run 'pod install' or update your CocoaPods installation.\" >&2\n    exit 1\nfi\n# This output is used by Xcode 'outputs' to avoid re-running this script phase.\necho \"SUCCESS\" > \"${SCRIPT_OUTPUT_FILE_0}\"\n";
			showEnvVarsInLog = 0;
		};
/* End PBXShellScriptBuildPhase section */

/* Begin PBXSourcesBuildPhase section */
		E913C8EA1FFFA51D001A83F7 /* Sources */ = {
			isa = PBXSourcesBuildPhase;
			buildActionMask = 2147483647;
			files = (
				E913C8F41FFFA51D001A83F7 /* ViewController.swift in Sources */,
				E913C8F21FFFA51D001A83F7 /* AppDelegate.swift in Sources */,
			);
			runOnlyForDeploymentPostprocessing = 0;
		};
/* End PBXSourcesBuildPhase section */

/* Begin PBXVariantGroup section */
		E913C8F51FFFA51D001A83F7 /* Main.storyboard */ = {
			isa = PBXVariantGroup;
			children = (
				E913C8F61FFFA51D001A83F7 /* Base */,
			);
			name = Main.storyboard;
			sourceTree = "<group>";
		};
		E913C8FA1FFFA51D001A83F7 /* LaunchScreen.storyboard */ = {
			isa = PBXVariantGroup;
			children = (
				E913C8FB1FFFA51D001A83F7 /* Base */,
			);
			name = LaunchScreen.storyboard;
			sourceTree = "<group>";
		};
/* End PBXVariantGroup section */

/* Begin XCBuildConfiguration section */
		E913C8FE1FFFA51E001A83F7 /* Debug */ = {
			isa = XCBuildConfiguration;
			buildSettings = {
				ALWAYS_SEARCH_USER_PATHS = NO;
				CLANG_ANALYZER_NONNULL = YES;
				CLANG_ANALYZER_NUMBER_OBJECT_CONVERSION = YES_AGGRESSIVE;
				CLANG_CXX_LANGUAGE_STANDARD = "gnu++14";
				CLANG_CXX_LIBRARY = "libc++";
				CLANG_ENABLE_MODULES = YES;
				CLANG_ENABLE_OBJC_ARC = YES;
				CLANG_WARN_BLOCK_CAPTURE_AUTORELEASING = YES;
				CLANG_WARN_BOOL_CONVERSION = YES;
				CLANG_WARN_COMMA = YES;
				CLANG_WARN_CONSTANT_CONVERSION = YES;
				CLANG_WARN_DIRECT_OBJC_ISA_USAGE = YES_ERROR;
				CLANG_WARN_DOCUMENTATION_COMMENTS = YES;
				CLANG_WARN_EMPTY_BODY = YES;
				CLANG_WARN_ENUM_CONVERSION = YES;
				CLANG_WARN_INFINITE_RECURSION = YES;
				CLANG_WARN_INT_CONVERSION = YES;
				CLANG_WARN_NON_LITERAL_NULL_CONVERSION = YES;
				CLANG_WARN_OBJC_LITERAL_CONVERSION = YES;
				CLANG_WARN_OBJC_ROOT_CLASS = YES_ERROR;
				CLANG_WARN_RANGE_LOOP_ANALYSIS = YES;
				CLANG_WARN_STRICT_PROTOTYPES = YES;
				CLANG_WARN_SUSPICIOUS_MOVE = YES;
				CLANG_WARN_UNGUARDED_AVAILABILITY = YES_AGGRESSIVE;
				CLANG_WARN_UNREACHABLE_CODE = YES;
				CLANG_WARN__DUPLICATE_METHOD_MATCH = YES;
				CODE_SIGN_IDENTITY = "iPhone Developer";
				COPY_PHASE_STRIP = NO;
				DEBUG_INFORMATION_FORMAT = dwarf;
				ENABLE_STRICT_OBJC_MSGSEND = YES;
				ENABLE_TESTABILITY = YES;
				GCC_C_LANGUAGE_STANDARD = gnu11;
				GCC_DYNAMIC_NO_PIC = NO;
				GCC_NO_COMMON_BLOCKS = YES;
				GCC_OPTIMIZATION_LEVEL = 0;
				GCC_PREPROCESSOR_DEFINITIONS = (
					"DEBUG=1",
					"$(inherited)",
				);
				GCC_WARN_64_TO_32_BIT_CONVERSION = YES;
				GCC_WARN_ABOUT_RETURN_TYPE = YES_ERROR;
				GCC_WARN_UNDECLARED_SELECTOR = YES;
				GCC_WARN_UNINITIALIZED_AUTOS = YES_AGGRESSIVE;
				GCC_WARN_UNUSED_FUNCTION = YES;
				GCC_WARN_UNUSED_VARIABLE = YES;
				IPHONEOS_DEPLOYMENT_TARGET = 11.2;
				MTL_ENABLE_DEBUG_INFO = YES;
				ONLY_ACTIVE_ARCH = YES;
				SDKROOT = iphoneos;
				SWIFT_ACTIVE_COMPILATION_CONDITIONS = DEBUG;
				SWIFT_OPTIMIZATION_LEVEL = "-Onone";
			};
			name = Debug;
		};
		E913C8FF1FFFA51E001A83F7 /* Release */ = {
			isa = XCBuildConfiguration;
			buildSettings = {
				ALWAYS_SEARCH_USER_PATHS = NO;
				CLANG_ANALYZER_NONNULL = YES;
				CLANG_ANALYZER_NUMBER_OBJECT_CONVERSION = YES_AGGRESSIVE;
				CLANG_CXX_LANGUAGE_STANDARD = "gnu++14";
				CLANG_CXX_LIBRARY = "libc++";
				CLANG_ENABLE_MODULES = YES;
				CLANG_ENABLE_OBJC_ARC = YES;
				CLANG_WARN_BLOCK_CAPTURE_AUTORELEASING = YES;
				CLANG_WARN_BOOL_CONVERSION = YES;
				CLANG_WARN_COMMA = YES;
				CLANG_WARN_CONSTANT_CONVERSION = YES;
				CLANG_WARN_DIRECT_OBJC_ISA_USAGE = YES_ERROR;
				CLANG_WARN_DOCUMENTATION_COMMENTS = YES;
				CLANG_WARN_EMPTY_BODY = YES;
				CLANG_WARN_ENUM_CONVERSION = YES;
				CLANG_WARN_INFINITE_RECURSION = YES;
				CLANG_WARN_INT_CONVERSION = YES;
				CLANG_WARN_NON_LITERAL_NULL_CONVERSION = YES;
				CLANG_WARN_OBJC_LITERAL_CONVERSION = YES;
				CLANG_WARN_OBJC_ROOT_CLASS = YES_ERROR;
				CLANG_WARN_RANGE_LOOP_ANALYSIS = YES;
				CLANG_WARN_STRICT_PROTOTYPES = YES;
				CLANG_WARN_SUSPICIOUS_MOVE = YES;
				CLANG_WARN_UNGUARDED_AVAILABILITY = YES_AGGRESSIVE;
				CLANG_WARN_UNREACHABLE_CODE = YES;
				CLANG_WARN__DUPLICATE_METHOD_MATCH = YES;
				CODE_SIGN_IDENTITY = "iPhone Developer";
				COPY_PHASE_STRIP = NO;
				DEBUG_INFORMATION_FORMAT = "dwarf-with-dsym";
				ENABLE_NS_ASSERTIONS = NO;
				ENABLE_STRICT_OBJC_MSGSEND = YES;
				GCC_C_LANGUAGE_STANDARD = gnu11;
				GCC_NO_COMMON_BLOCKS = YES;
				GCC_WARN_64_TO_32_BIT_CONVERSION = YES;
				GCC_WARN_ABOUT_RETURN_TYPE = YES_ERROR;
				GCC_WARN_UNDECLARED_SELECTOR = YES;
				GCC_WARN_UNINITIALIZED_AUTOS = YES_AGGRESSIVE;
				GCC_WARN_UNUSED_FUNCTION = YES;
				GCC_WARN_UNUSED_VARIABLE = YES;
				IPHONEOS_DEPLOYMENT_TARGET = 11.2;
				MTL_ENABLE_DEBUG_INFO = NO;
				SDKROOT = iphoneos;
				SWIFT_OPTIMIZATION_LEVEL = "-Owholemodule";
				VALIDATE_PRODUCT = YES;
			};
			name = Release;
		};
		E913C9011FFFA51E001A83F7 /* Debug */ = {
			isa = XCBuildConfiguration;
			baseConfigurationReference = 871009461457F6B7B47D99C5 /* Pods-Adamant-ios.debug.xcconfig */;
			buildSettings = {
				ASSETCATALOG_COMPILER_APPICON_NAME = AppIcon;
				CODE_SIGN_STYLE = Automatic;
				DEVELOPMENT_TEAM = 37KJUUCTM4;
				INFOPLIST_FILE = "Adamant-ios/Info.plist";
				LD_RUNPATH_SEARCH_PATHS = "$(inherited) @executable_path/Frameworks";
				PRODUCT_BUNDLE_IDENTIFIER = "im.adamant.Adamant-ios";
				PRODUCT_NAME = "$(TARGET_NAME)";
				SWIFT_VERSION = 4.0;
				TARGETED_DEVICE_FAMILY = "1,2";
			};
			name = Debug;
		};
		E913C9021FFFA51E001A83F7 /* Release */ = {
			isa = XCBuildConfiguration;
			baseConfigurationReference = D283570A539D864115735AAA /* Pods-Adamant-ios.release.xcconfig */;
			buildSettings = {
				ASSETCATALOG_COMPILER_APPICON_NAME = AppIcon;
				CODE_SIGN_STYLE = Automatic;
				DEVELOPMENT_TEAM = 37KJUUCTM4;
				INFOPLIST_FILE = "Adamant-ios/Info.plist";
				LD_RUNPATH_SEARCH_PATHS = "$(inherited) @executable_path/Frameworks";
				PRODUCT_BUNDLE_IDENTIFIER = "im.adamant.Adamant-ios";
				PRODUCT_NAME = "$(TARGET_NAME)";
				SWIFT_VERSION = 4.0;
				TARGETED_DEVICE_FAMILY = "1,2";
			};
			name = Release;
		};
/* End XCBuildConfiguration section */

/* Begin XCConfigurationList section */
		E913C8E91FFFA51D001A83F7 /* Build configuration list for PBXProject "Adamant-ios" */ = {
			isa = XCConfigurationList;
			buildConfigurations = (
				E913C8FE1FFFA51E001A83F7 /* Debug */,
				E913C8FF1FFFA51E001A83F7 /* Release */,
			);
			defaultConfigurationIsVisible = 0;
			defaultConfigurationName = Release;
		};
		E913C9001FFFA51E001A83F7 /* Build configuration list for PBXNativeTarget "Adamant-ios" */ = {
			isa = XCConfigurationList;
			buildConfigurations = (
				E913C9011FFFA51E001A83F7 /* Debug */,
				E913C9021FFFA51E001A83F7 /* Release */,
			);
			defaultConfigurationIsVisible = 0;
			defaultConfigurationName = Release;
		};
/* End XCConfigurationList section */
	};
	rootObject = E913C8E61FFFA51D001A83F7 /* Project object */;
}
