{
  "object": {
    "pins": [
      {
        "package": "Alamofire",
        "repositoryURL": "https://github.com/Alamofire/Alamofire.git",
        "state": {
          "branch": null,
          "revision": "d120af1e8638c7da36c8481fd61a66c0c08dc4fc",
          "version": "5.4.4"
        }
      },
      {
        "package": "BigInt",
        "repositoryURL": "https://github.com/attaswift/BigInt.git",
        "state": {
          "branch": null,
          "revision": "0ed110f7555c34ff468e72e1686e59721f2b0da6",
          "version": "5.3.0"
        }
      },
      {
        "package": "Bits",
        "repositoryURL": "https://github.com/vapor/bits.git",
        "state": {
          "branch": null,
          "revision": "03079476b04139a8b744ad96f975176df5ae12bc",
          "version": "1.1.1"
        }
      },
      {
        "package": "Core",
        "repositoryURL": "https://github.com/vapor/core.git",
        "state": {
          "branch": null,
          "revision": "aa15871311b497a24a7f0e96b1ae6865dd600818",
          "version": "2.2.1"
        }
      },
      {
        "package": "CryptoSwift",
        "repositoryURL": "https://github.com/krzyzanowskim/CryptoSwift.git",
        "state": {
          "branch": null,
          "revision": "039f56c5d7960f277087a0be51f5eb04ed0ec073",
          "version": "1.5.1"
        }
      },
      {
        "package": "DateToolsSwift",
        "repositoryURL": "https://github.com/maniramezan/DateTools.git",
        "state": {
          "branch": "mani_swiftpm_5_3",
          "revision": "b7f0415ecb9a2b684fc53a2e4093fc09d368356a",
          "version": null
        }
      },
      {
        "package": "Debugging",
        "repositoryURL": "https://github.com/vapor/debugging.git",
        "state": {
          "branch": null,
          "revision": "fc5a27d6eb236141dc24e5f14eedaa2e035ae7b3",
          "version": "1.1.1"
        }
      },
      {
        "package": "EFQRCode",
        "repositoryURL": "https://github.com/EFPrefix/EFQRCode.git",
        "state": {
          "branch": null,
          "revision": "4a72d79f9cae6d2f189f768178cc8594b427c190",
          "version": "6.1.0"
        }
      },
      {
        "package": "Eureka",
        "repositoryURL": "https://github.com/xmartlabs/Eureka.git",
        "state": {
          "branch": null,
          "revision": "a7523afdfe38478c6d5706a8ac01d26590835493",
          "version": "5.3.6"
        }
      },
      {
        "package": "InputBarAccessoryView",
        "repositoryURL": "https://github.com/nathantannar4/InputBarAccessoryView",
        "state": {
          "branch": null,
          "revision": "039a9cb3ae8c5bc4d39242a6aa688b88023633d3",
          "version": "6.2.0"
        }
      },
      {
        "package": "KeychainAccess",
        "repositoryURL": "https://github.com/kishikawakatsumi/KeychainAccess.git",
        "state": {
          "branch": null,
          "revision": "84e546727d66f1adc5439debad16270d0fdd04e7",
          "version": "4.2.2"
        }
      },
      {
        "package": "MarkdownKit",
        "repositoryURL": "https://github.com/bmoliveira/MarkdownKit.git",
        "state": {
          "branch": null,
          "revision": "5056f3305d3499f44d8815530d560b87082e0cf5",
          "version": "1.7.1"
        }
      },
      {
        "package": "MessageKit",
        "repositoryURL": "https://github.com/MessageKit/MessageKit.git",
        "state": {
          "branch": null,
          "revision": "14bfa7eb9f93267c3d7b8cdf58615bba27be672a",
          "version": "4.1.1"
        }
      },
      {
        "package": "OpenSSL",
        "repositoryURL": "https://github.com/krzyzanowskim/OpenSSL.git",
        "state": {
          "branch": null,
          "revision": "4ae145c1446851cda62fa4b09c7b5e5c540d7b20",
          "version": "1.1.1300"
        }
      },
      {
        "package": "Parchment",
        "repositoryURL": "https://github.com/rechsteiner/Parchment",
        "state": {
          "branch": "main",
          "revision": "cad6924f8a292eecaedc1bdefb57006f7979b9eb",
          "version": null
        }
      },
      {
        "package": "ProcedureKit",
        "repositoryURL": "https://github.com/ProcedureKit/ProcedureKit.git",
        "state": {
          "branch": null,
          "revision": "a7fa565e648d90083c7f10c0c6be9bf249dcdbde",
          "version": "5.2.0"
        }
      },
      {
        "package": "PromiseKit",
        "repositoryURL": "https://github.com/mxcl/PromiseKit.git",
        "state": {
          "branch": null,
          "revision": "7b07b214dacecb22ca4b680531c7e981d52483f9",
          "version": "6.16.3"
        }
      },
      {
        "package": "QRCodeReader",
        "repositoryURL": "https://github.com/yannickl/QRCodeReader.swift.git",
        "state": {
          "branch": null,
          "revision": "5020b5a47199d8ba80c83a4b4fafd70e9dc9dc7f",
          "version": "10.1.1"
        }
      },
      {
        "package": "Random",
        "repositoryURL": "https://github.com/vapor-community/random.git",
        "state": {
          "branch": null,
          "revision": "d7c4397d125caba795d14d956efacfe2a27a63d0",
          "version": "1.2.0"
        }
      },
      {
        "package": "Reachability",
        "repositoryURL": "https://github.com/ashleymills/Reachability.swift",
        "state": {
          "branch": null,
          "revision": "c01bbdf2d633cf049ae1ed1a68a2020a8bda32e2",
          "version": "5.1.0"
        }
      },
      {
        "package": "RNCryptor",
        "repositoryURL": "https://github.com/RNCryptor/RNCryptor.git",
        "state": {
          "branch": null,
          "revision": "5e3bbf44f08bf90049537cb8902d8f4fa911a79a",
          "version": "5.1.0"
        }
      },
      {
        "package": "SipHash",
        "repositoryURL": "https://github.com/attaswift/SipHash",
        "state": {
          "branch": null,
          "revision": "e325083424688055363bbfcb7f1a440d7d7a1bae",
          "version": "1.2.2"
        }
      },
      {
        "package": "SnapKit",
        "repositoryURL": "https://github.com/SnapKit/SnapKit.git",
        "state": {
          "branch": null,
          "revision": "f222cbdf325885926566172f6f5f06af95473158",
          "version": "5.6.0"
        }
      },
      {
        "package": "SocketIO",
        "repositoryURL": "https://github.com/socketio/socket.io-client-swift",
        "state": {
          "branch": "master",
          "revision": "a1ed825835a2d8c2555938e96557ccc05e4bebf3",
          "version": null
        }
      },
      {
        "package": "Starscream",
        "repositoryURL": "https://github.com/daltoniam/Starscream",
        "state": {
          "branch": null,
          "revision": "df8d82047f6654d8e4b655d1b1525c64e1059d21",
          "version": "4.0.4"
        }
      },
      {
        "package": "Sodium",
        "repositoryURL": "https://github.com/jedisct1/swift-sodium.git",
        "state": {
          "branch": null,
          "revision": "4f9164a0a2c9a6a7ff53a2833d54a5c79c957342",
          "version": "0.9.1"
        }
      },
      {
        "package": "swift_qrcodejs",
        "repositoryURL": "https://github.com/ApolloZhu/swift_qrcodejs.git",
        "state": {
          "branch": null,
          "revision": "374dc7f7b9e76c6aeb393f6a84590c6d387e1ecb",
          "version": "2.2.2"
        }
      },
      {
        "package": "Swinject",
        "repositoryURL": "https://github.com/Swinject/Swinject.git",
        "state": {
          "branch": null,
          "revision": "8a76d2c74bafbb455763487cc6a08e91bad1f78b",
          "version": "2.7.1"
        }
      },
      {
        "package": "Web3swift",
        "repositoryURL": "https://github.com/skywinder/web3swift.git",
        "state": {
          "branch": null,
          "revision": "4312a7178e1255c3ef65ac909657d29f6dd81bb6",
          "version": "2.6.6"
        }
      }
    ]
  },
  "version": 1
}
