<?xml version="1.0" encoding="UTF-8"?>
<Scheme
   LastUpgradeVersion = "1010"
   version = "1.7">
   <BuildAction
      parallelizeBuildables = "YES"
      buildImplicitDependencies = "YES">
      <BuildActionEntries>
         <BuildActionEntry
            buildForTesting = "YES"
            buildForRunning = "YES"
            buildForProfiling = "YES"
            buildForArchiving = "YES"
            buildForAnalyzing = "YES">
            <BuildableReference
               BuildableIdentifier = "primary"
               BlueprintIdentifier = "E913C8ED1FFFA51D001A83F7"
               BuildableName = "Adamant.app"
               BlueprintName = "Adamant"
               ReferencedContainer = "container:Adamant.xcodeproj">
            </BuildableReference>
         </BuildActionEntry>
      </BuildActionEntries>
   </BuildAction>
   <TestAction
      buildConfiguration = "Debug"
      selectedDebuggerIdentifier = "Xcode.DebuggerFoundation.Debugger.LLDB"
      selectedLauncherIdentifier = "Xcode.DebuggerFoundation.Launcher.LLDB"
      shouldUseLaunchSchemeArgsEnv = "YES">
      <MacroExpansion>
         <BuildableReference
            BuildableIdentifier = "primary"
            BlueprintIdentifier = "E913C8ED1FFFA51D001A83F7"
            BuildableName = "Adamant.app"
            BlueprintName = "Adamant"
            ReferencedContainer = "container:Adamant.xcodeproj">
         </BuildableReference>
      </MacroExpansion>
      <Testables>
         <TestableReference
            skipped = "NO">
            <BuildableReference
               BuildableIdentifier = "primary"
               BlueprintIdentifier = "E9EC344320066D4A00C0E546"
               BuildableName = "AdamantTests.xctest"
               BlueprintName = "AdamantTests"
               ReferencedContainer = "container:Adamant.xcodeproj">
            </BuildableReference>
         </TestableReference>
      </Testables>
   </TestAction>
   <LaunchAction
      buildConfiguration = "Release"
      selectedDebuggerIdentifier = ""
      selectedLauncherIdentifier = "Xcode.IDEFoundation.Launcher.PosixSpawn"
      launchStyle = "1"
      useCustomWorkingDirectory = "NO"
      ignoresPersistentStateOnLaunch = "NO"
      debugDocumentVersioning = "YES"
      debugServiceExtension = "internal"
      allowLocationSimulation = "NO">
      <BuildableProductRunnable
         runnableDebuggingMode = "0">
         <BuildableReference
            BuildableIdentifier = "primary"
            BlueprintIdentifier = "E913C8ED1FFFA51D001A83F7"
            BuildableName = "Adamant.app"
            BlueprintName = "Adamant"
            ReferencedContainer = "container:Adamant.xcodeproj">
         </BuildableReference>
      </BuildableProductRunnable>
   </LaunchAction>
   <ProfileAction
      buildConfiguration = "Release"
      shouldUseLaunchSchemeArgsEnv = "YES"
      savedToolIdentifier = ""
      useCustomWorkingDirectory = "NO"
      debugDocumentVersioning = "YES">
      <BuildableProductRunnable
         runnableDebuggingMode = "0">
         <BuildableReference
            BuildableIdentifier = "primary"
            BlueprintIdentifier = "E913C8ED1FFFA51D001A83F7"
            BuildableName = "Adamant.app"
            BlueprintName = "Adamant"
            ReferencedContainer = "container:Adamant.xcodeproj">
         </BuildableReference>
      </BuildableProductRunnable>
   </ProfileAction>
   <AnalyzeAction
      buildConfiguration = "Debug">
   </AnalyzeAction>
   <ArchiveAction
      buildConfiguration = "Release"
      revealArchiveInOrganizer = "YES">
      <PostActions>
         <ExecutionAction
            ActionType = "Xcode.IDEStandardExecutionActionsCore.ExecutionActionType.ShellScriptAction">
            <ActionContent
               title = "Run Script"
               scriptText = "# Type a script or drag a script file from your workspace to insert its path.&#10;APPLICATIONS_PATH=&quot;$ARCHIVE_PRODUCTS_PATH/Applications&quot;&#10;rm &quot;$APPLICATIONS_PATH/$FRAMEWORKS_FOLDER_PATH/libsodium.a&quot;&#10;rm &quot;$APPLICATIONS_PATH/$PRODUCT_NAME.app/PlugIns/libsodium.a&quot;&#10;rm -r &quot;$APPLICATIONS_PATH/$PRODUCT_NAME.app/PlugIns/OpenSSL.framework&quot;&#10;&#10;find &quot;$APPLICATIONS_PATH/$PRODUCT_NAME.app/PlugIns&quot; -name &apos;*.appex&apos; -type d | while read -r EXTENSION&#10;do&#10;rm -r &quot;$EXTENSION/Frameworks&quot;&#10;done&#10;">
               <EnvironmentBuildable>
                  <BuildableReference
                     BuildableIdentifier = "primary"
                     BlueprintIdentifier = "E913C8ED1FFFA51D001A83F7"
                     BuildableName = "Adamant.app"
                     BlueprintName = "Adamant"
                     ReferencedContainer = "container:Adamant.xcodeproj">
                  </BuildableReference>
               </EnvironmentBuildable>
            </ActionContent>
         </ExecutionAction>
      </PostActions>
   </ArchiveAction>
</Scheme>
