// !$*UTF8*$!
{
	archiveVersion = 1;
	classes = {
	};
	objectVersion = 77;
	objects = {

/* Begin PBXBuildFile section */
		3A075C9E2B98A3B100714E3B /* FilesPickerKit in Frameworks */ = {isa = PBXBuildFile; productRef = 3A075C9D2B98A3B100714E3B /* FilesPickerKit */; };
		3A833C402B99CDA000238F6A /* FilesStorageKit in Frameworks */ = {isa = PBXBuildFile; productRef = 3A833C3F2B99CDA000238F6A /* FilesStorageKit */; };
		3A8875EF27BBF38D00436195 /* Parchment in Frameworks */ = {isa = PBXBuildFile; productRef = 3A8875EE27BBF38D00436195 /* Parchment */; };
		3AC76E3D2AB09118008042C4 /* ElegantEmojiPicker in Frameworks */ = {isa = PBXBuildFile; productRef = 3AC76E3C2AB09118008042C4 /* ElegantEmojiPicker */; };
		3C06931576393125C61FB8F6 /* Pods_Adamant.framework in Frameworks */ = {isa = PBXBuildFile; fileRef = 33975C0D891698AA7E74EBCC /* Pods_Adamant.framework */; };
		416F5EA4290162EB00EF0400 /* SocketIO in Frameworks */ = {isa = PBXBuildFile; productRef = 416F5EA3290162EB00EF0400 /* SocketIO */; };
		4177E5E12A52DA7100C089FE /* AdvancedContextMenuKit in Frameworks */ = {isa = PBXBuildFile; productRef = 4177E5E02A52DA7100C089FE /* AdvancedContextMenuKit */; };
		4184F1712A33044E00D7B8B9 /* FirebaseCrashlytics in Frameworks */ = {isa = PBXBuildFile; productRef = 4184F1702A33044E00D7B8B9 /* FirebaseCrashlytics */; };
		557AC306287B10D8004699D7 /* SnapKit in Frameworks */ = {isa = PBXBuildFile; productRef = 557AC305287B10D8004699D7 /* SnapKit */; };
		55D1D84F287B78F200F94A4E /* SnapKit in Frameworks */ = {isa = PBXBuildFile; productRef = 55D1D84E287B78F200F94A4E /* SnapKit */; };
		55D1D851287B78FC00F94A4E /* SnapKit in Frameworks */ = {isa = PBXBuildFile; productRef = 55D1D850287B78FC00F94A4E /* SnapKit */; };
		6403F5DB2272389800D58779 /* (null) in Sources */ = {isa = PBXBuildFile; };
		6FB686162D3AAE8800CAB6DD /* AdamantWalletsKit in Frameworks */ = {isa = PBXBuildFile; productRef = 6FB686152D3AAE8800CAB6DD /* AdamantWalletsKit */; };
		9342F6C22A6A35E300A9B39F /* CommonKit in Frameworks */ = {isa = PBXBuildFile; productRef = 9342F6C12A6A35E300A9B39F /* CommonKit */; };
		937751A52A68B3320054BD65 /* CommonKit in Frameworks */ = {isa = PBXBuildFile; productRef = 937751A42A68B3320054BD65 /* CommonKit */; };
		937751A72A68B33A0054BD65 /* CommonKit in Frameworks */ = {isa = PBXBuildFile; productRef = 937751A62A68B33A0054BD65 /* CommonKit */; };
		937751A92A68B3400054BD65 /* CommonKit in Frameworks */ = {isa = PBXBuildFile; productRef = 937751A82A68B3400054BD65 /* CommonKit */; };
		938F7D582955C1DA001915CA /* MessageKit in Frameworks */ = {isa = PBXBuildFile; productRef = 938F7D572955C1DA001915CA /* MessageKit */; };
		93FA403629401BFC00D20DB6 /* PopupKit in Frameworks */ = {isa = PBXBuildFile; productRef = 93FA403529401BFC00D20DB6 /* PopupKit */; };
		A50AEB04262C815200B37C22 /* EFQRCode in Frameworks */ = {isa = PBXBuildFile; productRef = A50AEB03262C815200B37C22 /* EFQRCode */; };
		A50AEB0C262C81E300B37C22 /* QRCodeReader in Frameworks */ = {isa = PBXBuildFile; productRef = A50AEB0B262C81E300B37C22 /* QRCodeReader */; };
		A5241B70262DEDE1009FA43E /* Clibsodium in Frameworks */ = {isa = PBXBuildFile; productRef = A5241B6F262DEDE1009FA43E /* Clibsodium */; };
		A5241B77262DEDEF009FA43E /* Clibsodium in Frameworks */ = {isa = PBXBuildFile; productRef = A5241B76262DEDEF009FA43E /* Clibsodium */; };
		A5241B7E262DEDFE009FA43E /* Clibsodium in Frameworks */ = {isa = PBXBuildFile; productRef = A5241B7D262DEDFE009FA43E /* Clibsodium */; };
		A530B0D82842110D003F0210 /* (null) in Frameworks */ = {isa = PBXBuildFile; };
		A544F0D4262C9878001F1A6D /* Eureka in Frameworks */ = {isa = PBXBuildFile; productRef = A544F0D3262C9878001F1A6D /* Eureka */; };
		A57282CA262C94CD00C96FA8 /* DateToolsSwift in Frameworks */ = {isa = PBXBuildFile; productRef = A57282C9262C94CD00C96FA8 /* DateToolsSwift */; };
		A57282D1262C94DA00C96FA8 /* DateToolsSwift in Frameworks */ = {isa = PBXBuildFile; productRef = A57282D0262C94DA00C96FA8 /* DateToolsSwift */; };
		A57282D3262C94DF00C96FA8 /* DateToolsSwift in Frameworks */ = {isa = PBXBuildFile; productRef = A57282D2262C94DF00C96FA8 /* DateToolsSwift */; };
		A57282D5262C94E500C96FA8 /* DateToolsSwift in Frameworks */ = {isa = PBXBuildFile; productRef = A57282D4262C94E500C96FA8 /* DateToolsSwift */; };
		A5785ADF262C63580001BC66 /* web3swift in Frameworks */ = {isa = PBXBuildFile; productRef = A5785ADE262C63580001BC66 /* web3swift */; };
		A5AC8DFF262E0B030053A7E2 /* SipHash in Frameworks */ = {isa = PBXBuildFile; productRef = A5AC8DFE262E0B030053A7E2 /* SipHash */; };
		A5AC8E00262E0B030053A7E2 /* SipHash in Embed Frameworks */ = {isa = PBXBuildFile; productRef = A5AC8DFE262E0B030053A7E2 /* SipHash */; settings = {ATTRIBUTES = (CodeSignOnCopy, ); }; };
		A5C99E0E262C9E3A00F7B1B7 /* Reachability in Frameworks */ = {isa = PBXBuildFile; productRef = A5C99E0D262C9E3A00F7B1B7 /* Reachability */; };
		A5D87BA3262CA01D00DC28F0 /* ProcedureKit in Frameworks */ = {isa = PBXBuildFile; productRef = A5D87BA2262CA01D00DC28F0 /* ProcedureKit */; };
		A5DBBABD262C7221004AC028 /* Clibsodium in Frameworks */ = {isa = PBXBuildFile; productRef = A5DBBABC262C7221004AC028 /* Clibsodium */; };
		A5DBBAEE262C72EF004AC028 /* BitcoinKit in Frameworks */ = {isa = PBXBuildFile; productRef = A5DBBAED262C72EF004AC028 /* BitcoinKit */; };
		A5DBBAF0262C72EF004AC028 /* LiskKit in Frameworks */ = {isa = PBXBuildFile; productRef = A5DBBAEF262C72EF004AC028 /* LiskKit */; };
		A5F0A04B262C9CA90009672A /* Swinject in Frameworks */ = {isa = PBXBuildFile; productRef = A5F0A04A262C9CA90009672A /* Swinject */; };
		A5F92994262C855B00C3E60A /* MarkdownKit in Frameworks */ = {isa = PBXBuildFile; productRef = A5F92993262C855B00C3E60A /* MarkdownKit */; };
		A5F929AF262C857D00C3E60A /* MarkdownKit in Frameworks */ = {isa = PBXBuildFile; productRef = A5F929AE262C857D00C3E60A /* MarkdownKit */; };
		A5F929B6262C858700C3E60A /* MarkdownKit in Frameworks */ = {isa = PBXBuildFile; productRef = A5F929B5262C858700C3E60A /* MarkdownKit */; };
		A5F929B8262C858F00C3E60A /* MarkdownKit in Frameworks */ = {isa = PBXBuildFile; productRef = A5F929B7262C858F00C3E60A /* MarkdownKit */; };
		AA8FFFCA2D4E6435001D8576 /* CryptoSwift in Frameworks */ = {isa = PBXBuildFile; productRef = AA8FFFC92D4E6435001D8576 /* CryptoSwift */; };
		B18F4D712D986CD300F6917F /* SwiftyMockyXCTest in Frameworks */ = {isa = PBXBuildFile; productRef = B18F4D702D986CD300F6917F /* SwiftyMockyXCTest */; };
		B1C2BA722D90BF34001FE840 /* SwiftyMocky in Frameworks */ = {isa = PBXBuildFile; productRef = B1C2BA712D90BF34001FE840 /* SwiftyMocky */; };
		E9079A7C229DEF9C0022CA0D /* UserNotifications.framework in Frameworks */ = {isa = PBXBuildFile; fileRef = E957E110229B04280019732A /* UserNotifications.framework */; };
		E9079A7D229DEF9C0022CA0D /* UserNotificationsUI.framework in Frameworks */ = {isa = PBXBuildFile; fileRef = E957E112229B04280019732A /* UserNotificationsUI.framework */; };
		E9079A87229DEF9C0022CA0D /* MessageNotificationContentExtension.appex in Embed Foundation Extensions */ = {isa = PBXBuildFile; fileRef = E9079A7B229DEF9C0022CA0D /* MessageNotificationContentExtension.appex */; platformFilter = ios; settings = {ATTRIBUTES = (RemoveHeadersOnCopy, ); }; };
		E957E12E229B10F80019732A /* UserNotifications.framework in Frameworks */ = {isa = PBXBuildFile; fileRef = E957E110229B04280019732A /* UserNotifications.framework */; };
		E957E12F229B10F80019732A /* UserNotificationsUI.framework in Frameworks */ = {isa = PBXBuildFile; fileRef = E957E112229B04280019732A /* UserNotificationsUI.framework */; };
		E957E139229B10F80019732A /* TransferNotificationContentExtension.appex in Embed Foundation Extensions */ = {isa = PBXBuildFile; fileRef = E957E12D229B10F80019732A /* TransferNotificationContentExtension.appex */; platformFilter = ios; settings = {ATTRIBUTES = (RemoveHeadersOnCopy, ); }; };
		E96D64E22295CD4700CA5587 /* NotificationServiceExtension.appex in Embed Foundation Extensions */ = {isa = PBXBuildFile; fileRef = E96D64DB2295CD4700CA5587 /* NotificationServiceExtension.appex */; platformFilter = ios; settings = {ATTRIBUTES = (RemoveHeadersOnCopy, ); }; };
/* End PBXBuildFile section */

/* Begin PBXContainerItemProxy section */
		E9079A85229DEF9C0022CA0D /* PBXContainerItemProxy */ = {
			isa = PBXContainerItemProxy;
			containerPortal = E913C8E61FFFA51D001A83F7 /* Project object */;
			proxyType = 1;
			remoteGlobalIDString = E9079A7A229DEF9C0022CA0D;
			remoteInfo = MessageNotificationContentExtension;
		};
		E957E137229B10F80019732A /* PBXContainerItemProxy */ = {
			isa = PBXContainerItemProxy;
			containerPortal = E913C8E61FFFA51D001A83F7 /* Project object */;
			proxyType = 1;
			remoteGlobalIDString = E957E12C229B10F80019732A;
			remoteInfo = TransferNotificationContentExtension;
		};
		E96D64E02295CD4700CA5587 /* PBXContainerItemProxy */ = {
			isa = PBXContainerItemProxy;
			containerPortal = E913C8E61FFFA51D001A83F7 /* Project object */;
			proxyType = 1;
			remoteGlobalIDString = E96D64DA2295CD4700CA5587;
			remoteInfo = NotificationServiceExtension;
		};
		E9EC344920066D4A00C0E546 /* PBXContainerItemProxy */ = {
			isa = PBXContainerItemProxy;
			containerPortal = E913C8E61FFFA51D001A83F7 /* Project object */;
			proxyType = 1;
			remoteGlobalIDString = E913C8ED1FFFA51D001A83F7;
			remoteInfo = Adamant;
		};
/* End PBXContainerItemProxy section */

/* Begin PBXCopyFilesBuildPhase section */
		A5AC8E01262E0B030053A7E2 /* Embed Frameworks */ = {
			isa = PBXCopyFilesBuildPhase;
			buildActionMask = 2147483647;
			dstPath = "";
			dstSubfolderSpec = 10;
			files = (
				A5AC8E00262E0B030053A7E2 /* SipHash in Embed Frameworks */,
			);
			name = "Embed Frameworks";
			runOnlyForDeploymentPostprocessing = 0;
		};
		E96D64E62295CD4700CA5587 /* Embed Foundation Extensions */ = {
			isa = PBXCopyFilesBuildPhase;
			buildActionMask = 2147483647;
			dstPath = "";
			dstSubfolderSpec = 13;
			files = (
				E957E139229B10F80019732A /* TransferNotificationContentExtension.appex in Embed Foundation Extensions */,
				E9079A87229DEF9C0022CA0D /* MessageNotificationContentExtension.appex in Embed Foundation Extensions */,
				E96D64E22295CD4700CA5587 /* NotificationServiceExtension.appex in Embed Foundation Extensions */,
			);
			name = "Embed Foundation Extensions";
			runOnlyForDeploymentPostprocessing = 0;
		};
/* End PBXCopyFilesBuildPhase section */

/* Begin PBXFileReference section */
		33975C0D891698AA7E74EBCC /* Pods_Adamant.framework */ = {isa = PBXFileReference; explicitFileType = wrapper.framework; includeInIndex = 0; path = Pods_Adamant.framework; sourceTree = BUILT_PRODUCTS_DIR; };
		36AB8CE9537B3B873972548B /* Pods_AdmCore.framework */ = {isa = PBXFileReference; explicitFileType = wrapper.framework; includeInIndex = 0; path = Pods_AdmCore.framework; sourceTree = BUILT_PRODUCTS_DIR; };
		4A4D67BD3DC89C07D1351248 /* Pods-AdmCore.release.xcconfig */ = {isa = PBXFileReference; includeInIndex = 1; lastKnownFileType = text.xcconfig; name = "Pods-AdmCore.release.xcconfig"; path = "Target Support Files/Pods-AdmCore/Pods-AdmCore.release.xcconfig"; sourceTree = "<group>"; };
		74D5744703A7ECC98E244B14 /* Pods-AdmCore.debug.xcconfig */ = {isa = PBXFileReference; includeInIndex = 1; lastKnownFileType = text.xcconfig; name = "Pods-AdmCore.debug.xcconfig"; path = "Target Support Files/Pods-AdmCore/Pods-AdmCore.debug.xcconfig"; sourceTree = "<group>"; };
		AD258997F050B24C0051CC8D /* Pods-Adamant.release.xcconfig */ = {isa = PBXFileReference; includeInIndex = 1; lastKnownFileType = text.xcconfig; name = "Pods-Adamant.release.xcconfig"; path = "Target Support Files/Pods-Adamant/Pods-Adamant.release.xcconfig"; sourceTree = "<group>"; };
		ADDFD2FA17E41CCBD11A1733 /* Pods-Adamant.debug.xcconfig */ = {isa = PBXFileReference; includeInIndex = 1; lastKnownFileType = text.xcconfig; name = "Pods-Adamant.debug.xcconfig"; path = "Target Support Files/Pods-Adamant/Pods-Adamant.debug.xcconfig"; sourceTree = "<group>"; };
		E9079A7B229DEF9C0022CA0D /* MessageNotificationContentExtension.appex */ = {isa = PBXFileReference; explicitFileType = "wrapper.app-extension"; includeInIndex = 0; path = MessageNotificationContentExtension.appex; sourceTree = BUILT_PRODUCTS_DIR; };
		E913C8EE1FFFA51D001A83F7 /* Adamant.app */ = {isa = PBXFileReference; explicitFileType = wrapper.application; includeInIndex = 0; path = Adamant.app; sourceTree = BUILT_PRODUCTS_DIR; };
		E957E110229B04280019732A /* UserNotifications.framework */ = {isa = PBXFileReference; lastKnownFileType = wrapper.framework; name = UserNotifications.framework; path = System/Library/Frameworks/UserNotifications.framework; sourceTree = SDKROOT; };
		E957E112229B04280019732A /* UserNotificationsUI.framework */ = {isa = PBXFileReference; lastKnownFileType = wrapper.framework; name = UserNotificationsUI.framework; path = System/Library/Frameworks/UserNotificationsUI.framework; sourceTree = SDKROOT; };
		E957E12D229B10F80019732A /* TransferNotificationContentExtension.appex */ = {isa = PBXFileReference; explicitFileType = "wrapper.app-extension"; includeInIndex = 0; path = TransferNotificationContentExtension.appex; sourceTree = BUILT_PRODUCTS_DIR; };
		E96D64DB2295CD4700CA5587 /* NotificationServiceExtension.appex */ = {isa = PBXFileReference; explicitFileType = "wrapper.app-extension"; includeInIndex = 0; path = NotificationServiceExtension.appex; sourceTree = BUILT_PRODUCTS_DIR; };
		E9EC344420066D4A00C0E546 /* AdamantTests.xctest */ = {isa = PBXFileReference; explicitFileType = wrapper.cfbundle; includeInIndex = 0; path = AdamantTests.xctest; sourceTree = BUILT_PRODUCTS_DIR; };
/* End PBXFileReference section */

/* Begin PBXFileSystemSynchronizedBuildFileExceptionSet section */
		D3A8604C2DA1C18D0007B599 /* Exceptions for "Adamant" folder in "Adamant" target */ = {
			isa = PBXFileSystemSynchronizedBuildFileExceptionSet;
			membershipExceptions = (
				Info.plist,
			);
			target = E913C8ED1FFFA51D001A83F7 /* Adamant */;
		};
		D3A8604D2DA1C18D0007B599 /* Exceptions for "Adamant" folder in "NotificationServiceExtension" target */ = {
			isa = PBXFileSystemSynchronizedBuildFileExceptionSet;
			membershipExceptions = (
				Assets/antic.mp3,
				Assets/cheers.mp3,
				Assets/chord.mp3,
				Assets/default.mp3,
				Assets/droplet.mp3,
				Assets/handoff.mp3,
				Assets/milestone.mp3,
				Assets/note.mp3,
				Assets/notification.mp3,
				Assets/passage.mp3,
				Assets/portal.mp3,
				Assets/rattle.mp3,
				Assets/rebound.mp3,
				"Assets/relax-message-tone.mp3",
				"Assets/short-success.mp3",
				Assets/slide.mp3,
				"Assets/so-proud-notification.mp3",
				Assets/welcome.mp3,
			);
			target = E96D64DA2295CD4700CA5587 /* NotificationServiceExtension */;
		};
		D3A860EB2DA1C1940007B599 /* Exceptions for "AdamantTests" folder in "AdamantTests" target */ = {
			isa = PBXFileSystemSynchronizedBuildFileExceptionSet;
			membershipExceptions = (
				Info.plist,
			);
			target = E9EC344320066D4A00C0E546 /* AdamantTests */;
		};
		D3A8618E2DA1C1AD0007B599 /* Exceptions for "NotificationServiceExtension" folder in "NotificationServiceExtension" target */ = {
			isa = PBXFileSystemSynchronizedBuildFileExceptionSet;
			membershipExceptions = (
				Info.plist,
			);
			target = E96D64DA2295CD4700CA5587 /* NotificationServiceExtension */;
		};
		D3A8618F2DA1C1AD0007B599 /* Exceptions for "NotificationServiceExtension" folder in "TransferNotificationContentExtension" target */ = {
			isa = PBXFileSystemSynchronizedBuildFileExceptionSet;
			membershipExceptions = (
				WalletImages/bitcoin_notificationContent.png,
			);
			target = E957E12C229B10F80019732A /* TransferNotificationContentExtension */;
		};
		D3A861992DA1C1B10007B599 /* Exceptions for "TransferNotificationContentExtension" folder in "TransferNotificationContentExtension" target */ = {
			isa = PBXFileSystemSynchronizedBuildFileExceptionSet;
			membershipExceptions = (
				"/Localized: MainInterface.storyboard",
				NotificationViewController.swift,
			);
			target = E957E12C229B10F80019732A /* TransferNotificationContentExtension */;
		};
		D3A861A32DA1C1B30007B599 /* Exceptions for "MessageNotificationContentExtension" folder in "MessageNotificationContentExtension" target */ = {
			isa = PBXFileSystemSynchronizedBuildFileExceptionSet;
			membershipExceptions = (
				"/Localized: MainInterface.storyboard",
				NotificationViewController.swift,
			);
			target = E9079A7A229DEF9C0022CA0D /* MessageNotificationContentExtension */;
		};
/* End PBXFileSystemSynchronizedBuildFileExceptionSet section */

/* Begin PBXFileSystemSynchronizedRootGroup section */
		D3A85E0B2DA1C18D0007B599 /* Adamant */ = {
			isa = PBXFileSystemSynchronizedRootGroup;
			exceptions = (
				D3A8604C2DA1C18D0007B599 /* Exceptions for "Adamant" folder in "Adamant" target */,
				D3A8604D2DA1C18D0007B599 /* Exceptions for "Adamant" folder in "NotificationServiceExtension" target */,
			);
			path = Adamant;
			sourceTree = "<group>";
		};
		D3A860A12DA1C1930007B599 /* AdamantTests */ = {
			isa = PBXFileSystemSynchronizedRootGroup;
			exceptions = (
				D3A860EB2DA1C1940007B599 /* Exceptions for "AdamantTests" folder in "AdamantTests" target */,
			);
			path = AdamantTests;
			sourceTree = "<group>";
		};
		D3A860F82DA1C1980007B599 /* NotificationsShared */ = {
			isa = PBXFileSystemSynchronizedRootGroup;
			path = NotificationsShared;
			sourceTree = "<group>";
		};
		D3A861672DA1C1AD0007B599 /* NotificationServiceExtension */ = {
			isa = PBXFileSystemSynchronizedRootGroup;
			exceptions = (
				D3A8618E2DA1C1AD0007B599 /* Exceptions for "NotificationServiceExtension" folder in "NotificationServiceExtension" target */,
				D3A8618F2DA1C1AD0007B599 /* Exceptions for "NotificationServiceExtension" folder in "TransferNotificationContentExtension" target */,
			);
			path = NotificationServiceExtension;
			sourceTree = "<group>";
		};
		D3A861962DA1C1B10007B599 /* TransferNotificationContentExtension */ = {
			isa = PBXFileSystemSynchronizedRootGroup;
			exceptions = (
				D3A861992DA1C1B10007B599 /* Exceptions for "TransferNotificationContentExtension" folder in "TransferNotificationContentExtension" target */,
			);
			path = TransferNotificationContentExtension;
			sourceTree = "<group>";
		};
		D3A861A02DA1C1B30007B599 /* MessageNotificationContentExtension */ = {
			isa = PBXFileSystemSynchronizedRootGroup;
			exceptions = (
				D3A861A32DA1C1B30007B599 /* Exceptions for "MessageNotificationContentExtension" folder in "MessageNotificationContentExtension" target */,
			);
			path = MessageNotificationContentExtension;
			sourceTree = "<group>";
		};
/* End PBXFileSystemSynchronizedRootGroup section */

/* Begin PBXFrameworksBuildPhase section */
		E9079A78229DEF9C0022CA0D /* Frameworks */ = {
			isa = PBXFrameworksBuildPhase;
			buildActionMask = 2147483647;
			files = (
				E9079A7D229DEF9C0022CA0D /* UserNotificationsUI.framework in Frameworks */,
				E9079A7C229DEF9C0022CA0D /* UserNotifications.framework in Frameworks */,
				A5F929B8262C858F00C3E60A /* MarkdownKit in Frameworks */,
				A5241B77262DEDEF009FA43E /* Clibsodium in Frameworks */,
				937751A92A68B3400054BD65 /* CommonKit in Frameworks */,
				55D1D851287B78FC00F94A4E /* SnapKit in Frameworks */,
				A57282D5262C94E500C96FA8 /* DateToolsSwift in Frameworks */,
			);
			runOnlyForDeploymentPostprocessing = 0;
		};
		E913C8EB1FFFA51D001A83F7 /* Frameworks */ = {
			isa = PBXFrameworksBuildPhase;
			buildActionMask = 2147483647;
			files = (
				A5AC8DFF262E0B030053A7E2 /* SipHash in Frameworks */,
				3A8875EF27BBF38D00436195 /* Parchment in Frameworks */,
				3C06931576393125C61FB8F6 /* Pods_Adamant.framework in Frameworks */,
				A50AEB0C262C81E300B37C22 /* QRCodeReader in Frameworks */,
				416F5EA4290162EB00EF0400 /* SocketIO in Frameworks */,
				A5F92994262C855B00C3E60A /* MarkdownKit in Frameworks */,
				3A833C402B99CDA000238F6A /* FilesStorageKit in Frameworks */,
				A50AEB04262C815200B37C22 /* EFQRCode in Frameworks */,
				A544F0D4262C9878001F1A6D /* Eureka in Frameworks */,
				3AC76E3D2AB09118008042C4 /* ElegantEmojiPicker in Frameworks */,
				A5785ADF262C63580001BC66 /* web3swift in Frameworks */,
				557AC306287B10D8004699D7 /* SnapKit in Frameworks */,
				9342F6C22A6A35E300A9B39F /* CommonKit in Frameworks */,
				A5F0A04B262C9CA90009672A /* Swinject in Frameworks */,
				A5DBBABD262C7221004AC028 /* Clibsodium in Frameworks */,
				6FB686162D3AAE8800CAB6DD /* AdamantWalletsKit in Frameworks */,
				938F7D582955C1DA001915CA /* MessageKit in Frameworks */,
				A530B0D82842110D003F0210 /* (null) in Frameworks */,
				4177E5E12A52DA7100C089FE /* AdvancedContextMenuKit in Frameworks */,
				A5D87BA3262CA01D00DC28F0 /* ProcedureKit in Frameworks */,
				A5C99E0E262C9E3A00F7B1B7 /* Reachability in Frameworks */,
				AA8FFFCA2D4E6435001D8576 /* CryptoSwift in Frameworks */,
				A5DBBAF0262C72EF004AC028 /* LiskKit in Frameworks */,
				93FA403629401BFC00D20DB6 /* PopupKit in Frameworks */,
				4184F1712A33044E00D7B8B9 /* FirebaseCrashlytics in Frameworks */,
				A5DBBAEE262C72EF004AC028 /* BitcoinKit in Frameworks */,
				A57282CA262C94CD00C96FA8 /* DateToolsSwift in Frameworks */,
				3A075C9E2B98A3B100714E3B /* FilesPickerKit in Frameworks */,
			);
			runOnlyForDeploymentPostprocessing = 0;
		};
		E957E12A229B10F80019732A /* Frameworks */ = {
			isa = PBXFrameworksBuildPhase;
			buildActionMask = 2147483647;
			files = (
				E957E12F229B10F80019732A /* UserNotificationsUI.framework in Frameworks */,
				E957E12E229B10F80019732A /* UserNotifications.framework in Frameworks */,
				A5F929B6262C858700C3E60A /* MarkdownKit in Frameworks */,
				A5241B70262DEDE1009FA43E /* Clibsodium in Frameworks */,
				937751A72A68B33A0054BD65 /* CommonKit in Frameworks */,
				55D1D84F287B78F200F94A4E /* SnapKit in Frameworks */,
				A57282D3262C94DF00C96FA8 /* DateToolsSwift in Frameworks */,
			);
			runOnlyForDeploymentPostprocessing = 0;
		};
		E96D64D82295CD4700CA5587 /* Frameworks */ = {
			isa = PBXFrameworksBuildPhase;
			buildActionMask = 2147483647;
			files = (
				937751A52A68B3320054BD65 /* CommonKit in Frameworks */,
				A57282D1262C94DA00C96FA8 /* DateToolsSwift in Frameworks */,
				A5F929AF262C857D00C3E60A /* MarkdownKit in Frameworks */,
				A5241B7E262DEDFE009FA43E /* Clibsodium in Frameworks */,
			);
			runOnlyForDeploymentPostprocessing = 0;
		};
		E9EC344120066D4A00C0E546 /* Frameworks */ = {
			isa = PBXFrameworksBuildPhase;
			buildActionMask = 2147483647;
			files = (
				B1C2BA722D90BF34001FE840 /* SwiftyMocky in Frameworks */,
				B18F4D712D986CD300F6917F /* SwiftyMockyXCTest in Frameworks */,
			);
			runOnlyForDeploymentPostprocessing = 0;
		};
/* End PBXFrameworksBuildPhase section */

/* Begin PBXGroup section */
		0C42C8036B708BFC84C34963 /* Pods */ = {
			isa = PBXGroup;
			children = (
				ADDFD2FA17E41CCBD11A1733 /* Pods-Adamant.debug.xcconfig */,
				AD258997F050B24C0051CC8D /* Pods-Adamant.release.xcconfig */,
				74D5744703A7ECC98E244B14 /* Pods-AdmCore.debug.xcconfig */,
				4A4D67BD3DC89C07D1351248 /* Pods-AdmCore.release.xcconfig */,
			);
			path = Pods;
			sourceTree = "<group>";
		};
		B92CFC9A479739E2046C81E9 /* Frameworks */ = {
			isa = PBXGroup;
			children = (
				33975C0D891698AA7E74EBCC /* Pods_Adamant.framework */,
				36AB8CE9537B3B873972548B /* Pods_AdmCore.framework */,
				E957E110229B04280019732A /* UserNotifications.framework */,
				E957E112229B04280019732A /* UserNotificationsUI.framework */,
			);
			name = Frameworks;
			sourceTree = "<group>";
		};
		E913C8E51FFFA51D001A83F7 = {
			isa = PBXGroup;
			children = (
				D3A85E0B2DA1C18D0007B599 /* Adamant */,
				D3A860A12DA1C1930007B599 /* AdamantTests */,
				D3A860F82DA1C1980007B599 /* NotificationsShared */,
				D3A861672DA1C1AD0007B599 /* NotificationServiceExtension */,
				D3A861962DA1C1B10007B599 /* TransferNotificationContentExtension */,
				D3A861A02DA1C1B30007B599 /* MessageNotificationContentExtension */,
				E9220E0C21988D9A009C9642 /* Recovered References */,
				0C42C8036B708BFC84C34963 /* Pods */,
				B92CFC9A479739E2046C81E9 /* Frameworks */,
				E913C8EF1FFFA51D001A83F7 /* Products */,
			);
			sourceTree = "<group>";
		};
		E913C8EF1FFFA51D001A83F7 /* Products */ = {
			isa = PBXGroup;
			children = (
				E913C8EE1FFFA51D001A83F7 /* Adamant.app */,
				E9EC344420066D4A00C0E546 /* AdamantTests.xctest */,
				E96D64DB2295CD4700CA5587 /* NotificationServiceExtension.appex */,
				E957E12D229B10F80019732A /* TransferNotificationContentExtension.appex */,
				E9079A7B229DEF9C0022CA0D /* MessageNotificationContentExtension.appex */,
			);
			name = Products;
			sourceTree = "<group>";
		};
		E9220E0C21988D9A009C9642 /* Recovered References */ = {
			isa = PBXGroup;
			children = (
			);
			name = "Recovered References";
			sourceTree = "<group>";
		};
/* End PBXGroup section */

/* Begin PBXNativeTarget section */
		E9079A7A229DEF9C0022CA0D /* MessageNotificationContentExtension */ = {
			isa = PBXNativeTarget;
			buildConfigurationList = E9079A8A229DEF9C0022CA0D /* Build configuration list for PBXNativeTarget "MessageNotificationContentExtension" */;
			buildPhases = (
				E9079A77229DEF9C0022CA0D /* Sources */,
				E9079A78229DEF9C0022CA0D /* Frameworks */,
				E9079A79229DEF9C0022CA0D /* Resources */,
			);
			buildRules = (
			);
			dependencies = (
			);
			fileSystemSynchronizedGroups = (
				D3A860F82DA1C1980007B599 /* NotificationsShared */,
			);
			name = MessageNotificationContentExtension;
			packageProductDependencies = (
				A5F929B7262C858F00C3E60A /* MarkdownKit */,
				A57282D4262C94E500C96FA8 /* DateToolsSwift */,
				A5241B76262DEDEF009FA43E /* Clibsodium */,
				55D1D850287B78FC00F94A4E /* SnapKit */,
				937751A82A68B3400054BD65 /* CommonKit */,
			);
			productName = MessageNotificationContentExtension;
			productReference = E9079A7B229DEF9C0022CA0D /* MessageNotificationContentExtension.appex */;
			productType = "com.apple.product-type.app-extension";
		};
		E913C8ED1FFFA51D001A83F7 /* Adamant */ = {
			isa = PBXNativeTarget;
			buildConfigurationList = E913C9001FFFA51E001A83F7 /* Build configuration list for PBXNativeTarget "Adamant" */;
			buildPhases = (
				47866E9AB7D201F2CED0064C /* [CP] Check Pods Manifest.lock */,
				9372E0412C9BC178006DF0B3 /* Run Script - Git Data */,
				E913C8EA1FFFA51D001A83F7 /* Sources */,
				E913C8EB1FFFA51D001A83F7 /* Frameworks */,
				E913C8EC1FFFA51D001A83F7 /* Resources */,
				629616F00016639A2AFC5FC7 /* [CP] Embed Pods Frameworks */,
				E96D64E62295CD4700CA5587 /* Embed Foundation Extensions */,
				A5AC8E01262E0B030053A7E2 /* Embed Frameworks */,
			);
			buildRules = (
			);
			dependencies = (
				E96D64E12295CD4700CA5587 /* PBXTargetDependency */,
				E957E138229B10F80019732A /* PBXTargetDependency */,
				E9079A86229DEF9C0022CA0D /* PBXTargetDependency */,
			);
			fileSystemSynchronizedGroups = (
				D3A85E0B2DA1C18D0007B599 /* Adamant */,
				D3A860F82DA1C1980007B599 /* NotificationsShared */,
			);
			name = Adamant;
			packageProductDependencies = (
				A5785ADE262C63580001BC66 /* web3swift */,
				A5DBBABC262C7221004AC028 /* Clibsodium */,
				A5DBBAED262C72EF004AC028 /* BitcoinKit */,
				A5DBBAEF262C72EF004AC028 /* LiskKit */,
				A50AEB03262C815200B37C22 /* EFQRCode */,
				A50AEB0B262C81E300B37C22 /* QRCodeReader */,
				A5F92993262C855B00C3E60A /* MarkdownKit */,
				A57282C9262C94CD00C96FA8 /* DateToolsSwift */,
				A544F0D3262C9878001F1A6D /* Eureka */,
				A5F0A04A262C9CA90009672A /* Swinject */,
				A5C99E0D262C9E3A00F7B1B7 /* Reachability */,
				A5D87BA2262CA01D00DC28F0 /* ProcedureKit */,
				A5AC8DFE262E0B030053A7E2 /* SipHash */,
				3A8875EE27BBF38D00436195 /* Parchment */,
				557AC305287B10D8004699D7 /* SnapKit */,
				416F5EA3290162EB00EF0400 /* SocketIO */,
				93FA403529401BFC00D20DB6 /* PopupKit */,
				938F7D572955C1DA001915CA /* MessageKit */,
				4184F1702A33044E00D7B8B9 /* FirebaseCrashlytics */,
				4177E5E02A52DA7100C089FE /* AdvancedContextMenuKit */,
				9342F6C12A6A35E300A9B39F /* CommonKit */,
				3AC76E3C2AB09118008042C4 /* ElegantEmojiPicker */,
				3A075C9D2B98A3B100714E3B /* FilesPickerKit */,
				3A833C3F2B99CDA000238F6A /* FilesStorageKit */,
				6FB686152D3AAE8800CAB6DD /* AdamantWalletsKit */,
				AA8FFFC92D4E6435001D8576 /* CryptoSwift */,
			);
			productName = Adamant;
			productReference = E913C8EE1FFFA51D001A83F7 /* Adamant.app */;
			productType = "com.apple.product-type.application";
		};
		E957E12C229B10F80019732A /* TransferNotificationContentExtension */ = {
			isa = PBXNativeTarget;
			buildConfigurationList = E957E13A229B10F80019732A /* Build configuration list for PBXNativeTarget "TransferNotificationContentExtension" */;
			buildPhases = (
				E957E129229B10F80019732A /* Sources */,
				E957E12A229B10F80019732A /* Frameworks */,
				E957E12B229B10F80019732A /* Resources */,
			);
			buildRules = (
			);
			dependencies = (
			);
			fileSystemSynchronizedGroups = (
				D3A860F82DA1C1980007B599 /* NotificationsShared */,
			);
			name = TransferNotificationContentExtension;
			packageProductDependencies = (
				A5F929B5262C858700C3E60A /* MarkdownKit */,
				A57282D2262C94DF00C96FA8 /* DateToolsSwift */,
				A5241B6F262DEDE1009FA43E /* Clibsodium */,
				55D1D84E287B78F200F94A4E /* SnapKit */,
				937751A62A68B33A0054BD65 /* CommonKit */,
			);
			productName = TransferNotificationContentExtension;
			productReference = E957E12D229B10F80019732A /* TransferNotificationContentExtension.appex */;
			productType = "com.apple.product-type.app-extension";
		};
		E96D64DA2295CD4700CA5587 /* NotificationServiceExtension */ = {
			isa = PBXNativeTarget;
			buildConfigurationList = E96D64E32295CD4700CA5587 /* Build configuration list for PBXNativeTarget "NotificationServiceExtension" */;
			buildPhases = (
				E96D64D72295CD4700CA5587 /* Sources */,
				E96D64D82295CD4700CA5587 /* Frameworks */,
				E96D64D92295CD4700CA5587 /* Resources */,
			);
			buildRules = (
			);
			dependencies = (
			);
			fileSystemSynchronizedGroups = (
				D3A860F82DA1C1980007B599 /* NotificationsShared */,
				D3A861672DA1C1AD0007B599 /* NotificationServiceExtension */,
			);
			name = NotificationServiceExtension;
			packageProductDependencies = (
				A5F929AE262C857D00C3E60A /* MarkdownKit */,
				A57282D0262C94DA00C96FA8 /* DateToolsSwift */,
				A5241B7D262DEDFE009FA43E /* Clibsodium */,
				937751A42A68B3320054BD65 /* CommonKit */,
			);
			productName = NotificationServiceExtension;
			productReference = E96D64DB2295CD4700CA5587 /* NotificationServiceExtension.appex */;
			productType = "com.apple.product-type.app-extension";
		};
		E9EC344320066D4A00C0E546 /* AdamantTests */ = {
			isa = PBXNativeTarget;
			buildConfigurationList = E9EC344B20066D4A00C0E546 /* Build configuration list for PBXNativeTarget "AdamantTests" */;
			buildPhases = (
				D332166F2D9AB16700D70FF8 /* Sourcery */,
				E9EC344020066D4A00C0E546 /* Sources */,
				E9EC344120066D4A00C0E546 /* Frameworks */,
				E9EC344220066D4A00C0E546 /* Resources */,
			);
			buildRules = (
			);
			dependencies = (
				E9EC344A20066D4A00C0E546 /* PBXTargetDependency */,
			);
			fileSystemSynchronizedGroups = (
				D3A860A12DA1C1930007B599 /* AdamantTests */,
			);
			name = AdamantTests;
			productName = AdamantTests;
			productReference = E9EC344420066D4A00C0E546 /* AdamantTests.xctest */;
			productType = "com.apple.product-type.bundle.unit-test";
		};
/* End PBXNativeTarget section */

/* Begin PBXProject section */
		E913C8E61FFFA51D001A83F7 /* Project object */ = {
			isa = PBXProject;
			attributes = {
				BuildIndependentTargetsInParallel = YES;
				LastSwiftUpdateCheck = 1010;
				LastUpgradeCheck = 1600;
				ORGANIZATIONNAME = Adamant;
				TargetAttributes = {
					E9079A7A229DEF9C0022CA0D = {
						CreatedOnToolsVersion = 10.1;
						LastSwiftMigration = 1240;
						SystemCapabilities = {
							com.apple.Keychain = {
								enabled = 1;
							};
						};
					};
					E913C8ED1FFFA51D001A83F7 = {
						CreatedOnToolsVersion = 9.2;
						LastSwiftMigration = 1240;
						SystemCapabilities = {
							com.apple.BackgroundModes = {
								enabled = 1;
							};
							com.apple.Keychain = {
								enabled = 1;
							};
							com.apple.Push = {
								enabled = 1;
							};
						};
					};
					E957E12C229B10F80019732A = {
						CreatedOnToolsVersion = 10.1;
						LastSwiftMigration = 1240;
						SystemCapabilities = {
							com.apple.Keychain = {
								enabled = 1;
							};
						};
					};
					E96D64DA2295CD4700CA5587 = {
						CreatedOnToolsVersion = 10.1;
						LastSwiftMigration = 1240;
						SystemCapabilities = {
							com.apple.Keychain = {
								enabled = 1;
							};
						};
					};
					E9EC344320066D4A00C0E546 = {
						CreatedOnToolsVersion = 9.2;
						LastSwiftMigration = 1240;
						ProvisioningStyle = Automatic;
						TestTargetID = E913C8ED1FFFA51D001A83F7;
					};
				};
			};
			buildConfigurationList = E913C8E91FFFA51D001A83F7 /* Build configuration list for PBXProject "Adamant" */;
			developmentRegion = en;
			hasScannedForEncodings = 0;
			knownRegions = (
				en,
				ru,
				de,
				Base,
				zh,
			);
			mainGroup = E913C8E51FFFA51D001A83F7;
			packageReferences = (
				A5785ADD262C63580001BC66 /* XCRemoteSwiftPackageReference "web3swift" */,
				A5DBBABB262C7221004AC028 /* XCRemoteSwiftPackageReference "swift-sodium" */,
				A50AEB02262C815200B37C22 /* XCRemoteSwiftPackageReference "EFQRCode" */,
				A50AEB0A262C81E300B37C22 /* XCRemoteSwiftPackageReference "QRCodeReader.swift" */,
				A5F92992262C855A00C3E60A /* XCRemoteSwiftPackageReference "MarkdownKit" */,
				A57282C8262C94CD00C96FA8 /* XCRemoteSwiftPackageReference "DateTools" */,
				A544F0D2262C9878001F1A6D /* XCRemoteSwiftPackageReference "Eureka" */,
				A5F0A049262C9CA90009672A /* XCRemoteSwiftPackageReference "Swinject" */,
				A5C99E0C262C9E3A00F7B1B7 /* XCRemoteSwiftPackageReference "Reachability" */,
				A5D87BA1262CA01D00DC28F0 /* XCRemoteSwiftPackageReference "ProcedureKit" */,
				A5AC8DFD262E0B030053A7E2 /* XCRemoteSwiftPackageReference "SipHash" */,
				3A8875ED27BBF38D00436195 /* XCRemoteSwiftPackageReference "Parchment" */,
				557AC304287B10D8004699D7 /* XCRemoteSwiftPackageReference "SnapKit" */,
				416F5EA2290162EB00EF0400 /* XCRemoteSwiftPackageReference "socket" */,
				938F7D562955C1DA001915CA /* XCRemoteSwiftPackageReference "MessageKit" */,
				4184F16F2A33044E00D7B8B9 /* XCRemoteSwiftPackageReference "firebase-ios-sdk" */,
				3AC76E3B2AB09118008042C4 /* XCRemoteSwiftPackageReference "Elegant-Emoji-Picker" */,
				AA8FFFC82D4E6435001D8576 /* XCRemoteSwiftPackageReference "CryptoSwift" */,
				B1C2BA702D90BF34001FE840 /* XCRemoteSwiftPackageReference "SwiftyMocky" */,
			);
			preferredProjectObjectVersion = 77;
			productRefGroup = E913C8EF1FFFA51D001A83F7 /* Products */;
			projectDirPath = "";
			projectRoot = "";
			targets = (
				E913C8ED1FFFA51D001A83F7 /* Adamant */,
				E9EC344320066D4A00C0E546 /* AdamantTests */,
				E96D64DA2295CD4700CA5587 /* NotificationServiceExtension */,
				E957E12C229B10F80019732A /* TransferNotificationContentExtension */,
				E9079A7A229DEF9C0022CA0D /* MessageNotificationContentExtension */,
			);
		};
/* End PBXProject section */

/* Begin PBXResourcesBuildPhase section */
		E9079A79229DEF9C0022CA0D /* Resources */ = {
			isa = PBXResourcesBuildPhase;
			buildActionMask = 2147483647;
			files = (
			);
			runOnlyForDeploymentPostprocessing = 0;
		};
		E913C8EC1FFFA51D001A83F7 /* Resources */ = {
			isa = PBXResourcesBuildPhase;
			buildActionMask = 2147483647;
			files = (
			);
			runOnlyForDeploymentPostprocessing = 0;
		};
		E957E12B229B10F80019732A /* Resources */ = {
			isa = PBXResourcesBuildPhase;
			buildActionMask = 2147483647;
			files = (
			);
			runOnlyForDeploymentPostprocessing = 0;
		};
		E96D64D92295CD4700CA5587 /* Resources */ = {
			isa = PBXResourcesBuildPhase;
			buildActionMask = 2147483647;
			files = (
			);
			runOnlyForDeploymentPostprocessing = 0;
		};
		E9EC344220066D4A00C0E546 /* Resources */ = {
			isa = PBXResourcesBuildPhase;
			buildActionMask = 2147483647;
			files = (
			);
			runOnlyForDeploymentPostprocessing = 0;
		};
/* End PBXResourcesBuildPhase section */

/* Begin PBXShellScriptBuildPhase section */
		47866E9AB7D201F2CED0064C /* [CP] Check Pods Manifest.lock */ = {
			isa = PBXShellScriptBuildPhase;
			buildActionMask = 2147483647;
			files = (
			);
			inputFileListPaths = (
			);
			inputPaths = (
				"${PODS_PODFILE_DIR_PATH}/Podfile.lock",
				"${PODS_ROOT}/Manifest.lock",
			);
			name = "[CP] Check Pods Manifest.lock";
			outputFileListPaths = (
			);
			outputPaths = (
				"$(DERIVED_FILE_DIR)/Pods-Adamant-checkManifestLockResult.txt",
			);
			runOnlyForDeploymentPostprocessing = 0;
			shellPath = /bin/sh;
			shellScript = "diff \"${PODS_PODFILE_DIR_PATH}/Podfile.lock\" \"${PODS_ROOT}/Manifest.lock\" > /dev/null\nif [ $? != 0 ] ; then\n    # print error to STDERR\n    echo \"error: The sandbox is not in sync with the Podfile.lock. Run 'pod install' or update your CocoaPods installation.\" >&2\n    exit 1\nfi\n# This output is used by Xcode 'outputs' to avoid re-running this script phase.\necho \"SUCCESS\" > \"${SCRIPT_OUTPUT_FILE_0}\"\n";
			showEnvVarsInLog = 0;
		};
		629616F00016639A2AFC5FC7 /* [CP] Embed Pods Frameworks */ = {
			isa = PBXShellScriptBuildPhase;
			buildActionMask = 2147483647;
			files = (
			);
			inputFileListPaths = (
				"${PODS_ROOT}/Target Support Files/Pods-Adamant/Pods-Adamant-frameworks-${CONFIGURATION}-input-files.xcfilelist",
			);
			name = "[CP] Embed Pods Frameworks";
			outputFileListPaths = (
				"${PODS_ROOT}/Target Support Files/Pods-Adamant/Pods-Adamant-frameworks-${CONFIGURATION}-output-files.xcfilelist",
			);
			runOnlyForDeploymentPostprocessing = 0;
			shellPath = /bin/sh;
			shellScript = "\"${PODS_ROOT}/Target Support Files/Pods-Adamant/Pods-Adamant-frameworks.sh\"\n";
			showEnvVarsInLog = 0;
		};
		9372E0412C9BC178006DF0B3 /* Run Script - Git Data */ = {
			isa = PBXShellScriptBuildPhase;
			buildActionMask = 2147483647;
			files = (
			);
			inputFileListPaths = (
			);
			inputPaths = (
				"$(SRCROOT)/CommonKit/Scripts/GitDataScript.sh",
			);
			name = "Run Script - Git Data";
			outputFileListPaths = (
			);
			outputPaths = (
			);
			runOnlyForDeploymentPostprocessing = 0;
			shellPath = /bin/sh;
			shellScript = "$SCRIPT_INPUT_FILE_0 xcode\n";
		};
		D332166F2D9AB16700D70FF8 /* Sourcery */ = {
			isa = PBXShellScriptBuildPhase;
			buildActionMask = 2147483647;
			files = (
			);
			inputFileListPaths = (
			);
			inputPaths = (
			);
			name = Sourcery;
			outputFileListPaths = (
			);
			outputPaths = (
			);
			runOnlyForDeploymentPostprocessing = 0;
			shellPath = /bin/sh;
			shellScript = "if [ -x /opt/homebrew/bin/sourcery ]; then\n    /opt/homebrew/bin/sourcery --config .sourcery.yml\nelse\n    echo \"🚨 Sourcery is not installed. Please install it to proceed.\" >&2\n    exit 1\nfi\n";
		};
/* End PBXShellScriptBuildPhase section */

/* Begin PBXSourcesBuildPhase section */
		E9079A77229DEF9C0022CA0D /* Sources */ = {
			isa = PBXSourcesBuildPhase;
			buildActionMask = 2147483647;
			files = (
			);
			runOnlyForDeploymentPostprocessing = 0;
		};
		E913C8EA1FFFA51D001A83F7 /* Sources */ = {
			isa = PBXSourcesBuildPhase;
			buildActionMask = 2147483647;
			files = (
				6403F5DB2272389800D58779 /* (null) in Sources */,
			);
			runOnlyForDeploymentPostprocessing = 0;
		};
		E957E129229B10F80019732A /* Sources */ = {
			isa = PBXSourcesBuildPhase;
			buildActionMask = 2147483647;
			files = (
			);
			runOnlyForDeploymentPostprocessing = 0;
		};
		E96D64D72295CD4700CA5587 /* Sources */ = {
			isa = PBXSourcesBuildPhase;
			buildActionMask = 2147483647;
			files = (
			);
			runOnlyForDeploymentPostprocessing = 0;
		};
		E9EC344020066D4A00C0E546 /* Sources */ = {
			isa = PBXSourcesBuildPhase;
			buildActionMask = 2147483647;
			files = (
			);
			runOnlyForDeploymentPostprocessing = 0;
		};
/* End PBXSourcesBuildPhase section */

/* Begin PBXTargetDependency section */
		E9079A86229DEF9C0022CA0D /* PBXTargetDependency */ = {
			isa = PBXTargetDependency;
			platformFilter = ios;
			target = E9079A7A229DEF9C0022CA0D /* MessageNotificationContentExtension */;
			targetProxy = E9079A85229DEF9C0022CA0D /* PBXContainerItemProxy */;
		};
		E957E138229B10F80019732A /* PBXTargetDependency */ = {
			isa = PBXTargetDependency;
			platformFilter = ios;
			target = E957E12C229B10F80019732A /* TransferNotificationContentExtension */;
			targetProxy = E957E137229B10F80019732A /* PBXContainerItemProxy */;
		};
		E96D64E12295CD4700CA5587 /* PBXTargetDependency */ = {
			isa = PBXTargetDependency;
			platformFilter = ios;
			target = E96D64DA2295CD4700CA5587 /* NotificationServiceExtension */;
			targetProxy = E96D64E02295CD4700CA5587 /* PBXContainerItemProxy */;
		};
		E9EC344A20066D4A00C0E546 /* PBXTargetDependency */ = {
			isa = PBXTargetDependency;
			target = E913C8ED1FFFA51D001A83F7 /* Adamant */;
			targetProxy = E9EC344920066D4A00C0E546 /* PBXContainerItemProxy */;
		};
/* End PBXTargetDependency section */

/* Begin XCBuildConfiguration section */
		E9079A88229DEF9C0022CA0D /* Debug */ = {
			isa = XCBuildConfiguration;
			buildSettings = {
				CLANG_ENABLE_OBJC_WEAK = YES;
				CODE_SIGN_ENTITLEMENTS = MessageNotificationContentExtension/Debug.entitlements;
				CODE_SIGN_IDENTITY = "Apple Development";
				CODE_SIGN_STYLE = Automatic;
				CURRENT_PROJECT_VERSION = 1;
				DEVELOPMENT_TEAM = J2L77FMN46;
				INFOPLIST_FILE = MessageNotificationContentExtension/Info.plist;
				IPHONEOS_DEPLOYMENT_TARGET = 15.0;
				LD_RUNPATH_SEARCH_PATHS = (
					"$(inherited)",
					"@executable_path/Frameworks",
					"@executable_path/../../Frameworks",
				);
				MARKETING_VERSION = 3.11.0;
				MTL_ENABLE_DEBUG_INFO = INCLUDE_SOURCE;
				MTL_FAST_MATH = YES;
				PRODUCT_BUNDLE_IDENTIFIER = "im.adamant.adamant-messenger-dev.MessageNotificationContentExtension";
				PRODUCT_NAME = "$(TARGET_NAME)";
				PROVISIONING_PROFILE_SPECIFIER = "";
				SKIP_INSTALL = YES;
				SUPPORTS_MACCATALYST = NO;
				SWIFT_EMIT_LOC_STRINGS = YES;
				SWIFT_VERSION = 5.0;
				TARGETED_DEVICE_FAMILY = "1,2";
			};
			name = Debug;
		};
		E9079A89229DEF9C0022CA0D /* Release */ = {
			isa = XCBuildConfiguration;
			buildSettings = {
				CLANG_ENABLE_OBJC_WEAK = YES;
				CODE_SIGN_ENTITLEMENTS = MessageNotificationContentExtension/Release.entitlements;
				CODE_SIGN_IDENTITY = "Apple Development";
				CODE_SIGN_STYLE = Automatic;
				CURRENT_PROJECT_VERSION = 1;
				DEVELOPMENT_TEAM = J2L77FMN46;
				INFOPLIST_FILE = MessageNotificationContentExtension/Info.plist;
				IPHONEOS_DEPLOYMENT_TARGET = 15.0;
				LD_RUNPATH_SEARCH_PATHS = (
					"$(inherited)",
					"@executable_path/Frameworks",
					"@executable_path/../../Frameworks",
				);
				MARKETING_VERSION = 3.11.0;
				MTL_FAST_MATH = YES;
				PRODUCT_BUNDLE_IDENTIFIER = "im.adamant.adamant-messenger.MessageNotificationContentExtension";
				PRODUCT_NAME = "$(TARGET_NAME)";
				PROVISIONING_PROFILE_SPECIFIER = "";
				SKIP_INSTALL = YES;
				SUPPORTS_MACCATALYST = NO;
				SWIFT_COMPILATION_MODE = wholemodule;
				SWIFT_EMIT_LOC_STRINGS = YES;
				SWIFT_OPTIMIZATION_LEVEL = "-O";
				SWIFT_VERSION = 5.0;
				TARGETED_DEVICE_FAMILY = "1,2";
			};
			name = Release;
		};
		E913C8FE1FFFA51E001A83F7 /* Debug */ = {
			isa = XCBuildConfiguration;
			buildSettings = {
				ALWAYS_SEARCH_USER_PATHS = NO;
				CLANG_ANALYZER_LOCALIZABILITY_NONLOCALIZED = YES;
				CLANG_ANALYZER_NONNULL = YES;
				CLANG_ANALYZER_NUMBER_OBJECT_CONVERSION = YES_AGGRESSIVE;
				CLANG_CXX_LANGUAGE_STANDARD = "gnu++14";
				CLANG_CXX_LIBRARY = "libc++";
				CLANG_ENABLE_MODULES = YES;
				CLANG_ENABLE_OBJC_ARC = YES;
				CLANG_WARN_BLOCK_CAPTURE_AUTORELEASING = YES;
				CLANG_WARN_BOOL_CONVERSION = YES;
				CLANG_WARN_COMMA = YES;
				CLANG_WARN_CONSTANT_CONVERSION = YES;
				CLANG_WARN_DEPRECATED_OBJC_IMPLEMENTATIONS = YES;
				CLANG_WARN_DIRECT_OBJC_ISA_USAGE = YES_ERROR;
				CLANG_WARN_DOCUMENTATION_COMMENTS = YES;
				CLANG_WARN_EMPTY_BODY = YES;
				CLANG_WARN_ENUM_CONVERSION = YES;
				CLANG_WARN_INFINITE_RECURSION = YES;
				CLANG_WARN_INT_CONVERSION = YES;
				CLANG_WARN_NON_LITERAL_NULL_CONVERSION = YES;
				CLANG_WARN_OBJC_IMPLICIT_RETAIN_SELF = YES;
				CLANG_WARN_OBJC_LITERAL_CONVERSION = YES;
				CLANG_WARN_OBJC_ROOT_CLASS = YES_ERROR;
				CLANG_WARN_QUOTED_INCLUDE_IN_FRAMEWORK_HEADER = YES;
				CLANG_WARN_RANGE_LOOP_ANALYSIS = YES;
				CLANG_WARN_STRICT_PROTOTYPES = YES;
				CLANG_WARN_SUSPICIOUS_MOVE = YES;
				CLANG_WARN_UNGUARDED_AVAILABILITY = YES_AGGRESSIVE;
				CLANG_WARN_UNREACHABLE_CODE = YES;
				CLANG_WARN__DUPLICATE_METHOD_MATCH = YES;
				CODE_SIGN_IDENTITY = "iPhone Developer";
				COPY_PHASE_STRIP = NO;
				DEBUG_INFORMATION_FORMAT = dwarf;
				ENABLE_STRICT_OBJC_MSGSEND = YES;
				ENABLE_TESTABILITY = YES;
				ENABLE_USER_SCRIPT_SANDBOXING = NO;
				GCC_C_LANGUAGE_STANDARD = gnu11;
				GCC_DYNAMIC_NO_PIC = NO;
				GCC_NO_COMMON_BLOCKS = YES;
				GCC_OPTIMIZATION_LEVEL = 0;
				GCC_PREPROCESSOR_DEFINITIONS = (
					"DEBUG=1",
					"$(inherited)",
				);
				GCC_WARN_64_TO_32_BIT_CONVERSION = YES;
				GCC_WARN_ABOUT_RETURN_TYPE = YES_ERROR;
				GCC_WARN_UNDECLARED_SELECTOR = YES;
				GCC_WARN_UNINITIALIZED_AUTOS = YES_AGGRESSIVE;
				GCC_WARN_UNUSED_FUNCTION = YES;
				GCC_WARN_UNUSED_VARIABLE = YES;
				IPHONEOS_DEPLOYMENT_TARGET = 15.0;
				MTL_ENABLE_DEBUG_INFO = YES;
				ONLY_ACTIVE_ARCH = YES;
				PRODUCT_NAME = ADAMANT;
				SDKROOT = iphoneos;
				SWIFT_ACTIVE_COMPILATION_CONDITIONS = DEBUG;
				SWIFT_OPTIMIZATION_LEVEL = "-Onone";
				SWIFT_VERSION = 6.0;
			};
			name = Debug;
		};
		E913C8FF1FFFA51E001A83F7 /* Release */ = {
			isa = XCBuildConfiguration;
			buildSettings = {
				ALWAYS_SEARCH_USER_PATHS = NO;
				CLANG_ANALYZER_LOCALIZABILITY_NONLOCALIZED = YES;
				CLANG_ANALYZER_NONNULL = YES;
				CLANG_ANALYZER_NUMBER_OBJECT_CONVERSION = YES_AGGRESSIVE;
				CLANG_CXX_LANGUAGE_STANDARD = "gnu++14";
				CLANG_CXX_LIBRARY = "libc++";
				CLANG_ENABLE_MODULES = YES;
				CLANG_ENABLE_OBJC_ARC = YES;
				CLANG_WARN_BLOCK_CAPTURE_AUTORELEASING = YES;
				CLANG_WARN_BOOL_CONVERSION = YES;
				CLANG_WARN_COMMA = YES;
				CLANG_WARN_CONSTANT_CONVERSION = YES;
				CLANG_WARN_DEPRECATED_OBJC_IMPLEMENTATIONS = YES;
				CLANG_WARN_DIRECT_OBJC_ISA_USAGE = YES_ERROR;
				CLANG_WARN_DOCUMENTATION_COMMENTS = YES;
				CLANG_WARN_EMPTY_BODY = YES;
				CLANG_WARN_ENUM_CONVERSION = YES;
				CLANG_WARN_INFINITE_RECURSION = YES;
				CLANG_WARN_INT_CONVERSION = YES;
				CLANG_WARN_NON_LITERAL_NULL_CONVERSION = YES;
				CLANG_WARN_OBJC_IMPLICIT_RETAIN_SELF = YES;
				CLANG_WARN_OBJC_LITERAL_CONVERSION = YES;
				CLANG_WARN_OBJC_ROOT_CLASS = YES_ERROR;
				CLANG_WARN_QUOTED_INCLUDE_IN_FRAMEWORK_HEADER = YES;
				CLANG_WARN_RANGE_LOOP_ANALYSIS = YES;
				CLANG_WARN_STRICT_PROTOTYPES = YES;
				CLANG_WARN_SUSPICIOUS_MOVE = YES;
				CLANG_WARN_UNGUARDED_AVAILABILITY = YES_AGGRESSIVE;
				CLANG_WARN_UNREACHABLE_CODE = YES;
				CLANG_WARN__DUPLICATE_METHOD_MATCH = YES;
				CODE_SIGN_IDENTITY = "iPhone Developer";
				COPY_PHASE_STRIP = NO;
				DEBUG_INFORMATION_FORMAT = "dwarf-with-dsym";
				ENABLE_NS_ASSERTIONS = NO;
				ENABLE_STRICT_OBJC_MSGSEND = YES;
				ENABLE_USER_SCRIPT_SANDBOXING = NO;
				GCC_C_LANGUAGE_STANDARD = gnu11;
				GCC_NO_COMMON_BLOCKS = YES;
				GCC_WARN_64_TO_32_BIT_CONVERSION = YES;
				GCC_WARN_ABOUT_RETURN_TYPE = YES_ERROR;
				GCC_WARN_UNDECLARED_SELECTOR = YES;
				GCC_WARN_UNINITIALIZED_AUTOS = YES_AGGRESSIVE;
				GCC_WARN_UNUSED_FUNCTION = YES;
				GCC_WARN_UNUSED_VARIABLE = YES;
				IPHONEOS_DEPLOYMENT_TARGET = 15.0;
				MTL_ENABLE_DEBUG_INFO = NO;
				PRODUCT_NAME = ADAMANT;
				SDKROOT = iphoneos;
				SWIFT_COMPILATION_MODE = wholemodule;
				SWIFT_VERSION = 6.0;
				VALIDATE_PRODUCT = YES;
			};
			name = Release;
		};
		E913C9011FFFA51E001A83F7 /* Debug */ = {
			isa = XCBuildConfiguration;
			baseConfigurationReference = ADDFD2FA17E41CCBD11A1733 /* Pods-Adamant.debug.xcconfig */;
			buildSettings = {
				ASSETCATALOG_COMPILER_APPICON_NAME = AppIcon_Debug;
				CODE_SIGN_ENTITLEMENTS = Adamant/Debug.entitlements;
				CODE_SIGN_IDENTITY = "Apple Development";
				CODE_SIGN_STYLE = Automatic;
				CURRENT_PROJECT_VERSION = 1;
				DEBUG_INFORMATION_FORMAT = "dwarf-with-dsym";
				DEVELOPMENT_TEAM = J2L77FMN46;
				DISPLAY_NAME = ADM.Dev;
				EXCLUDED_SOURCE_FILE_NAMES = "";
				GCC_NO_COMMON_BLOCKS = YES;
				INFOPLIST_FILE = Adamant/Info.plist;
				IPHONEOS_DEPLOYMENT_TARGET = 15.0;
				LD_RUNPATH_SEARCH_PATHS = (
					"$(inherited)",
					"@executable_path/Frameworks",
				);
				MARKETING_VERSION = 3.11.0;
				PRODUCT_BUNDLE_IDENTIFIER = "im.adamant.adamant-messenger-dev";
				PRODUCT_NAME = "$(TARGET_NAME)";
				PROVISIONING_PROFILE_SPECIFIER = "";
				SUPPORTS_MACCATALYST = NO;
				SWIFT_EMIT_LOC_STRINGS = YES;
				SWIFT_VERSION = 5.0;
				TARGETED_DEVICE_FAMILY = "1,2";
			};
			name = Debug;
		};
		E913C9021FFFA51E001A83F7 /* Release */ = {
			isa = XCBuildConfiguration;
			baseConfigurationReference = AD258997F050B24C0051CC8D /* Pods-Adamant.release.xcconfig */;
			buildSettings = {
				ASSETCATALOG_COMPILER_APPICON_NAME = AppIcon;
				CODE_SIGN_ENTITLEMENTS = Adamant/Release.entitlements;
				CODE_SIGN_IDENTITY = "Apple Development";
				CODE_SIGN_STYLE = Automatic;
				CURRENT_PROJECT_VERSION = 1;
				DEBUG_INFORMATION_FORMAT = "dwarf-with-dsym";
				DEVELOPMENT_TEAM = J2L77FMN46;
				DISPLAY_NAME = Adamant;
				EXCLUDED_SOURCE_FILE_NAMES = Debug.xcassets;
				GCC_NO_COMMON_BLOCKS = YES;
				INFOPLIST_FILE = Adamant/Info.plist;
				IPHONEOS_DEPLOYMENT_TARGET = 15.0;
				LD_RUNPATH_SEARCH_PATHS = (
					"$(inherited)",
					"@executable_path/Frameworks",
				);
				MARKETING_VERSION = 3.11.0;
				PRODUCT_BUNDLE_IDENTIFIER = "im.adamant.adamant-messenger";
				PRODUCT_NAME = "$(TARGET_NAME)";
				PROVISIONING_PROFILE_SPECIFIER = "";
				SUPPORTS_MACCATALYST = NO;
				SWIFT_COMPILATION_MODE = wholemodule;
				SWIFT_EMIT_LOC_STRINGS = YES;
				SWIFT_VERSION = 5.0;
				TARGETED_DEVICE_FAMILY = "1,2";
			};
			name = Release;
		};
		E957E13B229B10F80019732A /* Debug */ = {
			isa = XCBuildConfiguration;
			buildSettings = {
				CLANG_ENABLE_OBJC_WEAK = YES;
				CODE_SIGN_ENTITLEMENTS = TransferNotificationContentExtension/Debug.entitlements;
				CODE_SIGN_IDENTITY = "Apple Development";
				CODE_SIGN_STYLE = Automatic;
				CURRENT_PROJECT_VERSION = 1;
				DEVELOPMENT_TEAM = J2L77FMN46;
				INFOPLIST_FILE = TransferNotificationContentExtension/Info.plist;
				IPHONEOS_DEPLOYMENT_TARGET = 15.0;
				LD_RUNPATH_SEARCH_PATHS = (
					"$(inherited)",
					"@executable_path/Frameworks",
					"@executable_path/../../Frameworks",
				);
				MARKETING_VERSION = 3.11.0;
				MTL_ENABLE_DEBUG_INFO = INCLUDE_SOURCE;
				MTL_FAST_MATH = YES;
				PRODUCT_BUNDLE_IDENTIFIER = "im.adamant.adamant-messenger-dev.TransferNotificationContentExtension";
				PRODUCT_NAME = "$(TARGET_NAME)";
				PROVISIONING_PROFILE_SPECIFIER = "";
				SKIP_INSTALL = YES;
				SUPPORTS_MACCATALYST = NO;
				SWIFT_EMIT_LOC_STRINGS = YES;
				SWIFT_VERSION = 5.0;
				TARGETED_DEVICE_FAMILY = "1,2";
			};
			name = Debug;
		};
		E957E13C229B10F80019732A /* Release */ = {
			isa = XCBuildConfiguration;
			buildSettings = {
				CLANG_ENABLE_OBJC_WEAK = YES;
				CODE_SIGN_ENTITLEMENTS = TransferNotificationContentExtension/Release.entitlements;
				CODE_SIGN_IDENTITY = "Apple Development";
				CODE_SIGN_STYLE = Automatic;
				CURRENT_PROJECT_VERSION = 1;
				DEVELOPMENT_TEAM = J2L77FMN46;
				INFOPLIST_FILE = TransferNotificationContentExtension/Info.plist;
				IPHONEOS_DEPLOYMENT_TARGET = 15.0;
				LD_RUNPATH_SEARCH_PATHS = (
					"$(inherited)",
					"@executable_path/Frameworks",
					"@executable_path/../../Frameworks",
				);
				MARKETING_VERSION = 3.11.0;
				MTL_FAST_MATH = YES;
				PRODUCT_BUNDLE_IDENTIFIER = "im.adamant.adamant-messenger.TransferNotificationContentExtension";
				PRODUCT_NAME = "$(TARGET_NAME)";
				PROVISIONING_PROFILE_SPECIFIER = "";
				SKIP_INSTALL = YES;
				SUPPORTS_MACCATALYST = NO;
				SWIFT_COMPILATION_MODE = wholemodule;
				SWIFT_EMIT_LOC_STRINGS = YES;
				SWIFT_OPTIMIZATION_LEVEL = "-O";
				SWIFT_VERSION = 5.0;
				TARGETED_DEVICE_FAMILY = "1,2";
			};
			name = Release;
		};
		E96D64E42295CD4700CA5587 /* Debug */ = {
			isa = XCBuildConfiguration;
			buildSettings = {
				CLANG_ENABLE_OBJC_WEAK = YES;
				CODE_SIGN_ENTITLEMENTS = NotificationServiceExtension/Debug.entitlements;
				CODE_SIGN_IDENTITY = "Apple Development";
				CODE_SIGN_STYLE = Automatic;
				CURRENT_PROJECT_VERSION = 1;
				DEVELOPMENT_TEAM = J2L77FMN46;
				INFOPLIST_FILE = NotificationServiceExtension/Info.plist;
				IPHONEOS_DEPLOYMENT_TARGET = 15.0;
				LD_RUNPATH_SEARCH_PATHS = (
					"$(inherited)",
					"@executable_path/Frameworks",
					"@executable_path/../../Frameworks",
				);
				MARKETING_VERSION = 3.11.0;
				MTL_ENABLE_DEBUG_INFO = INCLUDE_SOURCE;
				MTL_FAST_MATH = YES;
				PRODUCT_BUNDLE_IDENTIFIER = "im.adamant.adamant-messenger-dev.NotificationServiceExtension";
				PRODUCT_NAME = "$(TARGET_NAME)";
				PROVISIONING_PROFILE_SPECIFIER = "";
				SKIP_INSTALL = YES;
				SUPPORTS_MACCATALYST = NO;
				SWIFT_EMIT_LOC_STRINGS = YES;
				SWIFT_VERSION = 5.0;
				TARGETED_DEVICE_FAMILY = "1,2";
			};
			name = Debug;
		};
		E96D64E52295CD4700CA5587 /* Release */ = {
			isa = XCBuildConfiguration;
			buildSettings = {
				CLANG_ENABLE_OBJC_WEAK = YES;
				CODE_SIGN_ENTITLEMENTS = NotificationServiceExtension/Release.entitlements;
				CODE_SIGN_IDENTITY = "Apple Development";
				CODE_SIGN_STYLE = Automatic;
				CURRENT_PROJECT_VERSION = 1;
				DEVELOPMENT_TEAM = J2L77FMN46;
				INFOPLIST_FILE = NotificationServiceExtension/Info.plist;
				IPHONEOS_DEPLOYMENT_TARGET = 15.0;
				LD_RUNPATH_SEARCH_PATHS = (
					"$(inherited)",
					"@executable_path/Frameworks",
					"@executable_path/../../Frameworks",
				);
				MARKETING_VERSION = 3.11.0;
				MTL_FAST_MATH = YES;
				PRODUCT_BUNDLE_IDENTIFIER = "im.adamant.adamant-messenger.NotificationServiceExtension";
				PRODUCT_NAME = "$(TARGET_NAME)";
				PROVISIONING_PROFILE_SPECIFIER = "";
				SKIP_INSTALL = YES;
				SUPPORTS_MACCATALYST = NO;
				SWIFT_COMPILATION_MODE = wholemodule;
				SWIFT_EMIT_LOC_STRINGS = YES;
				SWIFT_OPTIMIZATION_LEVEL = "-O";
				SWIFT_VERSION = 5.0;
				TARGETED_DEVICE_FAMILY = "1,2";
			};
			name = Release;
		};
		E9EC344C20066D4A00C0E546 /* Debug */ = {
			isa = XCBuildConfiguration;
			buildSettings = {
				BUNDLE_LOADER = "$(TEST_HOST)";
				CODE_SIGN_IDENTITY = "Apple Development";
				CODE_SIGN_STYLE = Automatic;
				DEVELOPMENT_TEAM = J2L77FMN46;
				INFOPLIST_FILE = AdamantTests/Info.plist;
				IPHONEOS_DEPLOYMENT_TARGET = 15.0;
				LD_RUNPATH_SEARCH_PATHS = (
					"$(inherited)",
					"@executable_path/Frameworks",
					"@loader_path/Frameworks",
				);
				PRODUCT_BUNDLE_IDENTIFIER = im.adamant.AdamantTests;
				PRODUCT_NAME = "$(TARGET_NAME)";
				PROVISIONING_PROFILE_SPECIFIER = "";
				SWIFT_VERSION = 5.0;
				TARGETED_DEVICE_FAMILY = "1,2";
				TEST_HOST = "$(BUILT_PRODUCTS_DIR)/Adamant.app/Adamant";
			};
			name = Debug;
		};
		E9EC344D20066D4A00C0E546 /* Release */ = {
			isa = XCBuildConfiguration;
			buildSettings = {
				BUNDLE_LOADER = "$(TEST_HOST)";
				CODE_SIGN_IDENTITY = "Apple Development";
				CODE_SIGN_STYLE = Automatic;
				DEVELOPMENT_TEAM = J2L77FMN46;
				INFOPLIST_FILE = AdamantTests/Info.plist;
				IPHONEOS_DEPLOYMENT_TARGET = 15.0;
				LD_RUNPATH_SEARCH_PATHS = (
					"$(inherited)",
					"@executable_path/Frameworks",
					"@loader_path/Frameworks",
				);
				PRODUCT_BUNDLE_IDENTIFIER = im.adamant.AdamantTests;
				PRODUCT_NAME = "$(TARGET_NAME)";
				PROVISIONING_PROFILE_SPECIFIER = "";
				SWIFT_VERSION = 5.0;
				TARGETED_DEVICE_FAMILY = "1,2";
				TEST_HOST = "$(BUILT_PRODUCTS_DIR)/Adamant.app/Adamant";
			};
			name = Release;
		};
/* End XCBuildConfiguration section */

/* Begin XCConfigurationList section */
		E9079A8A229DEF9C0022CA0D /* Build configuration list for PBXNativeTarget "MessageNotificationContentExtension" */ = {
			isa = XCConfigurationList;
			buildConfigurations = (
				E9079A88229DEF9C0022CA0D /* Debug */,
				E9079A89229DEF9C0022CA0D /* Release */,
			);
			defaultConfigurationIsVisible = 0;
			defaultConfigurationName = Release;
		};
		E913C8E91FFFA51D001A83F7 /* Build configuration list for PBXProject "Adamant" */ = {
			isa = XCConfigurationList;
			buildConfigurations = (
				E913C8FE1FFFA51E001A83F7 /* Debug */,
				E913C8FF1FFFA51E001A83F7 /* Release */,
			);
			defaultConfigurationIsVisible = 0;
			defaultConfigurationName = Release;
		};
		E913C9001FFFA51E001A83F7 /* Build configuration list for PBXNativeTarget "Adamant" */ = {
			isa = XCConfigurationList;
			buildConfigurations = (
				E913C9011FFFA51E001A83F7 /* Debug */,
				E913C9021FFFA51E001A83F7 /* Release */,
			);
			defaultConfigurationIsVisible = 0;
			defaultConfigurationName = Release;
		};
		E957E13A229B10F80019732A /* Build configuration list for PBXNativeTarget "TransferNotificationContentExtension" */ = {
			isa = XCConfigurationList;
			buildConfigurations = (
				E957E13B229B10F80019732A /* Debug */,
				E957E13C229B10F80019732A /* Release */,
			);
			defaultConfigurationIsVisible = 0;
			defaultConfigurationName = Release;
		};
		E96D64E32295CD4700CA5587 /* Build configuration list for PBXNativeTarget "NotificationServiceExtension" */ = {
			isa = XCConfigurationList;
			buildConfigurations = (
				E96D64E42295CD4700CA5587 /* Debug */,
				E96D64E52295CD4700CA5587 /* Release */,
			);
			defaultConfigurationIsVisible = 0;
			defaultConfigurationName = Release;
		};
		E9EC344B20066D4A00C0E546 /* Build configuration list for PBXNativeTarget "AdamantTests" */ = {
			isa = XCConfigurationList;
			buildConfigurations = (
				E9EC344C20066D4A00C0E546 /* Debug */,
				E9EC344D20066D4A00C0E546 /* Release */,
			);
			defaultConfigurationIsVisible = 0;
			defaultConfigurationName = Release;
		};
/* End XCConfigurationList section */

/* Begin XCRemoteSwiftPackageReference section */
		3A8875ED27BBF38D00436195 /* XCRemoteSwiftPackageReference "Parchment" */ = {
			isa = XCRemoteSwiftPackageReference;
			repositoryURL = "https://github.com/rechsteiner/Parchment";
			requirement = {
				branch = main;
				kind = branch;
			};
		};
		3AC76E3B2AB09118008042C4 /* XCRemoteSwiftPackageReference "Elegant-Emoji-Picker" */ = {
			isa = XCRemoteSwiftPackageReference;
			repositoryURL = "https://github.com/Finalet/Elegant-Emoji-Picker";
			requirement = {
				branch = main;
				kind = branch;
			};
		};
		416F5EA2290162EB00EF0400 /* XCRemoteSwiftPackageReference "socket" */ = {
			isa = XCRemoteSwiftPackageReference;
			repositoryURL = "https://github.com/socketio/socket.io-client-swift";
			requirement = {
				branch = master;
				kind = branch;
			};
		};
		4184F16F2A33044E00D7B8B9 /* XCRemoteSwiftPackageReference "firebase-ios-sdk" */ = {
			isa = XCRemoteSwiftPackageReference;
			repositoryURL = "https://github.com/firebase/firebase-ios-sdk";
			requirement = {
				kind = upToNextMajorVersion;
				minimumVersion = 9.0.0;
			};
		};
		557AC304287B10D8004699D7 /* XCRemoteSwiftPackageReference "SnapKit" */ = {
			isa = XCRemoteSwiftPackageReference;
			repositoryURL = "https://github.com/SnapKit/SnapKit.git";
			requirement = {
				kind = upToNextMajorVersion;
				minimumVersion = 5.0.0;
			};
		};
		938F7D562955C1DA001915CA /* XCRemoteSwiftPackageReference "MessageKit" */ = {
			isa = XCRemoteSwiftPackageReference;
			repositoryURL = "https://github.com/MessageKit/MessageKit.git";
			requirement = {
				kind = upToNextMajorVersion;
				minimumVersion = 4.0.0;
			};
		};
		A50AEB02262C815200B37C22 /* XCRemoteSwiftPackageReference "EFQRCode" */ = {
			isa = XCRemoteSwiftPackageReference;
			repositoryURL = "https://github.com/EFPrefix/EFQRCode.git";
			requirement = {
				kind = upToNextMinorVersion;
				minimumVersion = 6.2.2;
			};
		};
		A50AEB0A262C81E300B37C22 /* XCRemoteSwiftPackageReference "QRCodeReader.swift" */ = {
			isa = XCRemoteSwiftPackageReference;
			repositoryURL = "https://github.com/yannickl/QRCodeReader.swift.git";
			requirement = {
				kind = upToNextMinorVersion;
				minimumVersion = 10.1.1;
			};
		};
		A544F0D2262C9878001F1A6D /* XCRemoteSwiftPackageReference "Eureka" */ = {
			isa = XCRemoteSwiftPackageReference;
			repositoryURL = "https://github.com/xmartlabs/Eureka.git";
			requirement = {
				kind = upToNextMinorVersion;
				minimumVersion = 5.3.3;
			};
		};
		A57282C8262C94CD00C96FA8 /* XCRemoteSwiftPackageReference "DateTools" */ = {
			isa = XCRemoteSwiftPackageReference;
			repositoryURL = "https://github.com/maniramezan/DateTools.git";
			requirement = {
				branch = mani_swiftpm_5_3;
				kind = branch;
			};
		};
		A5785ADD262C63580001BC66 /* XCRemoteSwiftPackageReference "web3swift" */ = {
			isa = XCRemoteSwiftPackageReference;
			repositoryURL = "https://github.com/skywinder/web3swift.git";
			requirement = {
				kind = upToNextMajorVersion;
				minimumVersion = 3.2.2;
			};
		};
		A5AC8DFD262E0B030053A7E2 /* XCRemoteSwiftPackageReference "SipHash" */ = {
			isa = XCRemoteSwiftPackageReference;
			repositoryURL = "https://github.com/attaswift/SipHash";
			requirement = {
				kind = upToNextMajorVersion;
				minimumVersion = 1.2.2;
			};
		};
		A5C99E0C262C9E3A00F7B1B7 /* XCRemoteSwiftPackageReference "Reachability" */ = {
			isa = XCRemoteSwiftPackageReference;
			repositoryURL = "https://github.com/ashleymills/Reachability.swift";
			requirement = {
				kind = upToNextMinorVersion;
				minimumVersion = 5.1.0;
			};
		};
		A5D87BA1262CA01D00DC28F0 /* XCRemoteSwiftPackageReference "ProcedureKit" */ = {
			isa = XCRemoteSwiftPackageReference;
			repositoryURL = "https://github.com/ProcedureKit/ProcedureKit.git";
			requirement = {
				kind = upToNextMinorVersion;
				minimumVersion = 5.2.0;
			};
		};
		A5DBBABB262C7221004AC028 /* XCRemoteSwiftPackageReference "swift-sodium" */ = {
			isa = XCRemoteSwiftPackageReference;
			repositoryURL = "https://github.com/jedisct1/swift-sodium.git";
			requirement = {
				kind = upToNextMinorVersion;
				minimumVersion = 0.9.1;
			};
		};
		A5F0A049262C9CA90009672A /* XCRemoteSwiftPackageReference "Swinject" */ = {
			isa = XCRemoteSwiftPackageReference;
			repositoryURL = "https://github.com/Swinject/Swinject.git";
			requirement = {
				kind = upToNextMinorVersion;
				minimumVersion = 2.7.1;
			};
		};
		A5F92992262C855A00C3E60A /* XCRemoteSwiftPackageReference "MarkdownKit" */ = {
			isa = XCRemoteSwiftPackageReference;
			repositoryURL = "https://github.com/bmoliveira/MarkdownKit.git";
			requirement = {
				kind = upToNextMinorVersion;
				minimumVersion = 1.7.0;
			};
		};
		AA8FFFC82D4E6435001D8576 /* XCRemoteSwiftPackageReference "CryptoSwift" */ = {
			isa = XCRemoteSwiftPackageReference;
			repositoryURL = "https://github.com/Adamant-im/CryptoSwift.git";
			requirement = {
				kind = revision;
				revision = ae1cc15340ddf0f607981f9118fe80d7fd7cd2b5;
			};
		};
		B1C2BA702D90BF34001FE840 /* XCRemoteSwiftPackageReference "SwiftyMocky" */ = {
			isa = XCRemoteSwiftPackageReference;
			repositoryURL = "https://github.com/qonto/SwiftyMocky";
			requirement = {
				kind = upToNextMajorVersion;
				minimumVersion = 4.2.2;
			};
		};
/* End XCRemoteSwiftPackageReference section */

/* Begin XCSwiftPackageProductDependency section */
		3A075C9D2B98A3B100714E3B /* FilesPickerKit */ = {
			isa = XCSwiftPackageProductDependency;
			productName = FilesPickerKit;
		};
		3A833C3F2B99CDA000238F6A /* FilesStorageKit */ = {
			isa = XCSwiftPackageProductDependency;
			productName = FilesStorageKit;
		};
		3A8875EE27BBF38D00436195 /* Parchment */ = {
			isa = XCSwiftPackageProductDependency;
			package = 3A8875ED27BBF38D00436195 /* XCRemoteSwiftPackageReference "Parchment" */;
			productName = Parchment;
		};
		3AC76E3C2AB09118008042C4 /* ElegantEmojiPicker */ = {
			isa = XCSwiftPackageProductDependency;
			package = 3AC76E3B2AB09118008042C4 /* XCRemoteSwiftPackageReference "Elegant-Emoji-Picker" */;
			productName = ElegantEmojiPicker;
		};
		416F5EA3290162EB00EF0400 /* SocketIO */ = {
			isa = XCSwiftPackageProductDependency;
			package = 416F5EA2290162EB00EF0400 /* XCRemoteSwiftPackageReference "socket" */;
			productName = SocketIO;
		};
		4177E5E02A52DA7100C089FE /* AdvancedContextMenuKit */ = {
			isa = XCSwiftPackageProductDependency;
			productName = AdvancedContextMenuKit;
		};
		4184F1702A33044E00D7B8B9 /* FirebaseCrashlytics */ = {
			isa = XCSwiftPackageProductDependency;
			package = 4184F16F2A33044E00D7B8B9 /* XCRemoteSwiftPackageReference "firebase-ios-sdk" */;
			productName = FirebaseCrashlytics;
		};
		557AC305287B10D8004699D7 /* SnapKit */ = {
			isa = XCSwiftPackageProductDependency;
			package = 557AC304287B10D8004699D7 /* XCRemoteSwiftPackageReference "SnapKit" */;
			productName = SnapKit;
		};
		55D1D84E287B78F200F94A4E /* SnapKit */ = {
			isa = XCSwiftPackageProductDependency;
			package = 557AC304287B10D8004699D7 /* XCRemoteSwiftPackageReference "SnapKit" */;
			productName = SnapKit;
		};
		55D1D850287B78FC00F94A4E /* SnapKit */ = {
			isa = XCSwiftPackageProductDependency;
			package = 557AC304287B10D8004699D7 /* XCRemoteSwiftPackageReference "SnapKit" */;
			productName = SnapKit;
		};
		6FB686152D3AAE8800CAB6DD /* AdamantWalletsKit */ = {
			isa = XCSwiftPackageProductDependency;
			productName = AdamantWalletsKit;
		};
		9342F6C12A6A35E300A9B39F /* CommonKit */ = {
			isa = XCSwiftPackageProductDependency;
			productName = CommonKit;
		};
		937751A42A68B3320054BD65 /* CommonKit */ = {
			isa = XCSwiftPackageProductDependency;
			productName = CommonKit;
		};
		937751A62A68B33A0054BD65 /* CommonKit */ = {
			isa = XCSwiftPackageProductDependency;
			productName = CommonKit;
		};
		937751A82A68B3400054BD65 /* CommonKit */ = {
			isa = XCSwiftPackageProductDependency;
			productName = CommonKit;
		};
		938F7D572955C1DA001915CA /* MessageKit */ = {
			isa = XCSwiftPackageProductDependency;
			package = 938F7D562955C1DA001915CA /* XCRemoteSwiftPackageReference "MessageKit" */;
			productName = MessageKit;
		};
		93FA403529401BFC00D20DB6 /* PopupKit */ = {
			isa = XCSwiftPackageProductDependency;
			productName = PopupKit;
		};
		A50AEB03262C815200B37C22 /* EFQRCode */ = {
			isa = XCSwiftPackageProductDependency;
			package = A50AEB02262C815200B37C22 /* XCRemoteSwiftPackageReference "EFQRCode" */;
			productName = EFQRCode;
		};
		A50AEB0B262C81E300B37C22 /* QRCodeReader */ = {
			isa = XCSwiftPackageProductDependency;
			package = A50AEB0A262C81E300B37C22 /* XCRemoteSwiftPackageReference "QRCodeReader.swift" */;
			productName = QRCodeReader;
		};
		A5241B6F262DEDE1009FA43E /* Clibsodium */ = {
			isa = XCSwiftPackageProductDependency;
			package = A5DBBABB262C7221004AC028 /* XCRemoteSwiftPackageReference "swift-sodium" */;
			productName = Clibsodium;
		};
		A5241B76262DEDEF009FA43E /* Clibsodium */ = {
			isa = XCSwiftPackageProductDependency;
			package = A5DBBABB262C7221004AC028 /* XCRemoteSwiftPackageReference "swift-sodium" */;
			productName = Clibsodium;
		};
		A5241B7D262DEDFE009FA43E /* Clibsodium */ = {
			isa = XCSwiftPackageProductDependency;
			package = A5DBBABB262C7221004AC028 /* XCRemoteSwiftPackageReference "swift-sodium" */;
			productName = Clibsodium;
		};
		A544F0D3262C9878001F1A6D /* Eureka */ = {
			isa = XCSwiftPackageProductDependency;
			package = A544F0D2262C9878001F1A6D /* XCRemoteSwiftPackageReference "Eureka" */;
			productName = Eureka;
		};
		A57282C9262C94CD00C96FA8 /* DateToolsSwift */ = {
			isa = XCSwiftPackageProductDependency;
			package = A57282C8262C94CD00C96FA8 /* XCRemoteSwiftPackageReference "DateTools" */;
			productName = DateToolsSwift;
		};
		A57282D0262C94DA00C96FA8 /* DateToolsSwift */ = {
			isa = XCSwiftPackageProductDependency;
			package = A57282C8262C94CD00C96FA8 /* XCRemoteSwiftPackageReference "DateTools" */;
			productName = DateToolsSwift;
		};
		A57282D2262C94DF00C96FA8 /* DateToolsSwift */ = {
			isa = XCSwiftPackageProductDependency;
			package = A57282C8262C94CD00C96FA8 /* XCRemoteSwiftPackageReference "DateTools" */;
			productName = DateToolsSwift;
		};
		A57282D4262C94E500C96FA8 /* DateToolsSwift */ = {
			isa = XCSwiftPackageProductDependency;
			package = A57282C8262C94CD00C96FA8 /* XCRemoteSwiftPackageReference "DateTools" */;
			productName = DateToolsSwift;
		};
		A5785ADE262C63580001BC66 /* web3swift */ = {
			isa = XCSwiftPackageProductDependency;
			package = A5785ADD262C63580001BC66 /* XCRemoteSwiftPackageReference "web3swift" */;
			productName = web3swift;
		};
		A5AC8DFE262E0B030053A7E2 /* SipHash */ = {
			isa = XCSwiftPackageProductDependency;
			package = A5AC8DFD262E0B030053A7E2 /* XCRemoteSwiftPackageReference "SipHash" */;
			productName = SipHash;
		};
		A5C99E0D262C9E3A00F7B1B7 /* Reachability */ = {
			isa = XCSwiftPackageProductDependency;
			package = A5C99E0C262C9E3A00F7B1B7 /* XCRemoteSwiftPackageReference "Reachability" */;
			productName = Reachability;
		};
		A5D87BA2262CA01D00DC28F0 /* ProcedureKit */ = {
			isa = XCSwiftPackageProductDependency;
			package = A5D87BA1262CA01D00DC28F0 /* XCRemoteSwiftPackageReference "ProcedureKit" */;
			productName = ProcedureKit;
		};
		A5DBBABC262C7221004AC028 /* Clibsodium */ = {
			isa = XCSwiftPackageProductDependency;
			package = A5DBBABB262C7221004AC028 /* XCRemoteSwiftPackageReference "swift-sodium" */;
			productName = Clibsodium;
		};
		A5DBBAED262C72EF004AC028 /* BitcoinKit */ = {
			isa = XCSwiftPackageProductDependency;
			productName = BitcoinKit;
		};
		A5DBBAEF262C72EF004AC028 /* LiskKit */ = {
			isa = XCSwiftPackageProductDependency;
			productName = LiskKit;
		};
		A5F0A04A262C9CA90009672A /* Swinject */ = {
			isa = XCSwiftPackageProductDependency;
			package = A5F0A049262C9CA90009672A /* XCRemoteSwiftPackageReference "Swinject" */;
			productName = Swinject;
		};
		A5F92993262C855B00C3E60A /* MarkdownKit */ = {
			isa = XCSwiftPackageProductDependency;
			package = A5F92992262C855A00C3E60A /* XCRemoteSwiftPackageReference "MarkdownKit" */;
			productName = MarkdownKit;
		};
		A5F929AE262C857D00C3E60A /* MarkdownKit */ = {
			isa = XCSwiftPackageProductDependency;
			package = A5F92992262C855A00C3E60A /* XCRemoteSwiftPackageReference "MarkdownKit" */;
			productName = MarkdownKit;
		};
		A5F929B5262C858700C3E60A /* MarkdownKit */ = {
			isa = XCSwiftPackageProductDependency;
			package = A5F92992262C855A00C3E60A /* XCRemoteSwiftPackageReference "MarkdownKit" */;
			productName = MarkdownKit;
		};
		A5F929B7262C858F00C3E60A /* MarkdownKit */ = {
			isa = XCSwiftPackageProductDependency;
			package = A5F92992262C855A00C3E60A /* XCRemoteSwiftPackageReference "MarkdownKit" */;
			productName = MarkdownKit;
		};
		AA8FFFC92D4E6435001D8576 /* CryptoSwift */ = {
			isa = XCSwiftPackageProductDependency;
			package = AA8FFFC82D4E6435001D8576 /* XCRemoteSwiftPackageReference "CryptoSwift" */;
			productName = CryptoSwift;
		};
		B18F4D702D986CD300F6917F /* SwiftyMockyXCTest */ = {
			isa = XCSwiftPackageProductDependency;
			package = B1C2BA702D90BF34001FE840 /* XCRemoteSwiftPackageReference "SwiftyMocky" */;
			productName = SwiftyMockyXCTest;
		};
		B1C2BA712D90BF34001FE840 /* SwiftyMocky */ = {
			isa = XCSwiftPackageProductDependency;
			package = B1C2BA702D90BF34001FE840 /* XCRemoteSwiftPackageReference "SwiftyMocky" */;
			productName = SwiftyMocky;
		};
/* End XCSwiftPackageProductDependency section */
	};
	rootObject = E913C8E61FFFA51D001A83F7 /* Project object */;
}
