// !$*UTF8*$!
{
	archiveVersion = 1;
	classes = {
	};
	objectVersion = 48;
	objects = {

/* Begin PBXBuildFile section */
		4411402421C8B290703B13EB /* Pods_Adamant.framework in Frameworks */ = {isa = PBXBuildFile; fileRef = C107D5CB65B4D728B9D97C0F /* Pods_Adamant.framework */; };
		E913C8F21FFFA51D001A83F7 /* AppDelegate.swift in Sources */ = {isa = PBXBuildFile; fileRef = E913C8F11FFFA51D001A83F7 /* AppDelegate.swift */; };
		E913C8F71FFFA51D001A83F7 /* Main.storyboard in Resources */ = {isa = PBXBuildFile; fileRef = E913C8F51FFFA51D001A83F7 /* Main.storyboard */; };
		E913C8F91FFFA51D001A83F7 /* Assets.xcassets in Resources */ = {isa = PBXBuildFile; fileRef = E913C8F81FFFA51D001A83F7 /* Assets.xcassets */; };
		E913C8FC1FFFA51D001A83F7 /* LaunchScreen.storyboard in Resources */ = {isa = PBXBuildFile; fileRef = E913C8FA1FFFA51D001A83F7 /* LaunchScreen.storyboard */; };
		E913C9081FFFA943001A83F7 /* AdamantCore.swift in Sources */ = {isa = PBXBuildFile; fileRef = E913C9071FFFA943001A83F7 /* AdamantCore.swift */; };
		E913C90D1FFFA99B001A83F7 /* Keypair.swift in Sources */ = {isa = PBXBuildFile; fileRef = E913C90C1FFFA99B001A83F7 /* Keypair.swift */; };
		E913C9171FFFAF76001A83F7 /* JSAdamantCore.swift in Sources */ = {isa = PBXBuildFile; fileRef = E913C9161FFFAF76001A83F7 /* JSAdamantCore.swift */; };
		E919479C2000102E001362F8 /* LoginViewController.swift in Sources */ = {isa = PBXBuildFile; fileRef = E919479B2000102E001362F8 /* LoginViewController.swift */; };
		E919479E20001048001362F8 /* Login.storyboard in Resources */ = {isa = PBXBuildFile; fileRef = E919479D20001048001362F8 /* Login.storyboard */; };
		E91947AC20001A9A001362F8 /* ApiService.swift in Sources */ = {isa = PBXBuildFile; fileRef = E91947AB20001A9A001362F8 /* ApiService.swift */; };
		E91947B020002393001362F8 /* AdamantApiService.swift in Sources */ = {isa = PBXBuildFile; fileRef = E91947AF20002393001362F8 /* AdamantApiService.swift */; };
		E91947B22000246A001362F8 /* AdamantError.swift in Sources */ = {isa = PBXBuildFile; fileRef = E91947B12000246A001362F8 /* AdamantError.swift */; };
		E91947B420002809001362F8 /* Account.swift in Sources */ = {isa = PBXBuildFile; fileRef = E91947B320002809001362F8 /* Account.swift */; };
		E93580D9201607DA0057FC2E /* knownContacts.json in Resources */ = {isa = PBXBuildFile; fileRef = E93580D8201607DA0057FC2E /* knownContacts.json */; };
		E93580DB20160BC10057FC2E /* ContactsService.swift in Sources */ = {isa = PBXBuildFile; fileRef = E93580DA20160BC10057FC2E /* ContactsService.swift */; };
		E93580DD20160BD30057FC2E /* KnownContactsService.swift in Sources */ = {isa = PBXBuildFile; fileRef = E93580DC20160BD30057FC2E /* KnownContactsService.swift */; };
		E93EFE13200D1156000BB482 /* ChatViewController.swift in Sources */ = {isa = PBXBuildFile; fileRef = E93EFE12200D1156000BB482 /* ChatViewController.swift */; };
		E948E03B20235E2300975D6B /* SettingsRoutes.swift in Sources */ = {isa = PBXBuildFile; fileRef = E948E03A20235E2300975D6B /* SettingsRoutes.swift */; };
		E95F856520067A030070534A /* GlobalConstants.swift in Sources */ = {isa = PBXBuildFile; fileRef = E95F856420067A030070534A /* GlobalConstants.swift */; };
		E95F85692006AB9D0070534A /* NormalizedTransaction.swift in Sources */ = {isa = PBXBuildFile; fileRef = E95F85682006AB9D0070534A /* NormalizedTransaction.swift */; };
		E95F856B200789450070534A /* JSModels.swift in Sources */ = {isa = PBXBuildFile; fileRef = E95F856A200789450070534A /* JSModels.swift */; };
		E95F856F2007B61D0070534A /* GetPublicKeyResponse.swift in Sources */ = {isa = PBXBuildFile; fileRef = E95F856E2007B61D0070534A /* GetPublicKeyResponse.swift */; };
		E95F85712007D98D0070534A /* CurrencyFormatterTests.swift in Sources */ = {isa = PBXBuildFile; fileRef = E95F85702007D98D0070534A /* CurrencyFormatterTests.swift */; };
		E95F85752007E4790070534A /* HexAndBytesUtilitiesTest.swift in Sources */ = {isa = PBXBuildFile; fileRef = E95F85742007E4790070534A /* HexAndBytesUtilitiesTest.swift */; };
		E95F85772007E8EC0070534A /* JSAdamantCoreTests.swift in Sources */ = {isa = PBXBuildFile; fileRef = E95F85762007E8EC0070534A /* JSAdamantCoreTests.swift */; };
		E95F857A2007F0260070534A /* ServerResponse.swift in Sources */ = {isa = PBXBuildFile; fileRef = E95F85792007F0260070534A /* ServerResponse.swift */; };
		E95F857D2008C8CB0070534A /* Chats.storyboard in Resources */ = {isa = PBXBuildFile; fileRef = E95F857C2008C8CB0070534A /* Chats.storyboard */; };
		E95F85802008C8D70070534A /* ChatsRoutes.swift in Sources */ = {isa = PBXBuildFile; fileRef = E95F857E2008C8D60070534A /* ChatsRoutes.swift */; };
		E95F85812008C8D70070534A /* ChatsDependencies.swift in Sources */ = {isa = PBXBuildFile; fileRef = E95F857F2008C8D70070534A /* ChatsDependencies.swift */; };
		E95F85852008CB3A0070534A /* ChatsListViewController.swift in Sources */ = {isa = PBXBuildFile; fileRef = E95F85842008CB3A0070534A /* ChatsListViewController.swift */; };
		E95F85872008FDBF0070534A /* Chat.swift in Sources */ = {isa = PBXBuildFile; fileRef = E95F85862008FDBF0070534A /* Chat.swift */; };
		E95F8589200900B10070534A /* ChatType.swift in Sources */ = {isa = PBXBuildFile; fileRef = E95F8588200900B10070534A /* ChatType.swift */; };
		E95F858B200931410070534A /* TransactionAsset.swift in Sources */ = {isa = PBXBuildFile; fileRef = E95F858A200931410070534A /* TransactionAsset.swift */; };
		E95F858E20093F940070534A /* ChatDataProvider.swift in Sources */ = {isa = PBXBuildFile; fileRef = E95F858D20093F940070534A /* ChatDataProvider.swift */; };
		E95F859120093FB30070534A /* CoreDataChatProvider.swift in Sources */ = {isa = PBXBuildFile; fileRef = E95F859020093FB30070534A /* CoreDataChatProvider.swift */; };
		E95F85AD200952AF0070534A /* ChatTransaction+CoreDataClass.swift in Sources */ = {isa = PBXBuildFile; fileRef = E95F85A9200952AF0070534A /* ChatTransaction+CoreDataClass.swift */; };
		E95F85AE200952AF0070534A /* ChatTransaction+CoreDataProperties.swift in Sources */ = {isa = PBXBuildFile; fileRef = E95F85AA200952AF0070534A /* ChatTransaction+CoreDataProperties.swift */; };
		E95F85AF200952AF0070534A /* Chatroom+CoreDataClass.swift in Sources */ = {isa = PBXBuildFile; fileRef = E95F85AB200952AF0070534A /* Chatroom+CoreDataClass.swift */; };
		E95F85B0200952AF0070534A /* Chatroom+CoreDataProperties.swift in Sources */ = {isa = PBXBuildFile; fileRef = E95F85AC200952AF0070534A /* Chatroom+CoreDataProperties.swift */; };
		E95F85B3200954D00070534A /* ChatModels.xcdatamodeld in Sources */ = {isa = PBXBuildFile; fileRef = E95F85B1200954D00070534A /* ChatModels.xcdatamodeld */; };
		E95F85B7200A4D8F0070534A /* TestTools.swift in Sources */ = {isa = PBXBuildFile; fileRef = E95F85B6200A4D8F0070534A /* TestTools.swift */; };
		E95F85BA200A4DC90070534A /* TransactionSend.json in Resources */ = {isa = PBXBuildFile; fileRef = E95F85B9200A4DC90070534A /* TransactionSend.json */; };
		E95F85BC200A4E670070534A /* ParsingModelsTests.swift in Sources */ = {isa = PBXBuildFile; fileRef = E95F85BB200A4E670070534A /* ParsingModelsTests.swift */; };
		E95F85BE200A503A0070534A /* TransactionChat.json in Resources */ = {isa = PBXBuildFile; fileRef = E95F85BD200A503A0070534A /* TransactionChat.json */; };
		E95F85C0200A51BB0070534A /* Account.json in Resources */ = {isa = PBXBuildFile; fileRef = E95F85BF200A51BB0070534A /* Account.json */; };
		E95F85C2200A53E90070534A /* NormalizedTransaction.json in Resources */ = {isa = PBXBuildFile; fileRef = E95F85C1200A53E90070534A /* NormalizedTransaction.json */; };
		E95F85C4200A540B0070534A /* Chat.json in Resources */ = {isa = PBXBuildFile; fileRef = E95F85C3200A540B0070534A /* Chat.json */; };
		E95F85C7200A9B070070534A /* ChatTableViewCell.swift in Sources */ = {isa = PBXBuildFile; fileRef = E95F85C5200A9B070070534A /* ChatTableViewCell.swift */; };
		E95F85C8200A9B070070534A /* ChatTableViewCell.xib in Resources */ = {isa = PBXBuildFile; fileRef = E95F85C6200A9B070070534A /* ChatTableViewCell.xib */; };
		E982F69A20235B1300566AC7 /* Settings.storyboard in Resources */ = {isa = PBXBuildFile; fileRef = E982F69920235B1300566AC7 /* Settings.storyboard */; };
		E982F69C20235B4D00566AC7 /* SettingsTableViewController.swift in Sources */ = {isa = PBXBuildFile; fileRef = E982F69B20235B4D00566AC7 /* SettingsTableViewController.swift */; };
		E9B6CC48201753D000486EA1 /* Header.xib in Resources */ = {isa = PBXBuildFile; fileRef = E9B6CC47201753D000486EA1 /* Header.xib */; };
		E9B6CC51201763FE00486EA1 /* ButtonTableViewCell.swift in Sources */ = {isa = PBXBuildFile; fileRef = E9B6CC4F201763FE00486EA1 /* ButtonTableViewCell.swift */; };
		E9B6CC52201763FE00486EA1 /* ButtonTableViewCell.xib in Resources */ = {isa = PBXBuildFile; fileRef = E9B6CC50201763FE00486EA1 /* ButtonTableViewCell.xib */; };
		E9B6CC5520176F3300486EA1 /* TextViewTableViewCell.swift in Sources */ = {isa = PBXBuildFile; fileRef = E9B6CC5320176F3300486EA1 /* TextViewTableViewCell.swift */; };
		E9B6CC5620176F3300486EA1 /* TextViewTableViewCell.xib in Resources */ = {isa = PBXBuildFile; fileRef = E9B6CC5420176F3300486EA1 /* TextViewTableViewCell.xib */; };
		E9B6CC5F201793D800486EA1 /* MultilineLableTableViewCell.swift in Sources */ = {isa = PBXBuildFile; fileRef = E9B6CC5D201793D800486EA1 /* MultilineLableTableViewCell.swift */; };
		E9B6CC60201793D800486EA1 /* MultilineLableTableViewCell.xib in Resources */ = {isa = PBXBuildFile; fileRef = E9B6CC5E201793D800486EA1 /* MultilineLableTableViewCell.xib */; };
		E9C51ECB200E2AA100385EB7 /* FeeCalculator.swift in Sources */ = {isa = PBXBuildFile; fileRef = E9C51ECA200E2AA100385EB7 /* FeeCalculator.swift */; };
		E9C51ECD200E2BF900385EB7 /* HardFeeCalculator.swift in Sources */ = {isa = PBXBuildFile; fileRef = E9C51ECC200E2BF900385EB7 /* HardFeeCalculator.swift */; };
		E9C51ECF200E2D1100385EB7 /* HardFeeCalculatorTests.swift in Sources */ = {isa = PBXBuildFile; fileRef = E9C51ECE200E2D1100385EB7 /* HardFeeCalculatorTests.swift */; };
		E9C51EED2011416E00385EB7 /* adamant-core.js in Resources */ = {isa = PBXBuildFile; fileRef = E9C51EEC2011416E00385EB7 /* adamant-core.js */; };
		E9C51EEF20139DC600385EB7 /* ProcessTransactionResponse.swift in Sources */ = {isa = PBXBuildFile; fileRef = E9C51EEE20139DC600385EB7 /* ProcessTransactionResponse.swift */; };
		E9C51EF12013F18000385EB7 /* NewChatViewController.swift in Sources */ = {isa = PBXBuildFile; fileRef = E9C51EF02013F18000385EB7 /* NewChatViewController.swift */; };
		E9CAE8D22018AA7700345E76 /* AdamantApi+Accounts.swift in Sources */ = {isa = PBXBuildFile; fileRef = E9CAE8D12018AA7700345E76 /* AdamantApi+Accounts.swift */; };
		E9CAE8D42018AC1800345E76 /* AdamantApi+Keys.swift in Sources */ = {isa = PBXBuildFile; fileRef = E9CAE8D32018AC1800345E76 /* AdamantApi+Keys.swift */; };
		E9CAE8D62018AC5300345E76 /* AdamantApi+Transactions.swift in Sources */ = {isa = PBXBuildFile; fileRef = E9CAE8D52018AC5300345E76 /* AdamantApi+Transactions.swift */; };
		E9CAE8D82018ACA700345E76 /* AdamantApi+Transfers.swift in Sources */ = {isa = PBXBuildFile; fileRef = E9CAE8D72018ACA700345E76 /* AdamantApi+Transfers.swift */; };
		E9CAE8DA2018ACD300345E76 /* AdamantApi+Chats.swift in Sources */ = {isa = PBXBuildFile; fileRef = E9CAE8D92018ACD300345E76 /* AdamantApi+Chats.swift */; };
		E9E7CD8B20026B0600DFC4DB /* AccountService.swift in Sources */ = {isa = PBXBuildFile; fileRef = E9E7CD8A20026B0600DFC4DB /* AccountService.swift */; };
		E9E7CD8D20026B6600DFC4DB /* DialogService.swift in Sources */ = {isa = PBXBuildFile; fileRef = E9E7CD8C20026B6600DFC4DB /* DialogService.swift */; };
		E9E7CD8F20026CD300DFC4DB /* AdamantDialogService.swift in Sources */ = {isa = PBXBuildFile; fileRef = E9E7CD8E20026CD300DFC4DB /* AdamantDialogService.swift */; };
		E9E7CD9120026FA100DFC4DB /* SwinjectDependencies.swift in Sources */ = {isa = PBXBuildFile; fileRef = E9E7CD9020026FA100DFC4DB /* SwinjectDependencies.swift */; };
		E9E7CD932002740500DFC4DB /* AdamantAccountService.swift in Sources */ = {isa = PBXBuildFile; fileRef = E9E7CD922002740500DFC4DB /* AdamantAccountService.swift */; };
		E9E7CD952002812400DFC4DB /* LoginDependencies.swift in Sources */ = {isa = PBXBuildFile; fileRef = E9E7CD942002812400DFC4DB /* LoginDependencies.swift */; };
		E9E7CDA72002AECA00DFC4DB /* Account.storyboard in Resources */ = {isa = PBXBuildFile; fileRef = E9E7CDA62002AECA00DFC4DB /* Account.storyboard */; };
		E9E7CDA92002AF1E00DFC4DB /* AccountDependencies.swift in Sources */ = {isa = PBXBuildFile; fileRef = E9E7CDA82002AF1E00DFC4DB /* AccountDependencies.swift */; };
		E9E7CDAC2002AFA500DFC4DB /* AccountViewController.swift in Sources */ = {isa = PBXBuildFile; fileRef = E9E7CDAA2002AFA500DFC4DB /* AccountViewController.swift */; };
		E9E7CDAF2002B8A100DFC4DB /* Router.swift in Sources */ = {isa = PBXBuildFile; fileRef = E9E7CDAE2002B8A100DFC4DB /* Router.swift */; };
		E9E7CDB12002B97B00DFC4DB /* AccountRoutes.swift in Sources */ = {isa = PBXBuildFile; fileRef = E9E7CDB02002B97B00DFC4DB /* AccountRoutes.swift */; };
		E9E7CDB32002B9FB00DFC4DB /* LoginRoutes.swift in Sources */ = {isa = PBXBuildFile; fileRef = E9E7CDB22002B9FB00DFC4DB /* LoginRoutes.swift */; };
		E9E7CDB52002BA6900DFC4DB /* SwinjectedRouter.swift in Sources */ = {isa = PBXBuildFile; fileRef = E9E7CDB42002BA6900DFC4DB /* SwinjectedRouter.swift */; };
		E9E7CDB72003994E00DFC4DB /* AdamantUtilities.swift in Sources */ = {isa = PBXBuildFile; fileRef = E9E7CDB62003994E00DFC4DB /* AdamantUtilities.swift */; };
		E9E7CDBB2003AAA700DFC4DB /* RoundAvatarTableViewCell.swift in Sources */ = {isa = PBXBuildFile; fileRef = E9E7CDB92003AAA700DFC4DB /* RoundAvatarTableViewCell.swift */; };
		E9E7CDBC2003AAA700DFC4DB /* RoundAvatarTableViewCell.xib in Resources */ = {isa = PBXBuildFile; fileRef = E9E7CDBA2003AAA700DFC4DB /* RoundAvatarTableViewCell.xib */; };
		E9E7CDBE2003AEFB00DFC4DB /* CellFactory.swift in Sources */ = {isa = PBXBuildFile; fileRef = E9E7CDBD2003AEFB00DFC4DB /* CellFactory.swift */; };
		E9E7CDC02003AF6D00DFC4DB /* AdamantCellFactory.swift in Sources */ = {isa = PBXBuildFile; fileRef = E9E7CDBF2003AF6D00DFC4DB /* AdamantCellFactory.swift */; };
		E9E7CDC22003F5A400DFC4DB /* TransactionsViewController.swift in Sources */ = {isa = PBXBuildFile; fileRef = E9E7CDC12003F5A400DFC4DB /* TransactionsViewController.swift */; };
		E9E7CDC72003F6D200DFC4DB /* TransactionTableViewCell.swift in Sources */ = {isa = PBXBuildFile; fileRef = E9E7CDC52003F6D200DFC4DB /* TransactionTableViewCell.swift */; };
		E9E7CDC82003F6D200DFC4DB /* TransactionTableViewCell.xib in Resources */ = {isa = PBXBuildFile; fileRef = E9E7CDC62003F6D200DFC4DB /* TransactionTableViewCell.xib */; };
		E9E7CDCA20040CC200DFC4DB /* Transaction.swift in Sources */ = {isa = PBXBuildFile; fileRef = E9E7CDC920040CC200DFC4DB /* Transaction.swift */; };
		E9E7CDCC20040FDC00DFC4DB /* TransactionType.swift in Sources */ = {isa = PBXBuildFile; fileRef = E9E7CDCB20040FDC00DFC4DB /* TransactionType.swift */; };
		E9EC34142005178500C0E546 /* TransactionDetailsViewController.swift in Sources */ = {isa = PBXBuildFile; fileRef = E9EC34132005178500C0E546 /* TransactionDetailsViewController.swift */; };
		E9EC3415200524CA00C0E546 /* Exo+2_100_normal.ttf in Resources */ = {isa = PBXBuildFile; fileRef = E91947A3200010DD001362F8 /* Exo+2_100_normal.ttf */; };
		E9EC3416200524CA00C0E546 /* Exo+2_300_normal.ttf in Resources */ = {isa = PBXBuildFile; fileRef = E91947A4200010DE001362F8 /* Exo+2_300_normal.ttf */; };
		E9EC3417200524CA00C0E546 /* Exo+2_400_italic.ttf in Resources */ = {isa = PBXBuildFile; fileRef = E919479F200010DC001362F8 /* Exo+2_400_italic.ttf */; };
		E9EC3418200524CA00C0E546 /* Exo+2_400_normal.ttf in Resources */ = {isa = PBXBuildFile; fileRef = E91947A8200010DF001362F8 /* Exo+2_400_normal.ttf */; };
		E9EC3419200524CA00C0E546 /* Exo+2_500_normal.ttf in Resources */ = {isa = PBXBuildFile; fileRef = E91947A9200010E0001362F8 /* Exo+2_500_normal.ttf */; };
		E9EC341A200524CA00C0E546 /* Exo+2_700_normal.ttf in Resources */ = {isa = PBXBuildFile; fileRef = E91947A2200010DD001362F8 /* Exo+2_700_normal.ttf */; };
		E9EC341B200524CA00C0E546 /* Roboto_300_normal.ttf in Resources */ = {isa = PBXBuildFile; fileRef = E91947A0200010DC001362F8 /* Roboto_300_normal.ttf */; };
		E9EC341C200524CA00C0E546 /* Roboto_400_italic.ttf in Resources */ = {isa = PBXBuildFile; fileRef = E91947A1200010DD001362F8 /* Roboto_400_italic.ttf */; };
		E9EC341D200524CA00C0E546 /* Roboto_400_normal.ttf in Resources */ = {isa = PBXBuildFile; fileRef = E91947A6200010DF001362F8 /* Roboto_400_normal.ttf */; };
		E9EC341E200524CA00C0E546 /* Roboto_500_normal.ttf in Resources */ = {isa = PBXBuildFile; fileRef = E91947A5200010DE001362F8 /* Roboto_500_normal.ttf */; };
		E9EC341F200524CA00C0E546 /* Roboto_700_normal.ttf in Resources */ = {isa = PBXBuildFile; fileRef = E91947A7200010DF001362F8 /* Roboto_700_normal.ttf */; };
		E9EC342120052ABB00C0E546 /* TransferViewController.swift in Sources */ = {isa = PBXBuildFile; fileRef = E9EC342020052ABB00C0E546 /* TransferViewController.swift */; };
		E9EC344720066D4A00C0E546 /* AddressValidationTests.swift in Sources */ = {isa = PBXBuildFile; fileRef = E9EC344620066D4A00C0E546 /* AddressValidationTests.swift */; };
/* End PBXBuildFile section */

/* Begin PBXContainerItemProxy section */
		E9EC344920066D4A00C0E546 /* PBXContainerItemProxy */ = {
			isa = PBXContainerItemProxy;
			containerPortal = E913C8E61FFFA51D001A83F7 /* Project object */;
			proxyType = 1;
			remoteGlobalIDString = E913C8ED1FFFA51D001A83F7;
			remoteInfo = Adamant;
		};
/* End PBXContainerItemProxy section */

/* Begin PBXFileReference section */
		871009461457F6B7B47D99C5 /* Pods-Adamant.debug.xcconfig */ = {isa = PBXFileReference; includeInIndex = 1; lastKnownFileType = text.xcconfig; name = "Pods-Adamant.debug.xcconfig"; path = "Pods/Target Support Files/Pods-Adamant/Pods-Adamant.debug.xcconfig"; sourceTree = "<group>"; };
		903AC078A8A55175A05E42D4 /* Pods-Adamant.testing.xcconfig */ = {isa = PBXFileReference; includeInIndex = 1; lastKnownFileType = text.xcconfig; name = "Pods-Adamant.testing.xcconfig"; path = "Pods/Target Support Files/Pods-Adamant/Pods-Adamant.testing.xcconfig"; sourceTree = "<group>"; };
		C107D5CB65B4D728B9D97C0F /* Pods_Adamant.framework */ = {isa = PBXFileReference; explicitFileType = wrapper.framework; includeInIndex = 0; path = Pods_Adamant.framework; sourceTree = BUILT_PRODUCTS_DIR; };
		D1311CE46EB635FFC95BFEF4 /* Pods_Adamant_ios.framework */ = {isa = PBXFileReference; explicitFileType = wrapper.framework; includeInIndex = 0; path = Pods_Adamant_ios.framework; sourceTree = BUILT_PRODUCTS_DIR; };
		D283570A539D864115735AAA /* Pods-Adamant.release.xcconfig */ = {isa = PBXFileReference; includeInIndex = 1; lastKnownFileType = text.xcconfig; name = "Pods-Adamant.release.xcconfig"; path = "Pods/Target Support Files/Pods-Adamant/Pods-Adamant.release.xcconfig"; sourceTree = "<group>"; };
		E913C8EE1FFFA51D001A83F7 /* Adamant.app */ = {isa = PBXFileReference; explicitFileType = wrapper.application; includeInIndex = 0; path = Adamant.app; sourceTree = BUILT_PRODUCTS_DIR; };
		E913C8F11FFFA51D001A83F7 /* AppDelegate.swift */ = {isa = PBXFileReference; lastKnownFileType = sourcecode.swift; path = AppDelegate.swift; sourceTree = "<group>"; };
		E913C8F61FFFA51D001A83F7 /* Base */ = {isa = PBXFileReference; lastKnownFileType = file.storyboard; name = Base; path = Base.lproj/Main.storyboard; sourceTree = "<group>"; };
		E913C8F81FFFA51D001A83F7 /* Assets.xcassets */ = {isa = PBXFileReference; lastKnownFileType = folder.assetcatalog; path = Assets.xcassets; sourceTree = "<group>"; };
		E913C8FB1FFFA51D001A83F7 /* Base */ = {isa = PBXFileReference; lastKnownFileType = file.storyboard; name = Base; path = Base.lproj/LaunchScreen.storyboard; sourceTree = "<group>"; };
		E913C8FD1FFFA51E001A83F7 /* Info.plist */ = {isa = PBXFileReference; lastKnownFileType = text.plist.xml; path = Info.plist; sourceTree = "<group>"; };
		E913C9071FFFA943001A83F7 /* AdamantCore.swift */ = {isa = PBXFileReference; lastKnownFileType = sourcecode.swift; path = AdamantCore.swift; sourceTree = "<group>"; };
		E913C90C1FFFA99B001A83F7 /* Keypair.swift */ = {isa = PBXFileReference; lastKnownFileType = sourcecode.swift; path = Keypair.swift; sourceTree = "<group>"; };
		E913C9161FFFAF76001A83F7 /* JSAdamantCore.swift */ = {isa = PBXFileReference; lastKnownFileType = sourcecode.swift; path = JSAdamantCore.swift; sourceTree = "<group>"; };
		E919479B2000102E001362F8 /* LoginViewController.swift */ = {isa = PBXFileReference; lastKnownFileType = sourcecode.swift; path = LoginViewController.swift; sourceTree = "<group>"; };
		E919479D20001048001362F8 /* Login.storyboard */ = {isa = PBXFileReference; lastKnownFileType = file.storyboard; path = Login.storyboard; sourceTree = "<group>"; };
		E919479F200010DC001362F8 /* Exo+2_400_italic.ttf */ = {isa = PBXFileReference; lastKnownFileType = file; path = "Exo+2_400_italic.ttf"; sourceTree = "<group>"; };
		E91947A0200010DC001362F8 /* Roboto_300_normal.ttf */ = {isa = PBXFileReference; lastKnownFileType = file; path = Roboto_300_normal.ttf; sourceTree = "<group>"; };
		E91947A1200010DD001362F8 /* Roboto_400_italic.ttf */ = {isa = PBXFileReference; lastKnownFileType = file; path = Roboto_400_italic.ttf; sourceTree = "<group>"; };
		E91947A2200010DD001362F8 /* Exo+2_700_normal.ttf */ = {isa = PBXFileReference; lastKnownFileType = file; path = "Exo+2_700_normal.ttf"; sourceTree = "<group>"; };
		E91947A3200010DD001362F8 /* Exo+2_100_normal.ttf */ = {isa = PBXFileReference; lastKnownFileType = file; path = "Exo+2_100_normal.ttf"; sourceTree = "<group>"; };
		E91947A4200010DE001362F8 /* Exo+2_300_normal.ttf */ = {isa = PBXFileReference; lastKnownFileType = file; path = "Exo+2_300_normal.ttf"; sourceTree = "<group>"; };
		E91947A5200010DE001362F8 /* Roboto_500_normal.ttf */ = {isa = PBXFileReference; lastKnownFileType = file; path = Roboto_500_normal.ttf; sourceTree = "<group>"; };
		E91947A6200010DF001362F8 /* Roboto_400_normal.ttf */ = {isa = PBXFileReference; lastKnownFileType = file; path = Roboto_400_normal.ttf; sourceTree = "<group>"; };
		E91947A7200010DF001362F8 /* Roboto_700_normal.ttf */ = {isa = PBXFileReference; lastKnownFileType = file; path = Roboto_700_normal.ttf; sourceTree = "<group>"; };
		E91947A8200010DF001362F8 /* Exo+2_400_normal.ttf */ = {isa = PBXFileReference; lastKnownFileType = file; path = "Exo+2_400_normal.ttf"; sourceTree = "<group>"; };
		E91947A9200010E0001362F8 /* Exo+2_500_normal.ttf */ = {isa = PBXFileReference; lastKnownFileType = file; path = "Exo+2_500_normal.ttf"; sourceTree = "<group>"; };
		E91947AB20001A9A001362F8 /* ApiService.swift */ = {isa = PBXFileReference; lastKnownFileType = sourcecode.swift; path = ApiService.swift; sourceTree = "<group>"; };
		E91947AF20002393001362F8 /* AdamantApiService.swift */ = {isa = PBXFileReference; lastKnownFileType = sourcecode.swift; path = AdamantApiService.swift; sourceTree = "<group>"; };
		E91947B12000246A001362F8 /* AdamantError.swift */ = {isa = PBXFileReference; lastKnownFileType = sourcecode.swift; path = AdamantError.swift; sourceTree = "<group>"; };
		E91947B320002809001362F8 /* Account.swift */ = {isa = PBXFileReference; lastKnownFileType = sourcecode.swift; path = Account.swift; sourceTree = "<group>"; };
		E93580D8201607DA0057FC2E /* knownContacts.json */ = {isa = PBXFileReference; lastKnownFileType = text.json; path = knownContacts.json; sourceTree = "<group>"; };
		E93580DA20160BC10057FC2E /* ContactsService.swift */ = {isa = PBXFileReference; lastKnownFileType = sourcecode.swift; path = ContactsService.swift; sourceTree = "<group>"; };
		E93580DC20160BD30057FC2E /* KnownContactsService.swift */ = {isa = PBXFileReference; lastKnownFileType = sourcecode.swift; path = KnownContactsService.swift; sourceTree = "<group>"; };
		E93EFE12200D1156000BB482 /* ChatViewController.swift */ = {isa = PBXFileReference; lastKnownFileType = sourcecode.swift; path = ChatViewController.swift; sourceTree = "<group>"; };
		E948E03A20235E2300975D6B /* SettingsRoutes.swift */ = {isa = PBXFileReference; lastKnownFileType = sourcecode.swift; path = SettingsRoutes.swift; sourceTree = "<group>"; };
		E95F856420067A030070534A /* GlobalConstants.swift */ = {isa = PBXFileReference; lastKnownFileType = sourcecode.swift; path = GlobalConstants.swift; sourceTree = "<group>"; };
		E95F85682006AB9D0070534A /* NormalizedTransaction.swift */ = {isa = PBXFileReference; lastKnownFileType = sourcecode.swift; path = NormalizedTransaction.swift; sourceTree = "<group>"; };
		E95F856A200789450070534A /* JSModels.swift */ = {isa = PBXFileReference; lastKnownFileType = sourcecode.swift; path = JSModels.swift; sourceTree = "<group>"; };
		E95F856E2007B61D0070534A /* GetPublicKeyResponse.swift */ = {isa = PBXFileReference; lastKnownFileType = sourcecode.swift; path = GetPublicKeyResponse.swift; sourceTree = "<group>"; };
		E95F85702007D98D0070534A /* CurrencyFormatterTests.swift */ = {isa = PBXFileReference; lastKnownFileType = sourcecode.swift; path = CurrencyFormatterTests.swift; sourceTree = "<group>"; };
		E95F85742007E4790070534A /* HexAndBytesUtilitiesTest.swift */ = {isa = PBXFileReference; lastKnownFileType = sourcecode.swift; path = HexAndBytesUtilitiesTest.swift; sourceTree = "<group>"; };
		E95F85762007E8EC0070534A /* JSAdamantCoreTests.swift */ = {isa = PBXFileReference; lastKnownFileType = sourcecode.swift; path = JSAdamantCoreTests.swift; sourceTree = "<group>"; };
		E95F85792007F0260070534A /* ServerResponse.swift */ = {isa = PBXFileReference; lastKnownFileType = sourcecode.swift; path = ServerResponse.swift; sourceTree = "<group>"; };
		E95F857C2008C8CB0070534A /* Chats.storyboard */ = {isa = PBXFileReference; lastKnownFileType = file.storyboard; path = Chats.storyboard; sourceTree = "<group>"; };
		E95F857E2008C8D60070534A /* ChatsRoutes.swift */ = {isa = PBXFileReference; lastKnownFileType = sourcecode.swift; path = ChatsRoutes.swift; sourceTree = "<group>"; };
		E95F857F2008C8D70070534A /* ChatsDependencies.swift */ = {isa = PBXFileReference; lastKnownFileType = sourcecode.swift; path = ChatsDependencies.swift; sourceTree = "<group>"; };
		E95F85842008CB3A0070534A /* ChatsListViewController.swift */ = {isa = PBXFileReference; lastKnownFileType = sourcecode.swift; path = ChatsListViewController.swift; sourceTree = "<group>"; };
		E95F85862008FDBF0070534A /* Chat.swift */ = {isa = PBXFileReference; lastKnownFileType = sourcecode.swift; path = Chat.swift; sourceTree = "<group>"; };
		E95F8588200900B10070534A /* ChatType.swift */ = {isa = PBXFileReference; lastKnownFileType = sourcecode.swift; path = ChatType.swift; sourceTree = "<group>"; };
		E95F858A200931410070534A /* TransactionAsset.swift */ = {isa = PBXFileReference; lastKnownFileType = sourcecode.swift; path = TransactionAsset.swift; sourceTree = "<group>"; };
		E95F858D20093F940070534A /* ChatDataProvider.swift */ = {isa = PBXFileReference; lastKnownFileType = sourcecode.swift; path = ChatDataProvider.swift; sourceTree = "<group>"; };
		E95F859020093FB30070534A /* CoreDataChatProvider.swift */ = {isa = PBXFileReference; lastKnownFileType = sourcecode.swift; path = CoreDataChatProvider.swift; sourceTree = "<group>"; };
		E95F85A9200952AF0070534A /* ChatTransaction+CoreDataClass.swift */ = {isa = PBXFileReference; lastKnownFileType = sourcecode.swift; path = "ChatTransaction+CoreDataClass.swift"; sourceTree = "<group>"; };
		E95F85AA200952AF0070534A /* ChatTransaction+CoreDataProperties.swift */ = {isa = PBXFileReference; lastKnownFileType = sourcecode.swift; path = "ChatTransaction+CoreDataProperties.swift"; sourceTree = "<group>"; };
		E95F85AB200952AF0070534A /* Chatroom+CoreDataClass.swift */ = {isa = PBXFileReference; lastKnownFileType = sourcecode.swift; path = "Chatroom+CoreDataClass.swift"; sourceTree = "<group>"; };
		E95F85AC200952AF0070534A /* Chatroom+CoreDataProperties.swift */ = {isa = PBXFileReference; lastKnownFileType = sourcecode.swift; path = "Chatroom+CoreDataProperties.swift"; sourceTree = "<group>"; };
		E95F85B2200954D00070534A /* ChatModels.xcdatamodel */ = {isa = PBXFileReference; lastKnownFileType = wrapper.xcdatamodel; path = ChatModels.xcdatamodel; sourceTree = "<group>"; };
		E95F85B6200A4D8F0070534A /* TestTools.swift */ = {isa = PBXFileReference; lastKnownFileType = sourcecode.swift; path = TestTools.swift; sourceTree = "<group>"; };
		E95F85B9200A4DC90070534A /* TransactionSend.json */ = {isa = PBXFileReference; lastKnownFileType = text.json; path = TransactionSend.json; sourceTree = "<group>"; };
		E95F85BB200A4E670070534A /* ParsingModelsTests.swift */ = {isa = PBXFileReference; lastKnownFileType = sourcecode.swift; path = ParsingModelsTests.swift; sourceTree = "<group>"; };
		E95F85BD200A503A0070534A /* TransactionChat.json */ = {isa = PBXFileReference; lastKnownFileType = text.json; path = TransactionChat.json; sourceTree = "<group>"; };
		E95F85BF200A51BB0070534A /* Account.json */ = {isa = PBXFileReference; lastKnownFileType = text.json; path = Account.json; sourceTree = "<group>"; };
		E95F85C1200A53E90070534A /* NormalizedTransaction.json */ = {isa = PBXFileReference; lastKnownFileType = text.json; path = NormalizedTransaction.json; sourceTree = "<group>"; };
		E95F85C3200A540B0070534A /* Chat.json */ = {isa = PBXFileReference; lastKnownFileType = text.json; path = Chat.json; sourceTree = "<group>"; };
		E95F85C5200A9B070070534A /* ChatTableViewCell.swift */ = {isa = PBXFileReference; lastKnownFileType = sourcecode.swift; path = ChatTableViewCell.swift; sourceTree = "<group>"; };
		E95F85C6200A9B070070534A /* ChatTableViewCell.xib */ = {isa = PBXFileReference; lastKnownFileType = file.xib; path = ChatTableViewCell.xib; sourceTree = "<group>"; };
		E982F69920235B1300566AC7 /* Settings.storyboard */ = {isa = PBXFileReference; lastKnownFileType = file.storyboard; path = Settings.storyboard; sourceTree = "<group>"; };
		E982F69B20235B4D00566AC7 /* SettingsTableViewController.swift */ = {isa = PBXFileReference; lastKnownFileType = sourcecode.swift; path = SettingsTableViewController.swift; sourceTree = "<group>"; };
		E9B6CC47201753D000486EA1 /* Header.xib */ = {isa = PBXFileReference; lastKnownFileType = file.xib; path = Header.xib; sourceTree = "<group>"; };
		E9B6CC4F201763FE00486EA1 /* ButtonTableViewCell.swift */ = {isa = PBXFileReference; lastKnownFileType = sourcecode.swift; path = ButtonTableViewCell.swift; sourceTree = "<group>"; };
		E9B6CC50201763FE00486EA1 /* ButtonTableViewCell.xib */ = {isa = PBXFileReference; lastKnownFileType = file.xib; path = ButtonTableViewCell.xib; sourceTree = "<group>"; };
		E9B6CC5320176F3300486EA1 /* TextViewTableViewCell.swift */ = {isa = PBXFileReference; lastKnownFileType = sourcecode.swift; path = TextViewTableViewCell.swift; sourceTree = "<group>"; };
		E9B6CC5420176F3300486EA1 /* TextViewTableViewCell.xib */ = {isa = PBXFileReference; lastKnownFileType = file.xib; path = TextViewTableViewCell.xib; sourceTree = "<group>"; };
		E9B6CC5D201793D800486EA1 /* MultilineLableTableViewCell.swift */ = {isa = PBXFileReference; lastKnownFileType = sourcecode.swift; path = MultilineLableTableViewCell.swift; sourceTree = "<group>"; };
		E9B6CC5E201793D800486EA1 /* MultilineLableTableViewCell.xib */ = {isa = PBXFileReference; lastKnownFileType = file.xib; path = MultilineLableTableViewCell.xib; sourceTree = "<group>"; };
		E9C51ECA200E2AA100385EB7 /* FeeCalculator.swift */ = {isa = PBXFileReference; lastKnownFileType = sourcecode.swift; path = FeeCalculator.swift; sourceTree = "<group>"; };
		E9C51ECC200E2BF900385EB7 /* HardFeeCalculator.swift */ = {isa = PBXFileReference; lastKnownFileType = sourcecode.swift; path = HardFeeCalculator.swift; sourceTree = "<group>"; };
		E9C51ECE200E2D1100385EB7 /* HardFeeCalculatorTests.swift */ = {isa = PBXFileReference; lastKnownFileType = sourcecode.swift; path = HardFeeCalculatorTests.swift; sourceTree = "<group>"; };
		E9C51EEC2011416E00385EB7 /* adamant-core.js */ = {isa = PBXFileReference; fileEncoding = 4; lastKnownFileType = sourcecode.javascript; path = "adamant-core.js"; sourceTree = "<group>"; };
		E9C51EEE20139DC600385EB7 /* ProcessTransactionResponse.swift */ = {isa = PBXFileReference; lastKnownFileType = sourcecode.swift; path = ProcessTransactionResponse.swift; sourceTree = "<group>"; };
		E9C51EF02013F18000385EB7 /* NewChatViewController.swift */ = {isa = PBXFileReference; lastKnownFileType = sourcecode.swift; path = NewChatViewController.swift; sourceTree = "<group>"; };
		E9CAE8D12018AA7700345E76 /* AdamantApi+Accounts.swift */ = {isa = PBXFileReference; lastKnownFileType = sourcecode.swift; path = "AdamantApi+Accounts.swift"; sourceTree = "<group>"; };
		E9CAE8D32018AC1800345E76 /* AdamantApi+Keys.swift */ = {isa = PBXFileReference; lastKnownFileType = sourcecode.swift; path = "AdamantApi+Keys.swift"; sourceTree = "<group>"; };
		E9CAE8D52018AC5300345E76 /* AdamantApi+Transactions.swift */ = {isa = PBXFileReference; lastKnownFileType = sourcecode.swift; path = "AdamantApi+Transactions.swift"; sourceTree = "<group>"; };
		E9CAE8D72018ACA700345E76 /* AdamantApi+Transfers.swift */ = {isa = PBXFileReference; lastKnownFileType = sourcecode.swift; path = "AdamantApi+Transfers.swift"; sourceTree = "<group>"; };
		E9CAE8D92018ACD300345E76 /* AdamantApi+Chats.swift */ = {isa = PBXFileReference; lastKnownFileType = sourcecode.swift; path = "AdamantApi+Chats.swift"; sourceTree = "<group>"; };
		E9E7CD8A20026B0600DFC4DB /* AccountService.swift */ = {isa = PBXFileReference; lastKnownFileType = sourcecode.swift; path = AccountService.swift; sourceTree = "<group>"; };
		E9E7CD8C20026B6600DFC4DB /* DialogService.swift */ = {isa = PBXFileReference; lastKnownFileType = sourcecode.swift; path = DialogService.swift; sourceTree = "<group>"; };
		E9E7CD8E20026CD300DFC4DB /* AdamantDialogService.swift */ = {isa = PBXFileReference; fileEncoding = 4; lastKnownFileType = sourcecode.swift; path = AdamantDialogService.swift; sourceTree = "<group>"; };
		E9E7CD9020026FA100DFC4DB /* SwinjectDependencies.swift */ = {isa = PBXFileReference; fileEncoding = 4; lastKnownFileType = sourcecode.swift; path = SwinjectDependencies.swift; sourceTree = "<group>"; };
		E9E7CD922002740500DFC4DB /* AdamantAccountService.swift */ = {isa = PBXFileReference; lastKnownFileType = sourcecode.swift; path = AdamantAccountService.swift; sourceTree = "<group>"; };
		E9E7CD942002812400DFC4DB /* LoginDependencies.swift */ = {isa = PBXFileReference; fileEncoding = 4; lastKnownFileType = sourcecode.swift; path = LoginDependencies.swift; sourceTree = "<group>"; };
		E9E7CDA62002AECA00DFC4DB /* Account.storyboard */ = {isa = PBXFileReference; lastKnownFileType = file.storyboard; path = Account.storyboard; sourceTree = "<group>"; };
		E9E7CDA82002AF1E00DFC4DB /* AccountDependencies.swift */ = {isa = PBXFileReference; lastKnownFileType = sourcecode.swift; path = AccountDependencies.swift; sourceTree = "<group>"; };
		E9E7CDAA2002AFA500DFC4DB /* AccountViewController.swift */ = {isa = PBXFileReference; lastKnownFileType = sourcecode.swift; path = AccountViewController.swift; sourceTree = "<group>"; };
		E9E7CDAE2002B8A100DFC4DB /* Router.swift */ = {isa = PBXFileReference; lastKnownFileType = sourcecode.swift; path = Router.swift; sourceTree = "<group>"; };
		E9E7CDB02002B97B00DFC4DB /* AccountRoutes.swift */ = {isa = PBXFileReference; fileEncoding = 4; lastKnownFileType = sourcecode.swift; path = AccountRoutes.swift; sourceTree = "<group>"; };
		E9E7CDB22002B9FB00DFC4DB /* LoginRoutes.swift */ = {isa = PBXFileReference; lastKnownFileType = sourcecode.swift; path = LoginRoutes.swift; sourceTree = "<group>"; };
		E9E7CDB42002BA6900DFC4DB /* SwinjectedRouter.swift */ = {isa = PBXFileReference; lastKnownFileType = sourcecode.swift; path = SwinjectedRouter.swift; sourceTree = "<group>"; };
		E9E7CDB62003994E00DFC4DB /* AdamantUtilities.swift */ = {isa = PBXFileReference; lastKnownFileType = sourcecode.swift; path = AdamantUtilities.swift; sourceTree = "<group>"; };
		E9E7CDB92003AAA700DFC4DB /* RoundAvatarTableViewCell.swift */ = {isa = PBXFileReference; lastKnownFileType = sourcecode.swift; path = RoundAvatarTableViewCell.swift; sourceTree = "<group>"; };
		E9E7CDBA2003AAA700DFC4DB /* RoundAvatarTableViewCell.xib */ = {isa = PBXFileReference; lastKnownFileType = file.xib; path = RoundAvatarTableViewCell.xib; sourceTree = "<group>"; };
		E9E7CDBD2003AEFB00DFC4DB /* CellFactory.swift */ = {isa = PBXFileReference; fileEncoding = 4; lastKnownFileType = sourcecode.swift; path = CellFactory.swift; sourceTree = "<group>"; };
		E9E7CDBF2003AF6D00DFC4DB /* AdamantCellFactory.swift */ = {isa = PBXFileReference; fileEncoding = 4; lastKnownFileType = sourcecode.swift; path = AdamantCellFactory.swift; sourceTree = "<group>"; };
		E9E7CDC12003F5A400DFC4DB /* TransactionsViewController.swift */ = {isa = PBXFileReference; lastKnownFileType = sourcecode.swift; path = TransactionsViewController.swift; sourceTree = "<group>"; };
		E9E7CDC52003F6D200DFC4DB /* TransactionTableViewCell.swift */ = {isa = PBXFileReference; lastKnownFileType = sourcecode.swift; path = TransactionTableViewCell.swift; sourceTree = "<group>"; };
		E9E7CDC62003F6D200DFC4DB /* TransactionTableViewCell.xib */ = {isa = PBXFileReference; lastKnownFileType = file.xib; path = TransactionTableViewCell.xib; sourceTree = "<group>"; };
		E9E7CDC920040CC200DFC4DB /* Transaction.swift */ = {isa = PBXFileReference; lastKnownFileType = sourcecode.swift; path = Transaction.swift; sourceTree = "<group>"; };
		E9E7CDCB20040FDC00DFC4DB /* TransactionType.swift */ = {isa = PBXFileReference; lastKnownFileType = sourcecode.swift; path = TransactionType.swift; sourceTree = "<group>"; };
		E9EC34132005178500C0E546 /* TransactionDetailsViewController.swift */ = {isa = PBXFileReference; lastKnownFileType = sourcecode.swift; path = TransactionDetailsViewController.swift; sourceTree = "<group>"; };
		E9EC342020052ABB00C0E546 /* TransferViewController.swift */ = {isa = PBXFileReference; lastKnownFileType = sourcecode.swift; path = TransferViewController.swift; sourceTree = "<group>"; };
		E9EC344420066D4A00C0E546 /* AdamantTests.xctest */ = {isa = PBXFileReference; explicitFileType = wrapper.cfbundle; includeInIndex = 0; path = AdamantTests.xctest; sourceTree = BUILT_PRODUCTS_DIR; };
		E9EC344620066D4A00C0E546 /* AddressValidationTests.swift */ = {isa = PBXFileReference; lastKnownFileType = sourcecode.swift; path = AddressValidationTests.swift; sourceTree = "<group>"; };
		E9EC344820066D4A00C0E546 /* Info.plist */ = {isa = PBXFileReference; lastKnownFileType = text.plist.xml; path = Info.plist; sourceTree = "<group>"; };
/* End PBXFileReference section */

/* Begin PBXFrameworksBuildPhase section */
		E913C8EB1FFFA51D001A83F7 /* Frameworks */ = {
			isa = PBXFrameworksBuildPhase;
			buildActionMask = 2147483647;
			files = (
				4411402421C8B290703B13EB /* Pods_Adamant.framework in Frameworks */,
			);
			runOnlyForDeploymentPostprocessing = 0;
		};
		E9EC344120066D4A00C0E546 /* Frameworks */ = {
			isa = PBXFrameworksBuildPhase;
			buildActionMask = 2147483647;
			files = (
			);
			runOnlyForDeploymentPostprocessing = 0;
		};
/* End PBXFrameworksBuildPhase section */

/* Begin PBXGroup section */
		54F4E3CDA748B7F48C085503 /* Frameworks */ = {
			isa = PBXGroup;
			children = (
				D1311CE46EB635FFC95BFEF4 /* Pods_Adamant_ios.framework */,
				C107D5CB65B4D728B9D97C0F /* Pods_Adamant.framework */,
			);
			name = Frameworks;
			sourceTree = "<group>";
		};
		E59396A8E0053F21F768E69B /* Pods */ = {
			isa = PBXGroup;
			children = (
				871009461457F6B7B47D99C5 /* Pods-Adamant.debug.xcconfig */,
				D283570A539D864115735AAA /* Pods-Adamant.release.xcconfig */,
				903AC078A8A55175A05E42D4 /* Pods-Adamant.testing.xcconfig */,
			);
			name = Pods;
			sourceTree = "<group>";
		};
		E913C8E51FFFA51D001A83F7 = {
			isa = PBXGroup;
			children = (
				E913C8F01FFFA51D001A83F7 /* Adamant */,
				E9EC344520066D4A00C0E546 /* AdamantTests */,
				E913C8EF1FFFA51D001A83F7 /* Products */,
				E59396A8E0053F21F768E69B /* Pods */,
				54F4E3CDA748B7F48C085503 /* Frameworks */,
			);
			sourceTree = "<group>";
		};
		E913C8EF1FFFA51D001A83F7 /* Products */ = {
			isa = PBXGroup;
			children = (
				E913C8EE1FFFA51D001A83F7 /* Adamant.app */,
				E9EC344420066D4A00C0E546 /* AdamantTests.xctest */,
			);
			name = Products;
			sourceTree = "<group>";
		};
		E913C8F01FFFA51D001A83F7 /* Adamant */ = {
			isa = PBXGroup;
			children = (
				E95F859220094B8E0070534A /* CoreData */,
				E913C9101FFFAA4B001A83F7 /* Helpers */,
				E913C9091FFFA95A001A83F7 /* Models */,
				E91947B72000326B001362F8 /* ServerResponses */,
				E913C9041FFFA8FE001A83F7 /* ServiceProtocols */,
				E913C9061FFFA92E001A83F7 /* Services */,
				E9E7CDB82003AA8E00DFC4DB /* SharedCells */,
				E919479920000FFD001362F8 /* Stories */,
				E913C9111FFFAB05001A83F7 /* Assets */,
				E913C8F11FFFA51D001A83F7 /* AppDelegate.swift */,
				E9E7CD9020026FA100DFC4DB /* SwinjectDependencies.swift */,
				E913C8FD1FFFA51E001A83F7 /* Info.plist */,
				E913C8F51FFFA51D001A83F7 /* Main.storyboard */,
			);
			path = Adamant;
			sourceTree = "<group>";
		};
		E913C9041FFFA8FE001A83F7 /* ServiceProtocols */ = {
			isa = PBXGroup;
			children = (
				E9E7CD8A20026B0600DFC4DB /* AccountService.swift */,
				E913C9071FFFA943001A83F7 /* AdamantCore.swift */,
				E91947AB20001A9A001362F8 /* ApiService.swift */,
				E9E7CDBD2003AEFB00DFC4DB /* CellFactory.swift */,
				E95F858D20093F940070534A /* ChatDataProvider.swift */,
				E93580DA20160BC10057FC2E /* ContactsService.swift */,
				E9E7CD8C20026B6600DFC4DB /* DialogService.swift */,
				E9C51ECA200E2AA100385EB7 /* FeeCalculator.swift */,
				E9E7CDAE2002B8A100DFC4DB /* Router.swift */,
			);
			path = ServiceProtocols;
			sourceTree = "<group>";
		};
		E913C9061FFFA92E001A83F7 /* Services */ = {
			isa = PBXGroup;
			children = (
				E9CAE8D02018AA5000345E76 /* ApiService */,
				E9E7CD922002740500DFC4DB /* AdamantAccountService.swift */,
				E9E7CDBF2003AF6D00DFC4DB /* AdamantCellFactory.swift */,
				E9E7CD8E20026CD300DFC4DB /* AdamantDialogService.swift */,
				E95F859020093FB30070534A /* CoreDataChatProvider.swift */,
				E9C51ECC200E2BF900385EB7 /* HardFeeCalculator.swift */,
				E913C9161FFFAF76001A83F7 /* JSAdamantCore.swift */,
				E93580DC20160BD30057FC2E /* KnownContactsService.swift */,
				E9E7CDB42002BA6900DFC4DB /* SwinjectedRouter.swift */,
			);
			path = Services;
			sourceTree = "<group>";
		};
		E913C9091FFFA95A001A83F7 /* Models */ = {
			isa = PBXGroup;
			children = (
				E91947B320002809001362F8 /* Account.swift */,
				E95F85862008FDBF0070534A /* Chat.swift */,
				E95F8588200900B10070534A /* ChatType.swift */,
				E95F85682006AB9D0070534A /* NormalizedTransaction.swift */,
				E9E7CDC920040CC200DFC4DB /* Transaction.swift */,
				E95F858A200931410070534A /* TransactionAsset.swift */,
				E9E7CDCB20040FDC00DFC4DB /* TransactionType.swift */,
			);
			path = Models;
			sourceTree = "<group>";
		};
		E913C9101FFFAA4B001A83F7 /* Helpers */ = {
			isa = PBXGroup;
			children = (
				E91947B12000246A001362F8 /* AdamantError.swift */,
				E9E7CDB62003994E00DFC4DB /* AdamantUtilities.swift */,
				E95F856420067A030070534A /* GlobalConstants.swift */,
				E95F856A200789450070534A /* JSModels.swift */,
				E913C90C1FFFA99B001A83F7 /* Keypair.swift */,
			);
			path = Helpers;
			sourceTree = "<group>";
		};
		E913C9111FFFAB05001A83F7 /* Assets */ = {
			isa = PBXGroup;
			children = (
				E9E7CDA42002A6EB00DFC4DB /* Fonts */,
				E913C8FA1FFFA51D001A83F7 /* LaunchScreen.storyboard */,
				E913C8F81FFFA51D001A83F7 /* Assets.xcassets */,
				E9C51EEC2011416E00385EB7 /* adamant-core.js */,
				E93580D8201607DA0057FC2E /* knownContacts.json */,
			);
			path = Assets;
			sourceTree = "<group>";
		};
		E919479920000FFD001362F8 /* Stories */ = {
			isa = PBXGroup;
			children = (
				E9E7CDA52002AE1C00DFC4DB /* Account */,
				E95F857B2008C8B20070534A /* Chats */,
				E919479A20001007001362F8 /* Login */,
				E982F69820235AF000566AC7 /* Settings */,
			);
			path = Stories;
			sourceTree = "<group>";
		};
		E919479A20001007001362F8 /* Login */ = {
			isa = PBXGroup;
			children = (
				E919479D20001048001362F8 /* Login.storyboard */,
				E9E7CD942002812400DFC4DB /* LoginDependencies.swift */,
				E9E7CDB22002B9FB00DFC4DB /* LoginRoutes.swift */,
				E919479B2000102E001362F8 /* LoginViewController.swift */,
				E9B6CC47201753D000486EA1 /* Header.xib */,
			);
			path = Login;
			sourceTree = "<group>";
		};
		E91947B72000326B001362F8 /* ServerResponses */ = {
			isa = PBXGroup;
			children = (
				E95F85792007F0260070534A /* ServerResponse.swift */,
				E9C51EEE20139DC600385EB7 /* ProcessTransactionResponse.swift */,
				E95F856E2007B61D0070534A /* GetPublicKeyResponse.swift */,
			);
			path = ServerResponses;
			sourceTree = "<group>";
		};
		E95F857B2008C8B20070534A /* Chats */ = {
			isa = PBXGroup;
			children = (
				E95F857C2008C8CB0070534A /* Chats.storyboard */,
				E95F857F2008C8D70070534A /* ChatsDependencies.swift */,
				E95F857E2008C8D60070534A /* ChatsRoutes.swift */,
				E95F85842008CB3A0070534A /* ChatsListViewController.swift */,
				E93EFE12200D1156000BB482 /* ChatViewController.swift */,
				E9C51EF02013F18000385EB7 /* NewChatViewController.swift */,
			);
			path = Chats;
			sourceTree = "<group>";
		};
		E95F859220094B8E0070534A /* CoreData */ = {
			isa = PBXGroup;
			children = (
				E95F85A9200952AF0070534A /* ChatTransaction+CoreDataClass.swift */,
				E95F85AA200952AF0070534A /* ChatTransaction+CoreDataProperties.swift */,
				E95F85AB200952AF0070534A /* Chatroom+CoreDataClass.swift */,
				E95F85AC200952AF0070534A /* Chatroom+CoreDataProperties.swift */,
				E95F85B1200954D00070534A /* ChatModels.xcdatamodeld */,
			);
			path = CoreData;
			sourceTree = "<group>";
		};
		E95F85B8200A4D9C0070534A /* Parsing */ = {
			isa = PBXGroup;
			children = (
				E95F85BB200A4E670070534A /* ParsingModelsTests.swift */,
				E95F85BF200A51BB0070534A /* Account.json */,
				E95F85C3200A540B0070534A /* Chat.json */,
				E95F85C1200A53E90070534A /* NormalizedTransaction.json */,
				E95F85BD200A503A0070534A /* TransactionChat.json */,
				E95F85B9200A4DC90070534A /* TransactionSend.json */,
			);
			path = Parsing;
			sourceTree = "<group>";
		};
		E982F69820235AF000566AC7 /* Settings */ = {
			isa = PBXGroup;
			children = (
				E982F69920235B1300566AC7 /* Settings.storyboard */,
				E948E03A20235E2300975D6B /* SettingsRoutes.swift */,
				E982F69B20235B4D00566AC7 /* SettingsTableViewController.swift */,
			);
			path = Settings;
			sourceTree = "<group>";
		};
		E9CAE8D02018AA5000345E76 /* ApiService */ = {
			isa = PBXGroup;
			children = (
				E91947AF20002393001362F8 /* AdamantApiService.swift */,
				E9CAE8D12018AA7700345E76 /* AdamantApi+Accounts.swift */,
				E9CAE8D32018AC1800345E76 /* AdamantApi+Keys.swift */,
				E9CAE8D52018AC5300345E76 /* AdamantApi+Transactions.swift */,
				E9CAE8D72018ACA700345E76 /* AdamantApi+Transfers.swift */,
				E9CAE8D92018ACD300345E76 /* AdamantApi+Chats.swift */,
			);
			path = ApiService;
			sourceTree = "<group>";
		};
		E9E7CDA42002A6EB00DFC4DB /* Fonts */ = {
			isa = PBXGroup;
			children = (
				E91947A3200010DD001362F8 /* Exo+2_100_normal.ttf */,
				E91947A4200010DE001362F8 /* Exo+2_300_normal.ttf */,
				E919479F200010DC001362F8 /* Exo+2_400_italic.ttf */,
				E91947A8200010DF001362F8 /* Exo+2_400_normal.ttf */,
				E91947A9200010E0001362F8 /* Exo+2_500_normal.ttf */,
				E91947A2200010DD001362F8 /* Exo+2_700_normal.ttf */,
				E91947A0200010DC001362F8 /* Roboto_300_normal.ttf */,
				E91947A1200010DD001362F8 /* Roboto_400_italic.ttf */,
				E91947A6200010DF001362F8 /* Roboto_400_normal.ttf */,
				E91947A5200010DE001362F8 /* Roboto_500_normal.ttf */,
				E91947A7200010DF001362F8 /* Roboto_700_normal.ttf */,
			);
			path = Fonts;
			sourceTree = "<group>";
		};
		E9E7CDA52002AE1C00DFC4DB /* Account */ = {
			isa = PBXGroup;
			children = (
				E9E7CDA62002AECA00DFC4DB /* Account.storyboard */,
				E9E7CDA82002AF1E00DFC4DB /* AccountDependencies.swift */,
				E9E7CDB02002B97B00DFC4DB /* AccountRoutes.swift */,
				E9E7CDAA2002AFA500DFC4DB /* AccountViewController.swift */,
				E9E7CDC12003F5A400DFC4DB /* TransactionsViewController.swift */,
				E9EC34132005178500C0E546 /* TransactionDetailsViewController.swift */,
				E9EC342020052ABB00C0E546 /* TransferViewController.swift */,
			);
			path = Account;
			sourceTree = "<group>";
		};
		E9E7CDB82003AA8E00DFC4DB /* SharedCells */ = {
			isa = PBXGroup;
			children = (
				E9E7CDB92003AAA700DFC4DB /* RoundAvatarTableViewCell.swift */,
				E9E7CDBA2003AAA700DFC4DB /* RoundAvatarTableViewCell.xib */,
				E9E7CDC52003F6D200DFC4DB /* TransactionTableViewCell.swift */,
				E9E7CDC62003F6D200DFC4DB /* TransactionTableViewCell.xib */,
				E95F85C5200A9B070070534A /* ChatTableViewCell.swift */,
				E95F85C6200A9B070070534A /* ChatTableViewCell.xib */,
				E9B6CC4F201763FE00486EA1 /* ButtonTableViewCell.swift */,
				E9B6CC50201763FE00486EA1 /* ButtonTableViewCell.xib */,
				E9B6CC5320176F3300486EA1 /* TextViewTableViewCell.swift */,
				E9B6CC5420176F3300486EA1 /* TextViewTableViewCell.xib */,
				E9B6CC5D201793D800486EA1 /* MultilineLableTableViewCell.swift */,
				E9B6CC5E201793D800486EA1 /* MultilineLableTableViewCell.xib */,
			);
			path = SharedCells;
			sourceTree = "<group>";
		};
		E9EC344520066D4A00C0E546 /* AdamantTests */ = {
			isa = PBXGroup;
			children = (
				E95F85B8200A4D9C0070534A /* Parsing */,
				E9EC344620066D4A00C0E546 /* AddressValidationTests.swift */,
				E95F85702007D98D0070534A /* CurrencyFormatterTests.swift */,
				E9C51ECE200E2D1100385EB7 /* HardFeeCalculatorTests.swift */,
				E95F85742007E4790070534A /* HexAndBytesUtilitiesTest.swift */,
				E95F85762007E8EC0070534A /* JSAdamantCoreTests.swift */,
				E95F85B6200A4D8F0070534A /* TestTools.swift */,
				E9EC344820066D4A00C0E546 /* Info.plist */,
			);
			path = AdamantTests;
			sourceTree = "<group>";
		};
/* End PBXGroup section */

/* Begin PBXNativeTarget section */
		E913C8ED1FFFA51D001A83F7 /* Adamant */ = {
			isa = PBXNativeTarget;
			buildConfigurationList = E913C9001FFFA51E001A83F7 /* Build configuration list for PBXNativeTarget "Adamant" */;
			buildPhases = (
				E40A2E5936758D20792675C8 /* [CP] Check Pods Manifest.lock */,
				E913C8EA1FFFA51D001A83F7 /* Sources */,
				E913C8EB1FFFA51D001A83F7 /* Frameworks */,
				E913C8EC1FFFA51D001A83F7 /* Resources */,
				1C93FABD2FEB3E73F76872C8 /* [CP] Embed Pods Frameworks */,
				9103110972E84A36FC64A689 /* [CP] Copy Pods Resources */,
			);
			buildRules = (
			);
			dependencies = (
			);
			name = Adamant;
			productName = Adamant;
			productReference = E913C8EE1FFFA51D001A83F7 /* Adamant.app */;
			productType = "com.apple.product-type.application";
		};
		E9EC344320066D4A00C0E546 /* AdamantTests */ = {
			isa = PBXNativeTarget;
			buildConfigurationList = E9EC344B20066D4A00C0E546 /* Build configuration list for PBXNativeTarget "AdamantTests" */;
			buildPhases = (
				E9EC344020066D4A00C0E546 /* Sources */,
				E9EC344120066D4A00C0E546 /* Frameworks */,
				E9EC344220066D4A00C0E546 /* Resources */,
			);
			buildRules = (
			);
			dependencies = (
				E9EC344A20066D4A00C0E546 /* PBXTargetDependency */,
			);
			name = AdamantTests;
			productName = AdamantTests;
			productReference = E9EC344420066D4A00C0E546 /* AdamantTests.xctest */;
			productType = "com.apple.product-type.bundle.unit-test";
		};
/* End PBXNativeTarget section */

/* Begin PBXProject section */
		E913C8E61FFFA51D001A83F7 /* Project object */ = {
			isa = PBXProject;
			attributes = {
				LastSwiftUpdateCheck = 0920;
				LastUpgradeCheck = 0920;
				ORGANIZATIONNAME = Adamant;
				TargetAttributes = {
					E913C8ED1FFFA51D001A83F7 = {
						CreatedOnToolsVersion = 9.2;
						ProvisioningStyle = Manual;
					};
					E9EC344320066D4A00C0E546 = {
						CreatedOnToolsVersion = 9.2;
						ProvisioningStyle = Automatic;
						TestTargetID = E913C8ED1FFFA51D001A83F7;
					};
				};
			};
			buildConfigurationList = E913C8E91FFFA51D001A83F7 /* Build configuration list for PBXProject "Adamant" */;
			compatibilityVersion = "Xcode 8.0";
			developmentRegion = en;
			hasScannedForEncodings = 0;
			knownRegions = (
				en,
				Base,
			);
			mainGroup = E913C8E51FFFA51D001A83F7;
			productRefGroup = E913C8EF1FFFA51D001A83F7 /* Products */;
			projectDirPath = "";
			projectRoot = "";
			targets = (
				E913C8ED1FFFA51D001A83F7 /* Adamant */,
				E9EC344320066D4A00C0E546 /* AdamantTests */,
			);
		};
/* End PBXProject section */

/* Begin PBXResourcesBuildPhase section */
		E913C8EC1FFFA51D001A83F7 /* Resources */ = {
			isa = PBXResourcesBuildPhase;
			buildActionMask = 2147483647;
			files = (
				E9EC341B200524CA00C0E546 /* Roboto_300_normal.ttf in Resources */,
				E913C8FC1FFFA51D001A83F7 /* LaunchScreen.storyboard in Resources */,
				E9B6CC48201753D000486EA1 /* Header.xib in Resources */,
				E9E7CDBC2003AAA700DFC4DB /* RoundAvatarTableViewCell.xib in Resources */,
				E95F85C8200A9B070070534A /* ChatTableViewCell.xib in Resources */,
				E913C8F91FFFA51D001A83F7 /* Assets.xcassets in Resources */,
				E9EC341F200524CA00C0E546 /* Roboto_700_normal.ttf in Resources */,
				E9B6CC52201763FE00486EA1 /* ButtonTableViewCell.xib in Resources */,
				E919479E20001048001362F8 /* Login.storyboard in Resources */,
				E9C51EED2011416E00385EB7 /* adamant-core.js in Resources */,
				E9E7CDC82003F6D200DFC4DB /* TransactionTableViewCell.xib in Resources */,
				E9EC3417200524CA00C0E546 /* Exo+2_400_italic.ttf in Resources */,
				E9EC341E200524CA00C0E546 /* Roboto_500_normal.ttf in Resources */,
				E9EC3419200524CA00C0E546 /* Exo+2_500_normal.ttf in Resources */,
				E9EC3416200524CA00C0E546 /* Exo+2_300_normal.ttf in Resources */,
				E982F69A20235B1300566AC7 /* Settings.storyboard in Resources */,
				E9EC341C200524CA00C0E546 /* Roboto_400_italic.ttf in Resources */,
				E9B6CC60201793D800486EA1 /* MultilineLableTableViewCell.xib in Resources */,
				E9B6CC5620176F3300486EA1 /* TextViewTableViewCell.xib in Resources */,
				E9EC3415200524CA00C0E546 /* Exo+2_100_normal.ttf in Resources */,
				E9EC341A200524CA00C0E546 /* Exo+2_700_normal.ttf in Resources */,
				E913C8F71FFFA51D001A83F7 /* Main.storyboard in Resources */,
				E9EC341D200524CA00C0E546 /* Roboto_400_normal.ttf in Resources */,
				E95F857D2008C8CB0070534A /* Chats.storyboard in Resources */,
				E9EC3418200524CA00C0E546 /* Exo+2_400_normal.ttf in Resources */,
				E93580D9201607DA0057FC2E /* knownContacts.json in Resources */,
				E9E7CDA72002AECA00DFC4DB /* Account.storyboard in Resources */,
			);
			runOnlyForDeploymentPostprocessing = 0;
		};
		E9EC344220066D4A00C0E546 /* Resources */ = {
			isa = PBXResourcesBuildPhase;
			buildActionMask = 2147483647;
			files = (
				E95F85C0200A51BB0070534A /* Account.json in Resources */,
				E95F85C2200A53E90070534A /* NormalizedTransaction.json in Resources */,
				E95F85BE200A503A0070534A /* TransactionChat.json in Resources */,
				E95F85C4200A540B0070534A /* Chat.json in Resources */,
				E95F85BA200A4DC90070534A /* TransactionSend.json in Resources */,
			);
			runOnlyForDeploymentPostprocessing = 0;
		};
/* End PBXResourcesBuildPhase section */

/* Begin PBXShellScriptBuildPhase section */
		1C93FABD2FEB3E73F76872C8 /* [CP] Embed Pods Frameworks */ = {
			isa = PBXShellScriptBuildPhase;
			buildActionMask = 2147483647;
			files = (
			);
			inputPaths = (
				"${SRCROOT}/Pods/Target Support Files/Pods-Adamant/Pods-Adamant-frameworks.sh",
				"${BUILT_PRODUCTS_DIR}/Alamofire/Alamofire.framework",
				"${BUILT_PRODUCTS_DIR}/Eureka/Eureka.framework",
				"${BUILT_PRODUCTS_DIR}/FTIndicator/FTIndicator.framework",
				"${BUILT_PRODUCTS_DIR}/FreakingSimpleRoundImageView/FreakingSimpleRoundImageView.framework",
				"${BUILT_PRODUCTS_DIR}/GrowingTextView/GrowingTextView.framework",
				"${BUILT_PRODUCTS_DIR}/MessageKit/MessageKit.framework",
				"${BUILT_PRODUCTS_DIR}/Swinject/Swinject.framework",
				"${BUILT_PRODUCTS_DIR}/SwinjectStoryboard/SwinjectStoryboard.framework",
				"${BUILT_PRODUCTS_DIR}/TableKit/TableKit.framework",
			);
			name = "[CP] Embed Pods Frameworks";
			outputPaths = (
				"${TARGET_BUILD_DIR}/${FRAMEWORKS_FOLDER_PATH}/Alamofire.framework",
				"${TARGET_BUILD_DIR}/${FRAMEWORKS_FOLDER_PATH}/Eureka.framework",
				"${TARGET_BUILD_DIR}/${FRAMEWORKS_FOLDER_PATH}/FTIndicator.framework",
				"${TARGET_BUILD_DIR}/${FRAMEWORKS_FOLDER_PATH}/FreakingSimpleRoundImageView.framework",
				"${TARGET_BUILD_DIR}/${FRAMEWORKS_FOLDER_PATH}/GrowingTextView.framework",
				"${TARGET_BUILD_DIR}/${FRAMEWORKS_FOLDER_PATH}/MessageKit.framework",
				"${TARGET_BUILD_DIR}/${FRAMEWORKS_FOLDER_PATH}/Swinject.framework",
				"${TARGET_BUILD_DIR}/${FRAMEWORKS_FOLDER_PATH}/SwinjectStoryboard.framework",
				"${TARGET_BUILD_DIR}/${FRAMEWORKS_FOLDER_PATH}/TableKit.framework",
			);
			runOnlyForDeploymentPostprocessing = 0;
			shellPath = /bin/sh;
			shellScript = "\"${SRCROOT}/Pods/Target Support Files/Pods-Adamant/Pods-Adamant-frameworks.sh\"\n";
			showEnvVarsInLog = 0;
		};
		9103110972E84A36FC64A689 /* [CP] Copy Pods Resources */ = {
			isa = PBXShellScriptBuildPhase;
			buildActionMask = 2147483647;
			files = (
			);
			inputPaths = (
			);
			name = "[CP] Copy Pods Resources";
			outputPaths = (
			);
			runOnlyForDeploymentPostprocessing = 0;
			shellPath = /bin/sh;
			shellScript = "\"${SRCROOT}/Pods/Target Support Files/Pods-Adamant/Pods-Adamant-resources.sh\"\n";
			showEnvVarsInLog = 0;
		};
		E40A2E5936758D20792675C8 /* [CP] Check Pods Manifest.lock */ = {
			isa = PBXShellScriptBuildPhase;
			buildActionMask = 2147483647;
			files = (
			);
			inputPaths = (
				"${PODS_PODFILE_DIR_PATH}/Podfile.lock",
				"${PODS_ROOT}/Manifest.lock",
			);
			name = "[CP] Check Pods Manifest.lock";
			outputPaths = (
				"$(DERIVED_FILE_DIR)/Pods-Adamant-checkManifestLockResult.txt",
			);
			runOnlyForDeploymentPostprocessing = 0;
			shellPath = /bin/sh;
			shellScript = "diff \"${PODS_PODFILE_DIR_PATH}/Podfile.lock\" \"${PODS_ROOT}/Manifest.lock\" > /dev/null\nif [ $? != 0 ] ; then\n    # print error to STDERR\n    echo \"error: The sandbox is not in sync with the Podfile.lock. Run 'pod install' or update your CocoaPods installation.\" >&2\n    exit 1\nfi\n# This output is used by Xcode 'outputs' to avoid re-running this script phase.\necho \"SUCCESS\" > \"${SCRIPT_OUTPUT_FILE_0}\"\n";
			showEnvVarsInLog = 0;
		};
/* End PBXShellScriptBuildPhase section */

/* Begin PBXSourcesBuildPhase section */
		E913C8EA1FFFA51D001A83F7 /* Sources */ = {
			isa = PBXSourcesBuildPhase;
			buildActionMask = 2147483647;
			files = (
				E9CAE8D22018AA7700345E76 /* AdamantApi+Accounts.swift in Sources */,
				E9E7CD8F20026CD300DFC4DB /* AdamantDialogService.swift in Sources */,
				E9CAE8DA2018ACD300345E76 /* AdamantApi+Chats.swift in Sources */,
				E91947B020002393001362F8 /* AdamantApiService.swift in Sources */,
				E95F85AD200952AF0070534A /* ChatTransaction+CoreDataClass.swift in Sources */,
				E9E7CD8D20026B6600DFC4DB /* DialogService.swift in Sources */,
				E9E7CDB72003994E00DFC4DB /* AdamantUtilities.swift in Sources */,
				E9E7CD9120026FA100DFC4DB /* SwinjectDependencies.swift in Sources */,
				E9B6CC5F201793D800486EA1 /* MultilineLableTableViewCell.swift in Sources */,
				E9E7CD8B20026B0600DFC4DB /* AccountService.swift in Sources */,
				E95F85C7200A9B070070534A /* ChatTableViewCell.swift in Sources */,
				E93580DB20160BC10057FC2E /* ContactsService.swift in Sources */,
				E9C51ECB200E2AA100385EB7 /* FeeCalculator.swift in Sources */,
				E9E7CD932002740500DFC4DB /* AdamantAccountService.swift in Sources */,
				E982F69C20235B4D00566AC7 /* SettingsTableViewController.swift in Sources */,
				E95F85B3200954D00070534A /* ChatModels.xcdatamodeld in Sources */,
				E95F858E20093F940070534A /* ChatDataProvider.swift in Sources */,
				E95F858B200931410070534A /* TransactionAsset.swift in Sources */,
				E9E7CDAC2002AFA500DFC4DB /* AccountViewController.swift in Sources */,
				E95F85812008C8D70070534A /* ChatsDependencies.swift in Sources */,
				E91947B420002809001362F8 /* Account.swift in Sources */,
				E9E7CDC22003F5A400DFC4DB /* TransactionsViewController.swift in Sources */,
				E9E7CDA92002AF1E00DFC4DB /* AccountDependencies.swift in Sources */,
				E9B6CC51201763FE00486EA1 /* ButtonTableViewCell.swift in Sources */,
				E9E7CDB52002BA6900DFC4DB /* SwinjectedRouter.swift in Sources */,
				E95F85872008FDBF0070534A /* Chat.swift in Sources */,
				E95F856F2007B61D0070534A /* GetPublicKeyResponse.swift in Sources */,
				E9E7CDBB2003AAA700DFC4DB /* RoundAvatarTableViewCell.swift in Sources */,
				E9E7CDAF2002B8A100DFC4DB /* Router.swift in Sources */,
				E9E7CDC72003F6D200DFC4DB /* TransactionTableViewCell.swift in Sources */,
				E9C51ECD200E2BF900385EB7 /* HardFeeCalculator.swift in Sources */,
				E9E7CDB32002B9FB00DFC4DB /* LoginRoutes.swift in Sources */,
				E95F85B0200952AF0070534A /* Chatroom+CoreDataProperties.swift in Sources */,
				E91947B22000246A001362F8 /* AdamantError.swift in Sources */,
				E95F85802008C8D70070534A /* ChatsRoutes.swift in Sources */,
				E95F85AF200952AF0070534A /* Chatroom+CoreDataClass.swift in Sources */,
				E93EFE13200D1156000BB482 /* ChatViewController.swift in Sources */,
				E9E7CDC02003AF6D00DFC4DB /* AdamantCellFactory.swift in Sources */,
				E9CAE8D42018AC1800345E76 /* AdamantApi+Keys.swift in Sources */,
				E9C51EEF20139DC600385EB7 /* ProcessTransactionResponse.swift in Sources */,
				E9B6CC5520176F3300486EA1 /* TextViewTableViewCell.swift in Sources */,
				E913C8F21FFFA51D001A83F7 /* AppDelegate.swift in Sources */,
				E9E7CDCA20040CC200DFC4DB /* Transaction.swift in Sources */,
				E95F85692006AB9D0070534A /* NormalizedTransaction.swift in Sources */,
				E913C90D1FFFA99B001A83F7 /* Keypair.swift in Sources */,
				E948E03B20235E2300975D6B /* SettingsRoutes.swift in Sources */,
				E9CAE8D82018ACA700345E76 /* AdamantApi+Transfers.swift in Sources */,
				E9E7CD952002812400DFC4DB /* LoginDependencies.swift in Sources */,
				E9E7CDCC20040FDC00DFC4DB /* TransactionType.swift in Sources */,
				E95F85852008CB3A0070534A /* ChatsListViewController.swift in Sources */,
				E919479C2000102E001362F8 /* LoginViewController.swift in Sources */,
				E91947AC20001A9A001362F8 /* ApiService.swift in Sources */,
				E95F857A2007F0260070534A /* ServerResponse.swift in Sources */,
				E9E7CDBE2003AEFB00DFC4DB /* CellFactory.swift in Sources */,
				E9CAE8D62018AC5300345E76 /* AdamantApi+Transactions.swift in Sources */,
				E9C51EF12013F18000385EB7 /* NewChatViewController.swift in Sources */,
				E913C9171FFFAF76001A83F7 /* JSAdamantCore.swift in Sources */,
				E95F856520067A030070534A /* GlobalConstants.swift in Sources */,
				E95F859120093FB30070534A /* CoreDataChatProvider.swift in Sources */,
				E95F85AE200952AF0070534A /* ChatTransaction+CoreDataProperties.swift in Sources */,
				E95F8589200900B10070534A /* ChatType.swift in Sources */,
				E913C9081FFFA943001A83F7 /* AdamantCore.swift in Sources */,
				E9EC342120052ABB00C0E546 /* TransferViewController.swift in Sources */,
				E9EC34142005178500C0E546 /* TransactionDetailsViewController.swift in Sources */,
				E93580DD20160BD30057FC2E /* KnownContactsService.swift in Sources */,
				E9E7CDB12002B97B00DFC4DB /* AccountRoutes.swift in Sources */,
				E95F856B200789450070534A /* JSModels.swift in Sources */,
			);
			runOnlyForDeploymentPostprocessing = 0;
		};
		E9EC344020066D4A00C0E546 /* Sources */ = {
			isa = PBXSourcesBuildPhase;
			buildActionMask = 2147483647;
			files = (
				E9C51ECF200E2D1100385EB7 /* HardFeeCalculatorTests.swift in Sources */,
				E9EC344720066D4A00C0E546 /* AddressValidationTests.swift in Sources */,
				E95F85B7200A4D8F0070534A /* TestTools.swift in Sources */,
				E95F85BC200A4E670070534A /* ParsingModelsTests.swift in Sources */,
				E95F85752007E4790070534A /* HexAndBytesUtilitiesTest.swift in Sources */,
				E95F85772007E8EC0070534A /* JSAdamantCoreTests.swift in Sources */,
				E95F85712007D98D0070534A /* CurrencyFormatterTests.swift in Sources */,
			);
			runOnlyForDeploymentPostprocessing = 0;
		};
/* End PBXSourcesBuildPhase section */

/* Begin PBXTargetDependency section */
		E9EC344A20066D4A00C0E546 /* PBXTargetDependency */ = {
			isa = PBXTargetDependency;
			target = E913C8ED1FFFA51D001A83F7 /* Adamant */;
			targetProxy = E9EC344920066D4A00C0E546 /* PBXContainerItemProxy */;
		};
/* End PBXTargetDependency section */

/* Begin PBXVariantGroup section */
		E913C8F51FFFA51D001A83F7 /* Main.storyboard */ = {
			isa = PBXVariantGroup;
			children = (
				E913C8F61FFFA51D001A83F7 /* Base */,
			);
			name = Main.storyboard;
			sourceTree = "<group>";
		};
		E913C8FA1FFFA51D001A83F7 /* LaunchScreen.storyboard */ = {
			isa = PBXVariantGroup;
			children = (
				E913C8FB1FFFA51D001A83F7 /* Base */,
			);
			name = LaunchScreen.storyboard;
			sourceTree = "<group>";
		};
/* End PBXVariantGroup section */

/* Begin XCBuildConfiguration section */
		E913C8FE1FFFA51E001A83F7 /* Debug */ = {
			isa = XCBuildConfiguration;
			buildSettings = {
				ALWAYS_SEARCH_USER_PATHS = NO;
				CLANG_ANALYZER_NONNULL = YES;
				CLANG_ANALYZER_NUMBER_OBJECT_CONVERSION = YES_AGGRESSIVE;
				CLANG_CXX_LANGUAGE_STANDARD = "gnu++14";
				CLANG_CXX_LIBRARY = "libc++";
				CLANG_ENABLE_MODULES = YES;
				CLANG_ENABLE_OBJC_ARC = YES;
				CLANG_WARN_BLOCK_CAPTURE_AUTORELEASING = YES;
				CLANG_WARN_BOOL_CONVERSION = YES;
				CLANG_WARN_COMMA = YES;
				CLANG_WARN_CONSTANT_CONVERSION = YES;
				CLANG_WARN_DIRECT_OBJC_ISA_USAGE = YES_ERROR;
				CLANG_WARN_DOCUMENTATION_COMMENTS = YES;
				CLANG_WARN_EMPTY_BODY = YES;
				CLANG_WARN_ENUM_CONVERSION = YES;
				CLANG_WARN_INFINITE_RECURSION = YES;
				CLANG_WARN_INT_CONVERSION = YES;
				CLANG_WARN_NON_LITERAL_NULL_CONVERSION = YES;
				CLANG_WARN_OBJC_LITERAL_CONVERSION = YES;
				CLANG_WARN_OBJC_ROOT_CLASS = YES_ERROR;
				CLANG_WARN_RANGE_LOOP_ANALYSIS = YES;
				CLANG_WARN_STRICT_PROTOTYPES = YES;
				CLANG_WARN_SUSPICIOUS_MOVE = YES;
				CLANG_WARN_UNGUARDED_AVAILABILITY = YES_AGGRESSIVE;
				CLANG_WARN_UNREACHABLE_CODE = YES;
				CLANG_WARN__DUPLICATE_METHOD_MATCH = YES;
				CODE_SIGN_IDENTITY = "iPhone Developer";
				COPY_PHASE_STRIP = NO;
				DEBUG_INFORMATION_FORMAT = dwarf;
				ENABLE_STRICT_OBJC_MSGSEND = YES;
				ENABLE_TESTABILITY = YES;
				GCC_C_LANGUAGE_STANDARD = gnu11;
				GCC_DYNAMIC_NO_PIC = NO;
				GCC_NO_COMMON_BLOCKS = YES;
				GCC_OPTIMIZATION_LEVEL = 0;
				GCC_PREPROCESSOR_DEFINITIONS = (
					"DEBUG=1",
					"$(inherited)",
				);
				GCC_WARN_64_TO_32_BIT_CONVERSION = YES;
				GCC_WARN_ABOUT_RETURN_TYPE = YES_ERROR;
				GCC_WARN_UNDECLARED_SELECTOR = YES;
				GCC_WARN_UNINITIALIZED_AUTOS = YES_AGGRESSIVE;
				GCC_WARN_UNUSED_FUNCTION = YES;
				GCC_WARN_UNUSED_VARIABLE = YES;
				IPHONEOS_DEPLOYMENT_TARGET = 11.2;
				MTL_ENABLE_DEBUG_INFO = YES;
				ONLY_ACTIVE_ARCH = YES;
				PRODUCT_NAME = ADAMANT;
				SDKROOT = iphoneos;
				SWIFT_ACTIVE_COMPILATION_CONDITIONS = DEBUG;
				SWIFT_OPTIMIZATION_LEVEL = "-Onone";
			};
			name = Debug;
		};
		E913C8FF1FFFA51E001A83F7 /* Release */ = {
			isa = XCBuildConfiguration;
			buildSettings = {
				ALWAYS_SEARCH_USER_PATHS = NO;
				CLANG_ANALYZER_NONNULL = YES;
				CLANG_ANALYZER_NUMBER_OBJECT_CONVERSION = YES_AGGRESSIVE;
				CLANG_CXX_LANGUAGE_STANDARD = "gnu++14";
				CLANG_CXX_LIBRARY = "libc++";
				CLANG_ENABLE_MODULES = YES;
				CLANG_ENABLE_OBJC_ARC = YES;
				CLANG_WARN_BLOCK_CAPTURE_AUTORELEASING = YES;
				CLANG_WARN_BOOL_CONVERSION = YES;
				CLANG_WARN_COMMA = YES;
				CLANG_WARN_CONSTANT_CONVERSION = YES;
				CLANG_WARN_DIRECT_OBJC_ISA_USAGE = YES_ERROR;
				CLANG_WARN_DOCUMENTATION_COMMENTS = YES;
				CLANG_WARN_EMPTY_BODY = YES;
				CLANG_WARN_ENUM_CONVERSION = YES;
				CLANG_WARN_INFINITE_RECURSION = YES;
				CLANG_WARN_INT_CONVERSION = YES;
				CLANG_WARN_NON_LITERAL_NULL_CONVERSION = YES;
				CLANG_WARN_OBJC_LITERAL_CONVERSION = YES;
				CLANG_WARN_OBJC_ROOT_CLASS = YES_ERROR;
				CLANG_WARN_RANGE_LOOP_ANALYSIS = YES;
				CLANG_WARN_STRICT_PROTOTYPES = YES;
				CLANG_WARN_SUSPICIOUS_MOVE = YES;
				CLANG_WARN_UNGUARDED_AVAILABILITY = YES_AGGRESSIVE;
				CLANG_WARN_UNREACHABLE_CODE = YES;
				CLANG_WARN__DUPLICATE_METHOD_MATCH = YES;
				CODE_SIGN_IDENTITY = "iPhone Developer";
				COPY_PHASE_STRIP = NO;
				DEBUG_INFORMATION_FORMAT = "dwarf-with-dsym";
				ENABLE_NS_ASSERTIONS = NO;
				ENABLE_STRICT_OBJC_MSGSEND = YES;
				GCC_C_LANGUAGE_STANDARD = gnu11;
				GCC_NO_COMMON_BLOCKS = YES;
				GCC_WARN_64_TO_32_BIT_CONVERSION = YES;
				GCC_WARN_ABOUT_RETURN_TYPE = YES_ERROR;
				GCC_WARN_UNDECLARED_SELECTOR = YES;
				GCC_WARN_UNINITIALIZED_AUTOS = YES_AGGRESSIVE;
				GCC_WARN_UNUSED_FUNCTION = YES;
				GCC_WARN_UNUSED_VARIABLE = YES;
				IPHONEOS_DEPLOYMENT_TARGET = 11.2;
				MTL_ENABLE_DEBUG_INFO = NO;
				PRODUCT_NAME = ADAMANT;
				SDKROOT = iphoneos;
				SWIFT_OPTIMIZATION_LEVEL = "-Owholemodule";
				VALIDATE_PRODUCT = YES;
			};
			name = Release;
		};
		E913C9011FFFA51E001A83F7 /* Debug */ = {
			isa = XCBuildConfiguration;
			baseConfigurationReference = 871009461457F6B7B47D99C5 /* Pods-Adamant.debug.xcconfig */;
			buildSettings = {
				ASSETCATALOG_COMPILER_APPICON_NAME = AppIcon_2;
				CODE_SIGN_STYLE = Manual;
				DEVELOPMENT_TEAM = J2L77FMN46;
				DISPLAY_NAME = ADM.Dev;
				INFOPLIST_FILE = Adamant/Info.plist;
				LD_RUNPATH_SEARCH_PATHS = "$(inherited) @executable_path/Frameworks";
				PRODUCT_BUNDLE_IDENTIFIER = "im.adamant.adamant-messenger-dev";
				PRODUCT_NAME = "$(TARGET_NAME)";
				PROVISIONING_PROFILE = "b540bdd6-d05a-4a21-a403-7a8c6a15d4fc";
				PROVISIONING_PROFILE_SPECIFIER = "ADAMANT Dev";
				SWIFT_VERSION = 4.0;
				TARGETED_DEVICE_FAMILY = 1;
			};
			name = Debug;
		};
		E913C9021FFFA51E001A83F7 /* Release */ = {
			isa = XCBuildConfiguration;
			baseConfigurationReference = D283570A539D864115735AAA /* Pods-Adamant.release.xcconfig */;
			buildSettings = {
				ASSETCATALOG_COMPILER_APPICON_NAME = AppIcon_2;
				CODE_SIGN_IDENTITY = "iPhone Distribution";
				"CODE_SIGN_IDENTITY[sdk=iphoneos*]" = "iPhone Distribution";
				CODE_SIGN_STYLE = Manual;
				DEVELOPMENT_TEAM = J2L77FMN46;
				DISPLAY_NAME = ADAMANT;
				INFOPLIST_FILE = Adamant/Info.plist;
				LD_RUNPATH_SEARCH_PATHS = "$(inherited) @executable_path/Frameworks";
				PRODUCT_BUNDLE_IDENTIFIER = "im.adamant.adamant-messenger";
				PRODUCT_NAME = "$(TARGET_NAME)";
				PROVISIONING_PROFILE = "c6343978-a18d-4ab8-b4fd-647a98e84a1b";
				PROVISIONING_PROFILE_SPECIFIER = "ADAMANT Messenger";
				SWIFT_VERSION = 4.0;
				TARGETED_DEVICE_FAMILY = 1;
			};
			name = Release;
		};
		E9722062201E654D004F2AAD /* Testing */ = {
			isa = XCBuildConfiguration;
			buildSettings = {
				ALWAYS_SEARCH_USER_PATHS = NO;
				CLANG_ANALYZER_NONNULL = YES;
				CLANG_ANALYZER_NUMBER_OBJECT_CONVERSION = YES_AGGRESSIVE;
				CLANG_CXX_LANGUAGE_STANDARD = "gnu++14";
				CLANG_CXX_LIBRARY = "libc++";
				CLANG_ENABLE_MODULES = YES;
				CLANG_ENABLE_OBJC_ARC = YES;
				CLANG_WARN_BLOCK_CAPTURE_AUTORELEASING = YES;
				CLANG_WARN_BOOL_CONVERSION = YES;
				CLANG_WARN_COMMA = YES;
				CLANG_WARN_CONSTANT_CONVERSION = YES;
				CLANG_WARN_DIRECT_OBJC_ISA_USAGE = YES_ERROR;
				CLANG_WARN_DOCUMENTATION_COMMENTS = YES;
				CLANG_WARN_EMPTY_BODY = YES;
				CLANG_WARN_ENUM_CONVERSION = YES;
				CLANG_WARN_INFINITE_RECURSION = YES;
				CLANG_WARN_INT_CONVERSION = YES;
				CLANG_WARN_NON_LITERAL_NULL_CONVERSION = YES;
				CLANG_WARN_OBJC_LITERAL_CONVERSION = YES;
				CLANG_WARN_OBJC_ROOT_CLASS = YES_ERROR;
				CLANG_WARN_RANGE_LOOP_ANALYSIS = YES;
				CLANG_WARN_STRICT_PROTOTYPES = YES;
				CLANG_WARN_SUSPICIOUS_MOVE = YES;
				CLANG_WARN_UNGUARDED_AVAILABILITY = YES_AGGRESSIVE;
				CLANG_WARN_UNREACHABLE_CODE = YES;
				CLANG_WARN__DUPLICATE_METHOD_MATCH = YES;
				CODE_SIGN_IDENTITY = "iPhone Developer";
				COPY_PHASE_STRIP = NO;
				DEBUG_INFORMATION_FORMAT = dwarf;
				ENABLE_STRICT_OBJC_MSGSEND = YES;
				ENABLE_TESTABILITY = YES;
				GCC_C_LANGUAGE_STANDARD = gnu11;
				GCC_DYNAMIC_NO_PIC = NO;
				GCC_NO_COMMON_BLOCKS = YES;
				GCC_OPTIMIZATION_LEVEL = 0;
				GCC_PREPROCESSOR_DEFINITIONS = (
					"DEBUG=1",
					"$(inherited)",
				);
				GCC_WARN_64_TO_32_BIT_CONVERSION = YES;
				GCC_WARN_ABOUT_RETURN_TYPE = YES_ERROR;
				GCC_WARN_UNDECLARED_SELECTOR = YES;
				GCC_WARN_UNINITIALIZED_AUTOS = YES_AGGRESSIVE;
				GCC_WARN_UNUSED_FUNCTION = YES;
				GCC_WARN_UNUSED_VARIABLE = YES;
				IPHONEOS_DEPLOYMENT_TARGET = 11.2;
				MTL_ENABLE_DEBUG_INFO = YES;
				ONLY_ACTIVE_ARCH = YES;
				PRODUCT_NAME = ADAMANT;
				SDKROOT = iphoneos;
				SWIFT_ACTIVE_COMPILATION_CONDITIONS = DEBUG;
				SWIFT_OPTIMIZATION_LEVEL = "-Onone";
			};
			name = Testing;
		};
		E9722063201E654D004F2AAD /* Testing */ = {
			isa = XCBuildConfiguration;
			baseConfigurationReference = 903AC078A8A55175A05E42D4 /* Pods-Adamant.testing.xcconfig */;
			buildSettings = {
				ASSETCATALOG_COMPILER_APPICON_NAME = AppIcon_2;
				CODE_SIGN_STYLE = Manual;
				DEVELOPMENT_TEAM = J2L77FMN46;
				DISPLAY_NAME = ADAMANT;
				INFOPLIST_FILE = Adamant/Info.plist;
				LD_RUNPATH_SEARCH_PATHS = "$(inherited) @executable_path/Frameworks";
				PRODUCT_BUNDLE_IDENTIFIER = "im.adamant.adamant-messenger-qa";
				PRODUCT_NAME = "$(TARGET_NAME)";
				PROVISIONING_PROFILE = "79394ceb-6016-46b9-8b60-1927d7bd227a";
				PROVISIONING_PROFILE_SPECIFIER = "ADAMANT QA Dev";
				SWIFT_VERSION = 4.0;
				TARGETED_DEVICE_FAMILY = 1;
			};
			name = Testing;
		};
		E9722064201E654D004F2AAD /* Testing */ = {
			isa = XCBuildConfiguration;
			buildSettings = {
				BUNDLE_LOADER = "$(TEST_HOST)";
				"CODE_SIGN_IDENTITY[sdk=iphoneos*]" = "iPhone Developer";
				CODE_SIGN_STYLE = Automatic;
				DEVELOPMENT_TEAM = J2L77FMN46;
				INFOPLIST_FILE = AdamantTests/Info.plist;
				LD_RUNPATH_SEARCH_PATHS = "$(inherited) @executable_path/Frameworks @loader_path/Frameworks";
				PRODUCT_BUNDLE_IDENTIFIER = im.adamant.AdamantTests;
				PRODUCT_NAME = "$(TARGET_NAME)";
				PROVISIONING_PROFILE_SPECIFIER = "";
				SWIFT_VERSION = 4.0;
				TARGETED_DEVICE_FAMILY = "1,2";
				TEST_HOST = "$(BUILT_PRODUCTS_DIR)/Adamant.app/Adamant";
			};
			name = Testing;
		};
		E9EC344C20066D4A00C0E546 /* Debug */ = {
			isa = XCBuildConfiguration;
			buildSettings = {
				BUNDLE_LOADER = "$(TEST_HOST)";
				"CODE_SIGN_IDENTITY[sdk=iphoneos*]" = "iPhone Developer";
				CODE_SIGN_STYLE = Automatic;
				DEVELOPMENT_TEAM = J2L77FMN46;
				INFOPLIST_FILE = AdamantTests/Info.plist;
				LD_RUNPATH_SEARCH_PATHS = "$(inherited) @executable_path/Frameworks @loader_path/Frameworks";
				PRODUCT_BUNDLE_IDENTIFIER = im.adamant.AdamantTests;
				PRODUCT_NAME = "$(TARGET_NAME)";
				PROVISIONING_PROFILE_SPECIFIER = "";
				SWIFT_VERSION = 4.0;
				TARGETED_DEVICE_FAMILY = "1,2";
				TEST_HOST = "$(BUILT_PRODUCTS_DIR)/Adamant.app/Adamant";
			};
			name = Debug;
		};
		E9EC344D20066D4A00C0E546 /* Release */ = {
			isa = XCBuildConfiguration;
			buildSettings = {
				BUNDLE_LOADER = "$(TEST_HOST)";
				"CODE_SIGN_IDENTITY[sdk=iphoneos*]" = "iPhone Developer";
				CODE_SIGN_STYLE = Automatic;
				DEVELOPMENT_TEAM = J2L77FMN46;
				INFOPLIST_FILE = AdamantTests/Info.plist;
				LD_RUNPATH_SEARCH_PATHS = "$(inherited) @executable_path/Frameworks @loader_path/Frameworks";
				PRODUCT_BUNDLE_IDENTIFIER = im.adamant.AdamantTests;
				PRODUCT_NAME = "$(TARGET_NAME)";
				PROVISIONING_PROFILE_SPECIFIER = "";
				SWIFT_VERSION = 4.0;
				TARGETED_DEVICE_FAMILY = "1,2";
				TEST_HOST = "$(BUILT_PRODUCTS_DIR)/Adamant.app/Adamant";
			};
			name = Release;
		};
/* End XCBuildConfiguration section */

/* Begin XCConfigurationList section */
		E913C8E91FFFA51D001A83F7 /* Build configuration list for PBXProject "Adamant" */ = {
			isa = XCConfigurationList;
			buildConfigurations = (
				E913C8FE1FFFA51E001A83F7 /* Debug */,
				E9722062201E654D004F2AAD /* Testing */,
				E913C8FF1FFFA51E001A83F7 /* Release */,
			);
			defaultConfigurationIsVisible = 0;
			defaultConfigurationName = Release;
		};
		E913C9001FFFA51E001A83F7 /* Build configuration list for PBXNativeTarget "Adamant" */ = {
			isa = XCConfigurationList;
			buildConfigurations = (
				E913C9011FFFA51E001A83F7 /* Debug */,
				E9722063201E654D004F2AAD /* Testing */,
				E913C9021FFFA51E001A83F7 /* Release */,
			);
			defaultConfigurationIsVisible = 0;
			defaultConfigurationName = Release;
		};
		E9EC344B20066D4A00C0E546 /* Build configuration list for PBXNativeTarget "AdamantTests" */ = {
			isa = XCConfigurationList;
			buildConfigurations = (
				E9EC344C20066D4A00C0E546 /* Debug */,
				E9722064201E654D004F2AAD /* Testing */,
				E9EC344D20066D4A00C0E546 /* Release */,
			);
			defaultConfigurationIsVisible = 0;
			defaultConfigurationName = Release;
		};
/* End XCConfigurationList section */

/* Begin XCVersionGroup section */
		E95F85B1200954D00070534A /* ChatModels.xcdatamodeld */ = {
			isa = XCVersionGroup;
			children = (
				E95F85B2200954D00070534A /* ChatModels.xcdatamodel */,
			);
			currentVersion = E95F85B2200954D00070534A /* ChatModels.xcdatamodel */;
			path = ChatModels.xcdatamodeld;
			sourceTree = "<group>";
			versionGroupType = wrapper.xcdatamodel;
		};
/* End XCVersionGroup section */
	};
	rootObject = E913C8E61FFFA51D001A83F7 /* Project object */;
}
